
Microsoft Visual Studio Solution File, Format Version 12.00
# Visual Studio Version 17
VisualStudioVersion = 17.7.34221.43
MinimumVisualStudioVersion = 10.0.40219.1
Project("{8BC9CEB8-8B4A-11D0-8D11-00A0C91BC942}") = "Bai001", "Bai001\Bai001.vcxproj", "{906C9785-43ED-4907-BBCC-1C6A5B89175E}"
EndProject
Project("{8BC9CEB8-8B4A-11D0-8D11-00A0C91BC942}") = "Bai036", "Bai036\Bai036.vcxproj", "{3CBA219B-6DE1-495D-ABED-B6A60D27ADA5}"
EndProject
Project("{8BC9CEB8-8B4A-11D0-8D11-00A0C91BC942}") = "Bai037", "Bai037\Bai037.vcxproj", "{BF4B9C92-6070-4C7E-9E29-F959C66E6614}"
EndProject
Project("{8BC9CEB8-8B4A-11D0-8D11-00A0C91BC942}") = "Bai038", "Bai038\Bai038.vcxproj", "{ACD5EE0C-A80D-4173-A274-6EDD3326B7BE}"
EndProject
Project("{8BC9CEB8-8B4A-11D0-8D11-00A0C91BC942}") = "Bai039", "Bai039\Bai039.vcxproj", "{552BAEA9-9CFA-4ACA-9543-DA602CDC59C5}"
EndProject
Project("{8BC9CEB8-8B4A-11D0-8D11-00A0C91BC942}") = "Bai040", "Bai040\Bai040.vcxproj", "{5AE2DBE3-C4A6-42E0-8FD2-0A06433FBAEF}"
EndProject
Project("{8BC9CEB8-8B4A-11D0-8D11-00A0C91BC942}") = "Bai041remake", "Bai041remake\Bai041remake.vcxproj", "{EDFF2EA7-5B79-4D19-9511-2B773A3AE0E6}"
EndProject
Project("{8BC9CEB8-8B4A-11D0-8D11-00A0C91BC942}") = "Bai042", "Bai042\Bai042.vcxproj", "{DD4B1533-D62E-48CB-9A25-8F1CDF4C8016}"
EndProject
Project("{8BC9CEB8-8B4A-11D0-8D11-00A0C91BC942}") = "Bai043", "Bai043\Bai043.vcxproj", "{509811E6-6894-475D-B08B-871FF2538D42}"
EndProject
Project("{8BC9CEB8-8B4A-11D0-8D11-00A0C91BC942}") = "Bai044", "Bai044\Bai044.vcxproj", "{FDE69555-6A47-4DB9-A7F7-159F06AFFF07}"
EndProject
Project("{8BC9CEB8-8B4A-11D0-8D11-00A0C91BC942}") = "Bai045", "Bai045\Bai045.vcxproj", "{0F7103EE-155B-4172-8C23-677B548BABD7}"
EndProject
Project("{8BC9CEB8-8B4A-11D0-8D11-00A0C91BC942}") = "Bai046", "Bai046\Bai046.vcxproj", "{7DE5C6EB-758B-4510-AC0A-2113D5749151}"
EndProject
Project("{8BC9CEB8-8B4A-11D0-8D11-00A0C91BC942}") = "Bai048", "Bai048\Bai048.vcxproj", "{191000DB-9DB0-43D8-9EAB-321A943F71A2}"
EndProject
Project("{8BC9CEB8-8B4A-11D0-8D11-00A0C91BC942}") = "Bai047", "Bai047\Bai047.vcxproj", "{8256886C-F3D8-471A-B1DA-A4E462CFDD5E}"
EndProject
Project("{8BC9CEB8-8B4A-11D0-8D11-00A0C91BC942}") = "Bai049", "Bai049\Bai049.vcxproj", "{52CCB210-C8FD-44F3-925F-991797CFC7FB}"
EndProject
Project("{8BC9CEB8-8B4A-11D0-8D11-00A0C91BC942}") = "Bai050", "Bai050\Bai050.vcxproj", "{356B9AE7-E49C-4A00-8335-2AAE309B8C6D}"
EndProject
Project("{8BC9CEB8-8B4A-11D0-8D11-00A0C91BC942}") = "Bai051", "Bai051\Bai051.vcxproj", "{D208CE20-AF22-4567-82F5-F473E05C0F20}"
EndProject
Project("{8BC9CEB8-8B4A-11D0-8D11-00A0C91BC942}") = "Bai052", "Bai052\Bai052.vcxproj", "{B3567F2F-0BB6-4AC4-A6DE-FB09458B6AE7}"
EndProject
Project("{8BC9CEB8-8B4A-11D0-8D11-00A0C91BC942}") = "Bai053", "Bai053\Bai053.vcxproj", "{9E83E136-AC36-407C-BA3B-90FACDEB461A}"
EndProject
Project("{8BC9CEB8-8B4A-11D0-8D11-00A0C91BC942}") = "Bai054", "Bai054\Bai054.vcxproj", "{DB58FAF8-0D0B-49FD-9DBD-A6E6D44AA245}"
EndProject
Project("{8BC9CEB8-8B4A-11D0-8D11-00A0C91BC942}") = "Bai055", "Bai055\Bai055.vcxproj", "{214751C3-3A55-4098-8E0E-6888CB99E0CA}"
EndProject
Project("{8BC9CEB8-8B4A-11D0-8D11-00A0C91BC942}") = "Bai056", "Bai056\Bai056.vcxproj", "{F899D4BE-DD9E-4675-BF3A-B5BE810A67B5}"
EndProject
Project("{8BC9CEB8-8B4A-11D0-8D11-00A0C91BC942}") = "Bai057", "Bai057\Bai057.vcxproj", "{39DDD915-F563-4BDB-A7C0-5A76C96C69F0}"
EndProject
Project("{8BC9CEB8-8B4A-11D0-8D11-00A0C91BC942}") = "Bai058", "Bai058\Bai058.vcxproj", "{DBFA9186-D551-4E1B-97BB-C5727BA6ACA5}"
EndProject
Project("{8BC9CEB8-8B4A-11D0-8D11-00A0C91BC942}") = "Bai059", "Bai059\Bai059.vcxproj", "{1F9149FB-7107-4C0F-BB7A-67383E994226}"
EndProject
Project("{8BC9CEB8-8B4A-11D0-8D11-00A0C91BC942}") = "Bai060", "Bai060\Bai060.vcxproj", "{492B33EF-207C-4DC2-B271-D5DF553E3FB5}"
EndProject
Project("{8BC9CEB8-8B4A-11D0-8D11-00A0C91BC942}") = "Bai061", "Bai061\Bai061.vcxproj", "{7252D06A-F318-4E6E-99F7-4CEF5ED291E4}"
EndProject
Project("{8BC9CEB8-8B4A-11D0-8D11-00A0C91BC942}") = "Bai062", "Bai062\Bai062.vcxproj", "{55ABF4A2-924C-4A20-8FB8-810F5F6817D0}"
EndProject
Project("{8BC9CEB8-8B4A-11D0-8D11-00A0C91BC942}") = "Bai063", "Bai063\Bai063.vcxproj", "{1299BE0D-00E5-4AA2-9E28-BDE71A730C91}"
EndProject
Project("{8BC9CEB8-8B4A-11D0-8D11-00A0C91BC942}") = "Bai064", "Bai064\Bai064.vcxproj", "{808B5B36-2BD9-48ED-B30A-EF46FEEC53A1}"
EndProject
Project("{8BC9CEB8-8B4A-11D0-8D11-00A0C91BC942}") = "Bai065", "Bai065\Bai065.vcxproj", "{8E0F2363-8460-41B4-BE64-9659176EA4B4}"
EndProject
Project("{8BC9CEB8-8B4A-11D0-8D11-00A0C91BC942}") = "Bai066", "Bai066\Bai066.vcxproj", "{7762EE41-36A7-4ECA-8EEB-AAFE928E182C}"
EndProject
Project("{8BC9CEB8-8B4A-11D0-8D11-00A0C91BC942}") = "Bai067", "Bai067\Bai067.vcxproj", "{5CFB1F66-B427-4018-9CF2-935C74469001}"
EndProject
Project("{8BC9CEB8-8B4A-11D0-8D11-00A0C91BC942}") = "Bai068", "Bai068\Bai068.vcxproj", "{EF17BA1F-B4E2-4C8B-A8DD-223425ADC05B}"
EndProject
Project("{8BC9CEB8-8B4A-11D0-8D11-00A0C91BC942}") = "Bai069", "Bai069\Bai069.vcxproj", "{E0A95959-1405-4E66-A485-FE1042EC3AE5}"
EndProject
Project("{8BC9CEB8-8B4A-11D0-8D11-00A0C91BC942}") = "Bai070", "Bai070\Bai070.vcxproj", "{FEBEA16A-7855-420E-AB4F-A16460CA01EA}"
EndProject
Global
	GlobalSection(SolutionConfigurationPlatforms) = preSolution
		Debug|x64 = Debug|x64
		Debug|x86 = Debug|x86
		Release|x64 = Release|x64
		Release|x86 = Release|x86
	EndGlobalSection
	GlobalSection(ProjectConfigurationPlatforms) = postSolution
		{906C9785-43ED-4907-BBCC-1C6A5B89175E}.Debug|x64.ActiveCfg = Debug|x64
		{906C9785-43ED-4907-BBCC-1C6A5B89175E}.Debug|x64.Build.0 = Debug|x64
		{906C9785-43ED-4907-BBCC-1C6A5B89175E}.Debug|x86.ActiveCfg = Debug|Win32
		{906C9785-43ED-4907-BBCC-1C6A5B89175E}.Debug|x86.Build.0 = Debug|Win32
		{906C9785-43ED-4907-BBCC-1C6A5B89175E}.Release|x64.ActiveCfg = Release|x64
		{906C9785-43ED-4907-BBCC-1C6A5B89175E}.Release|x64.Build.0 = Release|x64
		{906C9785-43ED-4907-BBCC-1C6A5B89175E}.Release|x86.ActiveCfg = Release|Win32
		{906C9785-43ED-4907-BBCC-1C6A5B89175E}.Release|x86.Build.0 = Release|Win32
		{3CBA219B-6DE1-495D-ABED-B6A60D27ADA5}.Debug|x64.ActiveCfg = Debug|x64
		{3CBA219B-6DE1-495D-ABED-B6A60D27ADA5}.Debug|x64.Build.0 = Debug|x64
		{3CBA219B-6DE1-495D-ABED-B6A60D27ADA5}.Debug|x86.ActiveCfg = Debug|Win32
		{3CBA219B-6DE1-495D-ABED-B6A60D27ADA5}.Debug|x86.Build.0 = Debug|Win32
		{3CBA219B-6DE1-495D-ABED-B6A60D27ADA5}.Release|x64.ActiveCfg = Release|x64
		{3CBA219B-6DE1-495D-ABED-B6A60D27ADA5}.Release|x64.Build.0 = Release|x64
		{3CBA219B-6DE1-495D-ABED-B6A60D27ADA5}.Release|x86.ActiveCfg = Release|Win32
		{3CBA219B-6DE1-495D-ABED-B6A60D27ADA5}.Release|x86.Build.0 = Release|Win32
		{BF4B9C92-6070-4C7E-9E29-F959C66E6614}.Debug|x64.ActiveCfg = Debug|x64
		{BF4B9C92-6070-4C7E-9E29-F959C66E6614}.Debug|x64.Build.0 = Debug|x64
		{BF4B9C92-6070-4C7E-9E29-F959C66E6614}.Debug|x86.ActiveCfg = Debug|Win32
		{BF4B9C92-6070-4C7E-9E29-F959C66E6614}.Debug|x86.Build.0 = Debug|Win32
		{BF4B9C92-6070-4C7E-9E29-F959C66E6614}.Release|x64.ActiveCfg = Release|x64
		{BF4B9C92-6070-4C7E-9E29-F959C66E6614}.Release|x64.Build.0 = Release|x64
		{BF4B9C92-6070-4C7E-9E29-F959C66E6614}.Release|x86.ActiveCfg = Release|Win32
		{BF4B9C92-6070-4C7E-9E29-F959C66E6614}.Release|x86.Build.0 = Release|Win32
		{ACD5EE0C-A80D-4173-A274-6EDD3326B7BE}.Debug|x64.ActiveCfg = Debug|x64
		{ACD5EE0C-A80D-4173-A274-6EDD3326B7BE}.Debug|x64.Build.0 = Debug|x64
		{ACD5EE0C-A80D-4173-A274-6EDD3326B7BE}.Debug|x86.ActiveCfg = Debug|Win32
		{ACD5EE0C-A80D-4173-A274-6EDD3326B7BE}.Debug|x86.Build.0 = Debug|Win32
		{ACD5EE0C-A80D-4173-A274-6EDD3326B7BE}.Release|x64.ActiveCfg = Release|x64
		{ACD5EE0C-A80D-4173-A274-6EDD3326B7BE}.Release|x64.Build.0 = Release|x64
		{ACD5EE0C-A80D-4173-A274-6EDD3326B7BE}.Release|x86.ActiveCfg = Release|Win32
		{ACD5EE0C-A80D-4173-A274-6EDD3326B7BE}.Release|x86.Build.0 = Release|Win32
		{552BAEA9-9CFA-4ACA-9543-DA602CDC59C5}.Debug|x64.ActiveCfg = Debug|x64
		{552BAEA9-9CFA-4ACA-9543-DA602CDC59C5}.Debug|x64.Build.0 = Debug|x64
		{552BAEA9-9CFA-4ACA-9543-DA602CDC59C5}.Debug|x86.ActiveCfg = Debug|Win32
		{552BAEA9-9CFA-4ACA-9543-DA602CDC59C5}.Debug|x86.Build.0 = Debug|Win32
		{552BAEA9-9CFA-4ACA-9543-DA602CDC59C5}.Release|x64.ActiveCfg = Release|x64
		{552BAEA9-9CFA-4ACA-9543-DA602CDC59C5}.Release|x64.Build.0 = Release|x64
		{552BAEA9-9CFA-4ACA-9543-DA602CDC59C5}.Release|x86.ActiveCfg = Release|Win32
		{552BAEA9-9CFA-4ACA-9543-DA602CDC59C5}.Release|x86.Build.0 = Release|Win32
		{5AE2DBE3-C4A6-42E0-8FD2-0A06433FBAEF}.Debug|x64.ActiveCfg = Debug|x64
		{5AE2DBE3-C4A6-42E0-8FD2-0A06433FBAEF}.Debug|x64.Build.0 = Debug|x64
		{5AE2DBE3-C4A6-42E0-8FD2-0A06433FBAEF}.Debug|x86.ActiveCfg = Debug|Win32
		{5AE2DBE3-C4A6-42E0-8FD2-0A06433FBAEF}.Debug|x86.Build.0 = Debug|Win32
		{5AE2DBE3-C4A6-42E0-8FD2-0A06433FBAEF}.Release|x64.ActiveCfg = Release|x64
		{5AE2DBE3-C4A6-42E0-8FD2-0A06433FBAEF}.Release|x64.Build.0 = Release|x64
		{5AE2DBE3-C4A6-42E0-8FD2-0A06433FBAEF}.Release|x86.ActiveCfg = Release|Win32
		{5AE2DBE3-C4A6-42E0-8FD2-0A06433FBAEF}.Release|x86.Build.0 = Release|Win32
		{EDFF2EA7-5B79-4D19-9511-2B773A3AE0E6}.Debug|x64.ActiveCfg = Debug|x64
		{EDFF2EA7-5B79-4D19-9511-2B773A3AE0E6}.Debug|x64.Build.0 = Debug|x64
		{EDFF2EA7-5B79-4D19-9511-2B773A3AE0E6}.Debug|x86.ActiveCfg = Debug|Win32
		{EDFF2EA7-5B79-4D19-9511-2B773A3AE0E6}.Debug|x86.Build.0 = Debug|Win32
		{EDFF2EA7-5B79-4D19-9511-2B773A3AE0E6}.Release|x64.ActiveCfg = Release|x64
		{EDFF2EA7-5B79-4D19-9511-2B773A3AE0E6}.Release|x64.Build.0 = Release|x64
		{EDFF2EA7-5B79-4D19-9511-2B773A3AE0E6}.Release|x86.ActiveCfg = Release|Win32
		{EDFF2EA7-5B79-4D19-9511-2B773A3AE0E6}.Release|x86.Build.0 = Release|Win32
		{DD4B1533-D62E-48CB-9A25-8F1CDF4C8016}.Debug|x64.ActiveCfg = Debug|x64
		{DD4B1533-D62E-48CB-9A25-8F1CDF4C8016}.Debug|x64.Build.0 = Debug|x64
		{DD4B1533-D62E-48CB-9A25-8F1CDF4C8016}.Debug|x86.ActiveCfg = Debug|Win32
		{DD4B1533-D62E-48CB-9A25-8F1CDF4C8016}.Debug|x86.Build.0 = Debug|Win32
		{DD4B1533-D62E-48CB-9A25-8F1CDF4C8016}.Release|x64.ActiveCfg = Release|x64
		{DD4B1533-D62E-48CB-9A25-8F1CDF4C8016}.Release|x64.Build.0 = Release|x64
		{DD4B1533-D62E-48CB-9A25-8F1CDF4C8016}.Release|x86.ActiveCfg = Release|Win32
		{DD4B1533-D62E-48CB-9A25-8F1CDF4C8016}.Release|x86.Build.0 = Release|Win32
		{509811E6-6894-475D-B08B-871FF2538D42}.Debug|x64.ActiveCfg = Debug|x64
		{509811E6-6894-475D-B08B-871FF2538D42}.Debug|x64.Build.0 = Debug|x64
		{509811E6-6894-475D-B08B-871FF2538D42}.Debug|x86.ActiveCfg = Debug|Win32
		{509811E6-6894-475D-B08B-871FF2538D42}.Debug|x86.Build.0 = Debug|Win32
		{509811E6-6894-475D-B08B-871FF2538D42}.Release|x64.ActiveCfg = Release|x64
		{509811E6-6894-475D-B08B-871FF2538D42}.Release|x64.Build.0 = Release|x64
		{509811E6-6894-475D-B08B-871FF2538D42}.Release|x86.ActiveCfg = Release|Win32
		{509811E6-6894-475D-B08B-871FF2538D42}.Release|x86.Build.0 = Release|Win32
		{FDE69555-6A47-4DB9-A7F7-159F06AFFF07}.Debug|x64.ActiveCfg = Debug|x64
		{FDE69555-6A47-4DB9-A7F7-159F06AFFF07}.Debug|x64.Build.0 = Debug|x64
		{FDE69555-6A47-4DB9-A7F7-159F06AFFF07}.Debug|x86.ActiveCfg = Debug|Win32
		{FDE69555-6A47-4DB9-A7F7-159F06AFFF07}.Debug|x86.Build.0 = Debug|Win32
		{FDE69555-6A47-4DB9-A7F7-159F06AFFF07}.Release|x64.ActiveCfg = Release|x64
		{FDE69555-6A47-4DB9-A7F7-159F06AFFF07}.Release|x64.Build.0 = Release|x64
		{FDE69555-6A47-4DB9-A7F7-159F06AFFF07}.Release|x86.ActiveCfg = Release|Win32
		{FDE69555-6A47-4DB9-A7F7-159F06AFFF07}.Release|x86.Build.0 = Release|Win32
		{0F7103EE-155B-4172-8C23-677B548BABD7}.Debug|x64.ActiveCfg = Debug|x64
		{0F7103EE-155B-4172-8C23-677B548BABD7}.Debug|x64.Build.0 = Debug|x64
		{0F7103EE-155B-4172-8C23-677B548BABD7}.Debug|x86.ActiveCfg = Debug|Win32
		{0F7103EE-155B-4172-8C23-677B548BABD7}.Debug|x86.Build.0 = Debug|Win32
		{0F7103EE-155B-4172-8C23-677B548BABD7}.Release|x64.ActiveCfg = Release|x64
		{0F7103EE-155B-4172-8C23-677B548BABD7}.Release|x64.Build.0 = Release|x64
		{0F7103EE-155B-4172-8C23-677B548BABD7}.Release|x86.ActiveCfg = Release|Win32
		{0F7103EE-155B-4172-8C23-677B548BABD7}.Release|x86.Build.0 = Release|Win32
		{7DE5C6EB-758B-4510-AC0A-2113D5749151}.Debug|x64.ActiveCfg = Debug|x64
		{7DE5C6EB-758B-4510-AC0A-2113D5749151}.Debug|x64.Build.0 = Debug|x64
		{7DE5C6EB-758B-4510-AC0A-2113D5749151}.Debug|x86.ActiveCfg = Debug|Win32
		{7DE5C6EB-758B-4510-AC0A-2113D5749151}.Debug|x86.Build.0 = Debug|Win32
		{7DE5C6EB-758B-4510-AC0A-2113D5749151}.Release|x64.ActiveCfg = Release|x64
		{7DE5C6EB-758B-4510-AC0A-2113D5749151}.Release|x64.Build.0 = Release|x64
		{7DE5C6EB-758B-4510-AC0A-2113D5749151}.Release|x86.ActiveCfg = Release|Win32
		{7DE5C6EB-758B-4510-AC0A-2113D5749151}.Release|x86.Build.0 = Release|Win32
		{191000DB-9DB0-43D8-9EAB-321A943F71A2}.Debug|x64.ActiveCfg = Debug|x64
		{191000DB-9DB0-43D8-9EAB-321A943F71A2}.Debug|x64.Build.0 = Debug|x64
		{191000DB-9DB0-43D8-9EAB-321A943F71A2}.Debug|x86.ActiveCfg = Debug|Win32
		{191000DB-9DB0-43D8-9EAB-321A943F71A2}.Debug|x86.Build.0 = Debug|Win32
		{191000DB-9DB0-43D8-9EAB-321A943F71A2}.Release|x64.ActiveCfg = Release|x64
		{191000DB-9DB0-43D8-9EAB-321A943F71A2}.Release|x64.Build.0 = Release|x64
		{191000DB-9DB0-43D8-9EAB-321A943F71A2}.Release|x86.ActiveCfg = Release|Win32
		{191000DB-9DB0-43D8-9EAB-321A943F71A2}.Release|x86.Build.0 = Release|Win32
		{8256886C-F3D8-471A-B1DA-A4E462CFDD5E}.Debug|x64.ActiveCfg = Debug|x64
		{8256886C-F3D8-471A-B1DA-A4E462CFDD5E}.Debug|x64.Build.0 = Debug|x64
		{8256886C-F3D8-471A-B1DA-A4E462CFDD5E}.Debug|x86.ActiveCfg = Debug|Win32
		{8256886C-F3D8-471A-B1DA-A4E462CFDD5E}.Debug|x86.Build.0 = Debug|Win32
		{8256886C-F3D8-471A-B1DA-A4E462CFDD5E}.Release|x64.ActiveCfg = Release|x64
		{8256886C-F3D8-471A-B1DA-A4E462CFDD5E}.Release|x64.Build.0 = Release|x64
		{8256886C-F3D8-471A-B1DA-A4E462CFDD5E}.Release|x86.ActiveCfg = Release|Win32
		{8256886C-F3D8-471A-B1DA-A4E462CFDD5E}.Release|x86.Build.0 = Release|Win32
		{52CCB210-C8FD-44F3-925F-991797CFC7FB}.Debug|x64.ActiveCfg = Debug|x64
		{52CCB210-C8FD-44F3-925F-991797CFC7FB}.Debug|x64.Build.0 = Debug|x64
		{52CCB210-C8FD-44F3-925F-991797CFC7FB}.Debug|x86.ActiveCfg = Debug|Win32
		{52CCB210-C8FD-44F3-925F-991797CFC7FB}.Debug|x86.Build.0 = Debug|Win32
		{52CCB210-C8FD-44F3-925F-991797CFC7FB}.Release|x64.ActiveCfg = Release|x64
		{52CCB210-C8FD-44F3-925F-991797CFC7FB}.Release|x64.Build.0 = Release|x64
		{52CCB210-C8FD-44F3-925F-991797CFC7FB}.Release|x86.ActiveCfg = Release|Win32
		{52CCB210-C8FD-44F3-925F-991797CFC7FB}.Release|x86.Build.0 = Release|Win32
		{356B9AE7-E49C-4A00-8335-2AAE309B8C6D}.Debug|x64.ActiveCfg = Debug|x64
		{356B9AE7-E49C-4A00-8335-2AAE309B8C6D}.Debug|x64.Build.0 = Debug|x64
		{356B9AE7-E49C-4A00-8335-2AAE309B8C6D}.Debug|x86.ActiveCfg = Debug|Win32
		{356B9AE7-E49C-4A00-8335-2AAE309B8C6D}.Debug|x86.Build.0 = Debug|Win32
		{356B9AE7-E49C-4A00-8335-2AAE309B8C6D}.Release|x64.ActiveCfg = Release|x64
		{356B9AE7-E49C-4A00-8335-2AAE309B8C6D}.Release|x64.Build.0 = Release|x64
		{356B9AE7-E49C-4A00-8335-2AAE309B8C6D}.Release|x86.ActiveCfg = Release|Win32
		{356B9AE7-E49C-4A00-8335-2AAE309B8C6D}.Release|x86.Build.0 = Release|Win32
		{D208CE20-AF22-4567-82F5-F473E05C0F20}.Debug|x64.ActiveCfg = Debug|x64
		{D208CE20-AF22-4567-82F5-F473E05C0F20}.Debug|x64.Build.0 = Debug|x64
		{D208CE20-AF22-4567-82F5-F473E05C0F20}.Debug|x86.ActiveCfg = Debug|Win32
		{D208CE20-AF22-4567-82F5-F473E05C0F20}.Debug|x86.Build.0 = Debug|Win32
		{D208CE20-AF22-4567-82F5-F473E05C0F20}.Release|x64.ActiveCfg = Release|x64
		{D208CE20-AF22-4567-82F5-F473E05C0F20}.Release|x64.Build.0 = Release|x64
		{D208CE20-AF22-4567-82F5-F473E05C0F20}.Release|x86.ActiveCfg = Release|Win32
		{D208CE20-AF22-4567-82F5-F473E05C0F20}.Release|x86.Build.0 = Release|Win32
		{B3567F2F-0BB6-4AC4-A6DE-FB09458B6AE7}.Debug|x64.ActiveCfg = Debug|x64
		{B3567F2F-0BB6-4AC4-A6DE-FB09458B6AE7}.Debug|x64.Build.0 = Debug|x64
		{B3567F2F-0BB6-4AC4-A6DE-FB09458B6AE7}.Debug|x86.ActiveCfg = Debug|Win32
		{B3567F2F-0BB6-4AC4-A6DE-FB09458B6AE7}.Debug|x86.Build.0 = Debug|Win32
		{B3567F2F-0BB6-4AC4-A6DE-FB09458B6AE7}.Release|x64.ActiveCfg = Release|x64
		{B3567F2F-0BB6-4AC4-A6DE-FB09458B6AE7}.Release|x64.Build.0 = Release|x64
		{B3567F2F-0BB6-4AC4-A6DE-FB09458B6AE7}.Release|x86.ActiveCfg = Release|Win32
		{B3567F2F-0BB6-4AC4-A6DE-FB09458B6AE7}.Release|x86.Build.0 = Release|Win32
		{9E83E136-AC36-407C-BA3B-90FACDEB461A}.Debug|x64.ActiveCfg = Debug|x64
		{9E83E136-AC36-407C-BA3B-90FACDEB461A}.Debug|x64.Build.0 = Debug|x64
		{9E83E136-AC36-407C-BA3B-90FACDEB461A}.Debug|x86.ActiveCfg = Debug|Win32
		{9E83E136-AC36-407C-BA3B-90FACDEB461A}.Debug|x86.Build.0 = Debug|Win32
		{9E83E136-AC36-407C-BA3B-90FACDEB461A}.Release|x64.ActiveCfg = Release|x64
		{9E83E136-AC36-407C-BA3B-90FACDEB461A}.Release|x64.Build.0 = Release|x64
		{9E83E136-AC36-407C-BA3B-90FACDEB461A}.Release|x86.ActiveCfg = Release|Win32
		{9E83E136-AC36-407C-BA3B-90FACDEB461A}.Release|x86.Build.0 = Release|Win32
		{DB58FAF8-0D0B-49FD-9DBD-A6E6D44AA245}.Debug|x64.ActiveCfg = Debug|x64
		{DB58FAF8-0D0B-49FD-9DBD-A6E6D44AA245}.Debug|x64.Build.0 = Debug|x64
		{DB58FAF8-0D0B-49FD-9DBD-A6E6D44AA245}.Debug|x86.ActiveCfg = Debug|Win32
		{DB58FAF8-0D0B-49FD-9DBD-A6E6D44AA245}.Debug|x86.Build.0 = Debug|Win32
		{DB58FAF8-0D0B-49FD-9DBD-A6E6D44AA245}.Release|x64.ActiveCfg = Release|x64
		{DB58FAF8-0D0B-49FD-9DBD-A6E6D44AA245}.Release|x64.Build.0 = Release|x64
		{DB58FAF8-0D0B-49FD-9DBD-A6E6D44AA245}.Release|x86.ActiveCfg = Release|Win32
		{DB58FAF8-0D0B-49FD-9DBD-A6E6D44AA245}.Release|x86.Build.0 = Release|Win32
		{214751C3-3A55-4098-8E0E-6888CB99E0CA}.Debug|x64.ActiveCfg = Debug|x64
		{214751C3-3A55-4098-8E0E-6888CB99E0CA}.Debug|x64.Build.0 = Debug|x64
		{214751C3-3A55-4098-8E0E-6888CB99E0CA}.Debug|x86.ActiveCfg = Debug|Win32
		{214751C3-3A55-4098-8E0E-6888CB99E0CA}.Debug|x86.Build.0 = Debug|Win32
		{214751C3-3A55-4098-8E0E-6888CB99E0CA}.Release|x64.ActiveCfg = Release|x64
		{214751C3-3A55-4098-8E0E-6888CB99E0CA}.Release|x64.Build.0 = Release|x64
		{214751C3-3A55-4098-8E0E-6888CB99E0CA}.Release|x86.ActiveCfg = Release|Win32
		{214751C3-3A55-4098-8E0E-6888CB99E0CA}.Release|x86.Build.0 = Release|Win32
		{F899D4BE-DD9E-4675-BF3A-B5BE810A67B5}.Debug|x64.ActiveCfg = Debug|x64
		{F899D4BE-DD9E-4675-BF3A-B5BE810A67B5}.Debug|x64.Build.0 = Debug|x64
		{F899D4BE-DD9E-4675-BF3A-B5BE810A67B5}.Debug|x86.ActiveCfg = Debug|Win32
		{F899D4BE-DD9E-4675-BF3A-B5BE810A67B5}.Debug|x86.Build.0 = Debug|Win32
		{F899D4BE-DD9E-4675-BF3A-B5BE810A67B5}.Release|x64.ActiveCfg = Release|x64
		{F899D4BE-DD9E-4675-BF3A-B5BE810A67B5}.Release|x64.Build.0 = Release|x64
		{F899D4BE-DD9E-4675-BF3A-B5BE810A67B5}.Release|x86.ActiveCfg = Release|Win32
		{F899D4BE-DD9E-4675-BF3A-B5BE810A67B5}.Release|x86.Build.0 = Release|Win32
		{39DDD915-F563-4BDB-A7C0-5A76C96C69F0}.Debug|x64.ActiveCfg = Debug|x64
		{39DDD915-F563-4BDB-A7C0-5A76C96C69F0}.Debug|x64.Build.0 = Debug|x64
		{39DDD915-F563-4BDB-A7C0-5A76C96C69F0}.Debug|x86.ActiveCfg = Debug|Win32
		{39DDD915-F563-4BDB-A7C0-5A76C96C69F0}.Debug|x86.Build.0 = Debug|Win32
		{39DDD915-F563-4BDB-A7C0-5A76C96C69F0}.Release|x64.ActiveCfg = Release|x64
		{39DDD915-F563-4BDB-A7C0-5A76C96C69F0}.Release|x64.Build.0 = Release|x64
		{39DDD915-F563-4BDB-A7C0-5A76C96C69F0}.Release|x86.ActiveCfg = Release|Win32
		{39DDD915-F563-4BDB-A7C0-5A76C96C69F0}.Release|x86.Build.0 = Release|Win32
		{DBFA9186-D551-4E1B-97BB-C5727BA6ACA5}.Debug|x64.ActiveCfg = Debug|x64
		{DBFA9186-D551-4E1B-97BB-C5727BA6ACA5}.Debug|x64.Build.0 = Debug|x64
		{DBFA9186-D551-4E1B-97BB-C5727BA6ACA5}.Debug|x86.ActiveCfg = Debug|Win32
		{DBFA9186-D551-4E1B-97BB-C5727BA6ACA5}.Debug|x86.Build.0 = Debug|Win32
		{DBFA9186-D551-4E1B-97BB-C5727BA6ACA5}.Release|x64.ActiveCfg = Release|x64
		{DBFA9186-D551-4E1B-97BB-C5727BA6ACA5}.Release|x64.Build.0 = Release|x64
		{DBFA9186-D551-4E1B-97BB-C5727BA6ACA5}.Release|x86.ActiveCfg = Release|Win32
		{DBFA9186-D551-4E1B-97BB-C5727BA6ACA5}.Release|x86.Build.0 = Release|Win32
		{1F9149FB-7107-4C0F-BB7A-67383E994226}.Debug|x64.ActiveCfg = Debug|x64
		{1F9149FB-7107-4C0F-BB7A-67383E994226}.Debug|x64.Build.0 = Debug|x64
		{1F9149FB-7107-4C0F-BB7A-67383E994226}.Debug|x86.ActiveCfg = Debug|Win32
		{1F9149FB-7107-4C0F-BB7A-67383E994226}.Debug|x86.Build.0 = Debug|Win32
		{1F9149FB-7107-4C0F-BB7A-67383E994226}.Release|x64.ActiveCfg = Release|x64
		{1F9149FB-7107-4C0F-BB7A-67383E994226}.Release|x64.Build.0 = Release|x64
		{1F9149FB-7107-4C0F-BB7A-67383E994226}.Release|x86.ActiveCfg = Release|Win32
		{1F9149FB-7107-4C0F-BB7A-67383E994226}.Release|x86.Build.0 = Release|Win32
		{492B33EF-207C-4DC2-B271-D5DF553E3FB5}.Debug|x64.ActiveCfg = Debug|x64
		{492B33EF-207C-4DC2-B271-D5DF553E3FB5}.Debug|x64.Build.0 = Debug|x64
		{492B33EF-207C-4DC2-B271-D5DF553E3FB5}.Debug|x86.ActiveCfg = Debug|Win32
		{492B33EF-207C-4DC2-B271-D5DF553E3FB5}.Debug|x86.Build.0 = Debug|Win32
		{492B33EF-207C-4DC2-B271-D5DF553E3FB5}.Release|x64.ActiveCfg = Release|x64
		{492B33EF-207C-4DC2-B271-D5DF553E3FB5}.Release|x64.Build.0 = Release|x64
		{492B33EF-207C-4DC2-B271-D5DF553E3FB5}.Release|x86.ActiveCfg = Release|Win32
		{492B33EF-207C-4DC2-B271-D5DF553E3FB5}.Release|x86.Build.0 = Release|Win32
		{7252D06A-F318-4E6E-99F7-4CEF5ED291E4}.Debug|x64.ActiveCfg = Debug|x64
		{7252D06A-F318-4E6E-99F7-4CEF5ED291E4}.Debug|x64.Build.0 = Debug|x64
		{7252D06A-F318-4E6E-99F7-4CEF5ED291E4}.Debug|x86.ActiveCfg = Debug|Win32
		{7252D06A-F318-4E6E-99F7-4CEF5ED291E4}.Debug|x86.Build.0 = Debug|Win32
		{7252D06A-F318-4E6E-99F7-4CEF5ED291E4}.Release|x64.ActiveCfg = Release|x64
		{7252D06A-F318-4E6E-99F7-4CEF5ED291E4}.Release|x64.Build.0 = Release|x64
		{7252D06A-F318-4E6E-99F7-4CEF5ED291E4}.Release|x86.ActiveCfg = Release|Win32
		{7252D06A-F318-4E6E-99F7-4CEF5ED291E4}.Release|x86.Build.0 = Release|Win32
		{55ABF4A2-924C-4A20-8FB8-810F5F6817D0}.Debug|x64.ActiveCfg = Debug|x64
		{55ABF4A2-924C-4A20-8FB8-810F5F6817D0}.Debug|x64.Build.0 = Debug|x64
		{55ABF4A2-924C-4A20-8FB8-810F5F6817D0}.Debug|x86.ActiveCfg = Debug|Win32
		{55ABF4A2-924C-4A20-8FB8-810F5F6817D0}.Debug|x86.Build.0 = Debug|Win32
		{55ABF4A2-924C-4A20-8FB8-810F5F6817D0}.Release|x64.ActiveCfg = Release|x64
		{55ABF4A2-924C-4A20-8FB8-810F5F6817D0}.Release|x64.Build.0 = Release|x64
		{55ABF4A2-924C-4A20-8FB8-810F5F6817D0}.Release|x86.ActiveCfg = Release|Win32
		{55ABF4A2-924C-4A20-8FB8-810F5F6817D0}.Release|x86.Build.0 = Release|Win32
		{1299BE0D-00E5-4AA2-9E28-BDE71A730C91}.Debug|x64.ActiveCfg = Debug|x64
		{1299BE0D-00E5-4AA2-9E28-BDE71A730C91}.Debug|x64.Build.0 = Debug|x64
		{1299BE0D-00E5-4AA2-9E28-BDE71A730C91}.Debug|x86.ActiveCfg = Debug|Win32
		{1299BE0D-00E5-4AA2-9E28-BDE71A730C91}.Debug|x86.Build.0 = Debug|Win32
		{1299BE0D-00E5-4AA2-9E28-BDE71A730C91}.Release|x64.ActiveCfg = Release|x64
		{1299BE0D-00E5-4AA2-9E28-BDE71A730C91}.Release|x64.Build.0 = Release|x64
		{1299BE0D-00E5-4AA2-9E28-BDE71A730C91}.Release|x86.ActiveCfg = Release|Win32
		{1299BE0D-00E5-4AA2-9E28-BDE71A730C91}.Release|x86.Build.0 = Release|Win32
		{808B5B36-2BD9-48ED-B30A-EF46FEEC53A1}.Debug|x64.ActiveCfg = Debug|x64
		{808B5B36-2BD9-48ED-B30A-EF46FEEC53A1}.Debug|x64.Build.0 = Debug|x64
		{808B5B36-2BD9-48ED-B30A-EF46FEEC53A1}.Debug|x86.ActiveCfg = Debug|Win32
		{808B5B36-2BD9-48ED-B30A-EF46FEEC53A1}.Debug|x86.Build.0 = Debug|Win32
		{808B5B36-2BD9-48ED-B30A-EF46FEEC53A1}.Release|x64.ActiveCfg = Release|x64
		{808B5B36-2BD9-48ED-B30A-EF46FEEC53A1}.Release|x64.Build.0 = Release|x64
		{808B5B36-2BD9-48ED-B30A-EF46FEEC53A1}.Release|x86.ActiveCfg = Release|Win32
		{808B5B36-2BD9-48ED-B30A-EF46FEEC53A1}.Release|x86.Build.0 = Release|Win32
		{8E0F2363-8460-41B4-BE64-9659176EA4B4}.Debug|x64.ActiveCfg = Debug|x64
		{8E0F2363-8460-41B4-BE64-9659176EA4B4}.Debug|x64.Build.0 = Debug|x64
		{8E0F2363-8460-41B4-BE64-9659176EA4B4}.Debug|x86.ActiveCfg = Debug|Win32
		{8E0F2363-8460-41B4-BE64-9659176EA4B4}.Debug|x86.Build.0 = Debug|Win32
		{8E0F2363-8460-41B4-BE64-9659176EA4B4}.Release|x64.ActiveCfg = Release|x64
		{8E0F2363-8460-41B4-BE64-9659176EA4B4}.Release|x64.Build.0 = Release|x64
		{8E0F2363-8460-41B4-BE64-9659176EA4B4}.Release|x86.ActiveCfg = Release|Win32
		{8E0F2363-8460-41B4-BE64-9659176EA4B4}.Release|x86.Build.0 = Release|Win32
		{7762EE41-36A7-4ECA-8EEB-AAFE928E182C}.Debug|x64.ActiveCfg = Debug|x64
		{7762EE41-36A7-4ECA-8EEB-AAFE928E182C}.Debug|x64.Build.0 = Debug|x64
		{7762EE41-36A7-4ECA-8EEB-AAFE928E182C}.Debug|x86.ActiveCfg = Debug|Win32
		{7762EE41-36A7-4ECA-8EEB-AAFE928E182C}.Debug|x86.Build.0 = Debug|Win32
		{7762EE41-36A7-4ECA-8EEB-AAFE928E182C}.Release|x64.ActiveCfg = Release|x64
		{7762EE41-36A7-4ECA-8EEB-AAFE928E182C}.Release|x64.Build.0 = Release|x64
		{7762EE41-36A7-4ECA-8EEB-AAFE928E182C}.Release|x86.ActiveCfg = Release|Win32
		{7762EE41-36A7-4ECA-8EEB-AAFE928E182C}.Release|x86.Build.0 = Release|Win32
		{5CFB1F66-B427-4018-9CF2-935C74469001}.Debug|x64.ActiveCfg = Debug|x64
		{5CFB1F66-B427-4018-9CF2-935C74469001}.Debug|x64.Build.0 = Debug|x64
		{5CFB1F66-B427-4018-9CF2-935C74469001}.Debug|x86.ActiveCfg = Debug|Win32
		{5CFB1F66-B427-4018-9CF2-935C74469001}.Debug|x86.Build.0 = Debug|Win32
		{5CFB1F66-B427-4018-9CF2-935C74469001}.Release|x64.ActiveCfg = Release|x64
		{5CFB1F66-B427-4018-9CF2-935C74469001}.Release|x64.Build.0 = Release|x64
		{5CFB1F66-B427-4018-9CF2-935C74469001}.Release|x86.ActiveCfg = Release|Win32
		{5CFB1F66-B427-4018-9CF2-935C74469001}.Release|x86.Build.0 = Release|Win32
		{EF17BA1F-B4E2-4C8B-A8DD-223425ADC05B}.Debug|x64.ActiveCfg = Debug|x64
		{EF17BA1F-B4E2-4C8B-A8DD-223425ADC05B}.Debug|x64.Build.0 = Debug|x64
		{EF17BA1F-B4E2-4C8B-A8DD-223425ADC05B}.Debug|x86.ActiveCfg = Debug|Win32
		{EF17BA1F-B4E2-4C8B-A8DD-223425ADC05B}.Debug|x86.Build.0 = Debug|Win32
		{EF17BA1F-B4E2-4C8B-A8DD-223425ADC05B}.Release|x64.ActiveCfg = Release|x64
		{EF17BA1F-B4E2-4C8B-A8DD-223425ADC05B}.Release|x64.Build.0 = Release|x64
		{EF17BA1F-B4E2-4C8B-A8DD-223425ADC05B}.Release|x86.ActiveCfg = Release|Win32
		{EF17BA1F-B4E2-4C8B-A8DD-223425ADC05B}.Release|x86.Build.0 = Release|Win32
		{E0A95959-1405-4E66-A485-FE1042EC3AE5}.Debug|x64.ActiveCfg = Debug|x64
		{E0A95959-1405-4E66-A485-FE1042EC3AE5}.Debug|x64.Build.0 = Debug|x64
		{E0A95959-1405-4E66-A485-FE1042EC3AE5}.Debug|x86.ActiveCfg = Debug|Win32
		{E0A95959-1405-4E66-A485-FE1042EC3AE5}.Debug|x86.Build.0 = Debug|Win32
		{E0A95959-1405-4E66-A485-FE1042EC3AE5}.Release|x64.ActiveCfg = Release|x64
		{E0A95959-1405-4E66-A485-FE1042EC3AE5}.Release|x64.Build.0 = Release|x64
		{E0A95959-1405-4E66-A485-FE1042EC3AE5}.Release|x86.ActiveCfg = Release|Win32
		{E0A95959-1405-4E66-A485-FE1042EC3AE5}.Release|x86.Build.0 = Release|Win32
		{FEBEA16A-7855-420E-AB4F-A16460CA01EA}.Debug|x64.ActiveCfg = Debug|x64
		{FEBEA16A-7855-420E-AB4F-A16460CA01EA}.Debug|x64.Build.0 = Debug|x64
		{FEBEA16A-7855-420E-AB4F-A16460CA01EA}.Debug|x86.ActiveCfg = Debug|Win32
		{FEBEA16A-7855-420E-AB4F-A16460CA01EA}.Debug|x86.Build.0 = Debug|Win32
		{FEBEA16A-7855-420E-AB4F-A16460CA01EA}.Release|x64.ActiveCfg = Release|x64
		{FEBEA16A-7855-420E-AB4F-A16460CA01EA}.Release|x64.Build.0 = Release|x64
		{FEBEA16A-7855-420E-AB4F-A16460CA01EA}.Release|x86.ActiveCfg = Release|Win32
		{FEBEA16A-7855-420E-AB4F-A16460CA01EA}.Release|x86.Build.0 = Release|Win32
	EndGlobalSection
	GlobalSection(SolutionProperties) = preSolution
		HideSolutionNode = FALSE
	EndGlobalSection
	GlobalSection(ExtensibilityGlobals) = postSolution
		SolutionGuid = {E4D5BE26-8793-44E2-9A51-B8D95BC0D4BD}
	EndGlobalSection
EndGlobal
