
Microsoft Visual Studio Solution File, Format Version 12.00
# Visual Studio Version 17
VisualStudioVersion = 17.7.34221.43
MinimumVisualStudioVersion = 10.0.40219.1
Project("{8BC9CEB8-8B4A-11D0-8D11-00A0C91BC942}") = "Bai001", "Bai001\Bai001.vcxproj", "{906C9785-43ED-4907-BBCC-1C6A5B89175E}"
EndProject
Project("{8BC9CEB8-8B4A-11D0-8D11-00A0C91BC942}") = "Bai141", "Bai141\Bai141.vcxproj", "{A3E085A7-7D3D-4C44-B21D-4BE46CDAEC96}"
EndProject
Project("{8BC9CEB8-8B4A-11D0-8D11-00A0C91BC942}") = "Bai142", "Bai142\Bai142.vcxproj", "{8EA031C9-3CE5-4631-A501-3705ACC966B5}"
EndProject
Project("{8BC9CEB8-8B4A-11D0-8D11-00A0C91BC942}") = "Bai143", "Bai143\Bai143.vcxproj", "{60BA7111-1CF8-4EFC-914E-8F6137583E03}"
EndProject
Project("{8BC9CEB8-8B4A-11D0-8D11-00A0C91BC942}") = "Bai144", "Bai144\Bai144.vcxproj", "{900B1657-0212-46A5-AF19-DA0D25643921}"
EndProject
Project("{8BC9CEB8-8B4A-11D0-8D11-00A0C91BC942}") = "Bai145", "Bai145\Bai145.vcxproj", "{352646E4-A93F-4FB3-AE53-CB55C444825C}"
EndProject
Project("{8BC9CEB8-8B4A-11D0-8D11-00A0C91BC942}") = "Bai146", "Bai146\Bai146.vcxproj", "{BDFFAC6C-03A3-4A35-B132-079A456F7381}"
EndProject
Project("{8BC9CEB8-8B4A-11D0-8D11-00A0C91BC942}") = "Bai147", "Bai147\Bai147.vcxproj", "{353ECAB7-8897-4CA0-B8F0-7B310B15A893}"
EndProject
Project("{8BC9CEB8-8B4A-11D0-8D11-00A0C91BC942}") = "Bai148", "Bai148\Bai148.vcxproj", "{A23D9B42-0BAC-457A-87B3-875AAE47CE38}"
EndProject
Project("{8BC9CEB8-8B4A-11D0-8D11-00A0C91BC942}") = "Bai149", "Bai149\Bai149.vcxproj", "{ED9CDCF4-FC6C-48E6-B4B5-CCDB14DDD525}"
EndProject
Project("{8BC9CEB8-8B4A-11D0-8D11-00A0C91BC942}") = "Bai150", "Bai150\Bai150.vcxproj", "{8AA1932B-E78D-47C4-8CB9-9BB89FF762EA}"
EndProject
Project("{8BC9CEB8-8B4A-11D0-8D11-00A0C91BC942}") = "Bai151", "Bai151\Bai151.vcxproj", "{8FC5FF81-1AE3-4A3C-8CCB-677CA2A5B01F}"
EndProject
Project("{8BC9CEB8-8B4A-11D0-8D11-00A0C91BC942}") = "Bai152", "Bai152\Bai152.vcxproj", "{FBD865ED-9086-4272-B208-6FC8A1E8AD9A}"
EndProject
Project("{8BC9CEB8-8B4A-11D0-8D11-00A0C91BC942}") = "Bai153", "Bai153\Bai153.vcxproj", "{3C7170EA-786B-41D8-9DAC-F25141C4E290}"
EndProject
Project("{8BC9CEB8-8B4A-11D0-8D11-00A0C91BC942}") = "Bai154", "Bai154\Bai154.vcxproj", "{4313947F-921D-42E6-9221-3EA56CB31B80}"
EndProject
Project("{8BC9CEB8-8B4A-11D0-8D11-00A0C91BC942}") = "Bai155", "Bai155\Bai155.vcxproj", "{96578F49-9A86-427A-ADA9-BD5640E6D3CF}"
EndProject
Project("{8BC9CEB8-8B4A-11D0-8D11-00A0C91BC942}") = "Bai156", "Bai156\Bai156.vcxproj", "{8748D31F-AA3E-4237-A455-43C0FCDD4899}"
EndProject
Project("{8BC9CEB8-8B4A-11D0-8D11-00A0C91BC942}") = "Bai157", "Bai157\Bai157.vcxproj", "{E148D233-7042-41A1-9BF6-61A23CA71D2A}"
EndProject
Project("{8BC9CEB8-8B4A-11D0-8D11-00A0C91BC942}") = "Bai158", "Bai158\Bai158.vcxproj", "{5E32EF0C-9ADF-459F-9539-521D31185EE4}"
EndProject
Project("{8BC9CEB8-8B4A-11D0-8D11-00A0C91BC942}") = "Bai160", "Bai160\Bai160.vcxproj", "{1A23A29E-7696-4A1E-B1CD-63BAD9B5BD53}"
EndProject
Project("{8BC9CEB8-8B4A-11D0-8D11-00A0C91BC942}") = "Bai161", "Bai161\Bai161.vcxproj", "{AE7401EC-7FBC-4429-B519-3734C24EE600}"
EndProject
Project("{8BC9CEB8-8B4A-11D0-8D11-00A0C91BC942}") = "Bai163", "Bai163\Bai163.vcxproj", "{C2A53179-3061-4834-A955-560047250241}"
EndProject
Project("{8BC9CEB8-8B4A-11D0-8D11-00A0C91BC942}") = "Bai164", "Bai164\Bai164.vcxproj", "{AD3BFD96-DC53-484D-8F96-830B95F87B34}"
EndProject
Project("{8BC9CEB8-8B4A-11D0-8D11-00A0C91BC942}") = "Bai165", "Bai165\Bai165.vcxproj", "{096A42C5-7CB5-4996-A329-43914D50C86C}"
EndProject
Project("{8BC9CEB8-8B4A-11D0-8D11-00A0C91BC942}") = "Bai166", "Bai166\Bai166.vcxproj", "{F077B672-D0AB-4F7D-96E5-2ED4A839573B}"
EndProject
Project("{8BC9CEB8-8B4A-11D0-8D11-00A0C91BC942}") = "Bai167", "Bai167\Bai167.vcxproj", "{08B7B4C9-7D7E-4A95-B566-399960539B46}"
EndProject
Project("{8BC9CEB8-8B4A-11D0-8D11-00A0C91BC942}") = "Bai168", "Bai168\Bai168.vcxproj", "{BF4C333C-821D-4730-951A-CC2D2E59572C}"
EndProject
Project("{8BC9CEB8-8B4A-11D0-8D11-00A0C91BC942}") = "Bai169", "Bai169\Bai169.vcxproj", "{C23ABAB7-CC48-41FC-B08A-3F3AD62CA485}"
EndProject
Project("{8BC9CEB8-8B4A-11D0-8D11-00A0C91BC942}") = "Bai171", "Bai171\Bai171.vcxproj", "{4B2096B6-F7D6-4525-8F99-576D50D7132E}"
EndProject
Project("{8BC9CEB8-8B4A-11D0-8D11-00A0C91BC942}") = "Bai172", "Bai172\Bai172.vcxproj", "{4B5F12B9-9EAE-4BB0-8AE2-CD3328F69139}"
EndProject
Project("{8BC9CEB8-8B4A-11D0-8D11-00A0C91BC942}") = "Bai106", "Bai106\Bai106.vcxproj", "{D9DA6E5B-6071-4598-9E2C-7B3807966D4E}"
EndProject
Global
	GlobalSection(SolutionConfigurationPlatforms) = preSolution
		Debug|x64 = Debug|x64
		Debug|x86 = Debug|x86
		Release|x64 = Release|x64
		Release|x86 = Release|x86
	EndGlobalSection
	GlobalSection(ProjectConfigurationPlatforms) = postSolution
		{906C9785-43ED-4907-BBCC-1C6A5B89175E}.Debug|x64.ActiveCfg = Debug|x64
		{906C9785-43ED-4907-BBCC-1C6A5B89175E}.Debug|x64.Build.0 = Debug|x64
		{906C9785-43ED-4907-BBCC-1C6A5B89175E}.Debug|x86.ActiveCfg = Debug|Win32
		{906C9785-43ED-4907-BBCC-1C6A5B89175E}.Debug|x86.Build.0 = Debug|Win32
		{906C9785-43ED-4907-BBCC-1C6A5B89175E}.Release|x64.ActiveCfg = Release|x64
		{906C9785-43ED-4907-BBCC-1C6A5B89175E}.Release|x64.Build.0 = Release|x64
		{906C9785-43ED-4907-BBCC-1C6A5B89175E}.Release|x86.ActiveCfg = Release|Win32
		{906C9785-43ED-4907-BBCC-1C6A5B89175E}.Release|x86.Build.0 = Release|Win32
		{A3E085A7-7D3D-4C44-B21D-4BE46CDAEC96}.Debug|x64.ActiveCfg = Debug|x64
		{A3E085A7-7D3D-4C44-B21D-4BE46CDAEC96}.Debug|x64.Build.0 = Debug|x64
		{A3E085A7-7D3D-4C44-B21D-4BE46CDAEC96}.Debug|x86.ActiveCfg = Debug|Win32
		{A3E085A7-7D3D-4C44-B21D-4BE46CDAEC96}.Debug|x86.Build.0 = Debug|Win32
		{A3E085A7-7D3D-4C44-B21D-4BE46CDAEC96}.Release|x64.ActiveCfg = Release|x64
		{A3E085A7-7D3D-4C44-B21D-4BE46CDAEC96}.Release|x64.Build.0 = Release|x64
		{A3E085A7-7D3D-4C44-B21D-4BE46CDAEC96}.Release|x86.ActiveCfg = Release|Win32
		{A3E085A7-7D3D-4C44-B21D-4BE46CDAEC96}.Release|x86.Build.0 = Release|Win32
		{8EA031C9-3CE5-4631-A501-3705ACC966B5}.Debug|x64.ActiveCfg = Debug|x64
		{8EA031C9-3CE5-4631-A501-3705ACC966B5}.Debug|x64.Build.0 = Debug|x64
		{8EA031C9-3CE5-4631-A501-3705ACC966B5}.Debug|x86.ActiveCfg = Debug|Win32
		{8EA031C9-3CE5-4631-A501-3705ACC966B5}.Debug|x86.Build.0 = Debug|Win32
		{8EA031C9-3CE5-4631-A501-3705ACC966B5}.Release|x64.ActiveCfg = Release|x64
		{8EA031C9-3CE5-4631-A501-3705ACC966B5}.Release|x64.Build.0 = Release|x64
		{8EA031C9-3CE5-4631-A501-3705ACC966B5}.Release|x86.ActiveCfg = Release|Win32
		{8EA031C9-3CE5-4631-A501-3705ACC966B5}.Release|x86.Build.0 = Release|Win32
		{60BA7111-1CF8-4EFC-914E-8F6137583E03}.Debug|x64.ActiveCfg = Debug|x64
		{60BA7111-1CF8-4EFC-914E-8F6137583E03}.Debug|x64.Build.0 = Debug|x64
		{60BA7111-1CF8-4EFC-914E-8F6137583E03}.Debug|x86.ActiveCfg = Debug|Win32
		{60BA7111-1CF8-4EFC-914E-8F6137583E03}.Debug|x86.Build.0 = Debug|Win32
		{60BA7111-1CF8-4EFC-914E-8F6137583E03}.Release|x64.ActiveCfg = Release|x64
		{60BA7111-1CF8-4EFC-914E-8F6137583E03}.Release|x64.Build.0 = Release|x64
		{60BA7111-1CF8-4EFC-914E-8F6137583E03}.Release|x86.ActiveCfg = Release|Win32
		{60BA7111-1CF8-4EFC-914E-8F6137583E03}.Release|x86.Build.0 = Release|Win32
		{900B1657-0212-46A5-AF19-DA0D25643921}.Debug|x64.ActiveCfg = Debug|x64
		{900B1657-0212-46A5-AF19-DA0D25643921}.Debug|x64.Build.0 = Debug|x64
		{900B1657-0212-46A5-AF19-DA0D25643921}.Debug|x86.ActiveCfg = Debug|Win32
		{900B1657-0212-46A5-AF19-DA0D25643921}.Debug|x86.Build.0 = Debug|Win32
		{900B1657-0212-46A5-AF19-DA0D25643921}.Release|x64.ActiveCfg = Release|x64
		{900B1657-0212-46A5-AF19-DA0D25643921}.Release|x64.Build.0 = Release|x64
		{900B1657-0212-46A5-AF19-DA0D25643921}.Release|x86.ActiveCfg = Release|Win32
		{900B1657-0212-46A5-AF19-DA0D25643921}.Release|x86.Build.0 = Release|Win32
		{352646E4-A93F-4FB3-AE53-CB55C444825C}.Debug|x64.ActiveCfg = Debug|x64
		{352646E4-A93F-4FB3-AE53-CB55C444825C}.Debug|x64.Build.0 = Debug|x64
		{352646E4-A93F-4FB3-AE53-CB55C444825C}.Debug|x86.ActiveCfg = Debug|Win32
		{352646E4-A93F-4FB3-AE53-CB55C444825C}.Debug|x86.Build.0 = Debug|Win32
		{352646E4-A93F-4FB3-AE53-CB55C444825C}.Release|x64.ActiveCfg = Release|x64
		{352646E4-A93F-4FB3-AE53-CB55C444825C}.Release|x64.Build.0 = Release|x64
		{352646E4-A93F-4FB3-AE53-CB55C444825C}.Release|x86.ActiveCfg = Release|Win32
		{352646E4-A93F-4FB3-AE53-CB55C444825C}.Release|x86.Build.0 = Release|Win32
		{BDFFAC6C-03A3-4A35-B132-079A456F7381}.Debug|x64.ActiveCfg = Debug|x64
		{BDFFAC6C-03A3-4A35-B132-079A456F7381}.Debug|x64.Build.0 = Debug|x64
		{BDFFAC6C-03A3-4A35-B132-079A456F7381}.Debug|x86.ActiveCfg = Debug|Win32
		{BDFFAC6C-03A3-4A35-B132-079A456F7381}.Debug|x86.Build.0 = Debug|Win32
		{BDFFAC6C-03A3-4A35-B132-079A456F7381}.Release|x64.ActiveCfg = Release|x64
		{BDFFAC6C-03A3-4A35-B132-079A456F7381}.Release|x64.Build.0 = Release|x64
		{BDFFAC6C-03A3-4A35-B132-079A456F7381}.Release|x86.ActiveCfg = Release|Win32
		{BDFFAC6C-03A3-4A35-B132-079A456F7381}.Release|x86.Build.0 = Release|Win32
		{353ECAB7-8897-4CA0-B8F0-7B310B15A893}.Debug|x64.ActiveCfg = Debug|x64
		{353ECAB7-8897-4CA0-B8F0-7B310B15A893}.Debug|x64.Build.0 = Debug|x64
		{353ECAB7-8897-4CA0-B8F0-7B310B15A893}.Debug|x86.ActiveCfg = Debug|Win32
		{353ECAB7-8897-4CA0-B8F0-7B310B15A893}.Debug|x86.Build.0 = Debug|Win32
		{353ECAB7-8897-4CA0-B8F0-7B310B15A893}.Release|x64.ActiveCfg = Release|x64
		{353ECAB7-8897-4CA0-B8F0-7B310B15A893}.Release|x64.Build.0 = Release|x64
		{353ECAB7-8897-4CA0-B8F0-7B310B15A893}.Release|x86.ActiveCfg = Release|Win32
		{353ECAB7-8897-4CA0-B8F0-7B310B15A893}.Release|x86.Build.0 = Release|Win32
		{A23D9B42-0BAC-457A-87B3-875AAE47CE38}.Debug|x64.ActiveCfg = Debug|x64
		{A23D9B42-0BAC-457A-87B3-875AAE47CE38}.Debug|x64.Build.0 = Debug|x64
		{A23D9B42-0BAC-457A-87B3-875AAE47CE38}.Debug|x86.ActiveCfg = Debug|Win32
		{A23D9B42-0BAC-457A-87B3-875AAE47CE38}.Debug|x86.Build.0 = Debug|Win32
		{A23D9B42-0BAC-457A-87B3-875AAE47CE38}.Release|x64.ActiveCfg = Release|x64
		{A23D9B42-0BAC-457A-87B3-875AAE47CE38}.Release|x64.Build.0 = Release|x64
		{A23D9B42-0BAC-457A-87B3-875AAE47CE38}.Release|x86.ActiveCfg = Release|Win32
		{A23D9B42-0BAC-457A-87B3-875AAE47CE38}.Release|x86.Build.0 = Release|Win32
		{ED9CDCF4-FC6C-48E6-B4B5-CCDB14DDD525}.Debug|x64.ActiveCfg = Debug|x64
		{ED9CDCF4-FC6C-48E6-B4B5-CCDB14DDD525}.Debug|x64.Build.0 = Debug|x64
		{ED9CDCF4-FC6C-48E6-B4B5-CCDB14DDD525}.Debug|x86.ActiveCfg = Debug|Win32
		{ED9CDCF4-FC6C-48E6-B4B5-CCDB14DDD525}.Debug|x86.Build.0 = Debug|Win32
		{ED9CDCF4-FC6C-48E6-B4B5-CCDB14DDD525}.Release|x64.ActiveCfg = Release|x64
		{ED9CDCF4-FC6C-48E6-B4B5-CCDB14DDD525}.Release|x64.Build.0 = Release|x64
		{ED9CDCF4-FC6C-48E6-B4B5-CCDB14DDD525}.Release|x86.ActiveCfg = Release|Win32
		{ED9CDCF4-FC6C-48E6-B4B5-CCDB14DDD525}.Release|x86.Build.0 = Release|Win32
		{8AA1932B-E78D-47C4-8CB9-9BB89FF762EA}.Debug|x64.ActiveCfg = Debug|x64
		{8AA1932B-E78D-47C4-8CB9-9BB89FF762EA}.Debug|x64.Build.0 = Debug|x64
		{8AA1932B-E78D-47C4-8CB9-9BB89FF762EA}.Debug|x86.ActiveCfg = Debug|Win32
		{8AA1932B-E78D-47C4-8CB9-9BB89FF762EA}.Debug|x86.Build.0 = Debug|Win32
		{8AA1932B-E78D-47C4-8CB9-9BB89FF762EA}.Release|x64.ActiveCfg = Release|x64
		{8AA1932B-E78D-47C4-8CB9-9BB89FF762EA}.Release|x64.Build.0 = Release|x64
		{8AA1932B-E78D-47C4-8CB9-9BB89FF762EA}.Release|x86.ActiveCfg = Release|Win32
		{8AA1932B-E78D-47C4-8CB9-9BB89FF762EA}.Release|x86.Build.0 = Release|Win32
		{8FC5FF81-1AE3-4A3C-8CCB-677CA2A5B01F}.Debug|x64.ActiveCfg = Debug|x64
		{8FC5FF81-1AE3-4A3C-8CCB-677CA2A5B01F}.Debug|x64.Build.0 = Debug|x64
		{8FC5FF81-1AE3-4A3C-8CCB-677CA2A5B01F}.Debug|x86.ActiveCfg = Debug|Win32
		{8FC5FF81-1AE3-4A3C-8CCB-677CA2A5B01F}.Debug|x86.Build.0 = Debug|Win32
		{8FC5FF81-1AE3-4A3C-8CCB-677CA2A5B01F}.Release|x64.ActiveCfg = Release|x64
		{8FC5FF81-1AE3-4A3C-8CCB-677CA2A5B01F}.Release|x64.Build.0 = Release|x64
		{8FC5FF81-1AE3-4A3C-8CCB-677CA2A5B01F}.Release|x86.ActiveCfg = Release|Win32
		{8FC5FF81-1AE3-4A3C-8CCB-677CA2A5B01F}.Release|x86.Build.0 = Release|Win32
		{FBD865ED-9086-4272-B208-6FC8A1E8AD9A}.Debug|x64.ActiveCfg = Debug|x64
		{FBD865ED-9086-4272-B208-6FC8A1E8AD9A}.Debug|x64.Build.0 = Debug|x64
		{FBD865ED-9086-4272-B208-6FC8A1E8AD9A}.Debug|x86.ActiveCfg = Debug|Win32
		{FBD865ED-9086-4272-B208-6FC8A1E8AD9A}.Debug|x86.Build.0 = Debug|Win32
		{FBD865ED-9086-4272-B208-6FC8A1E8AD9A}.Release|x64.ActiveCfg = Release|x64
		{FBD865ED-9086-4272-B208-6FC8A1E8AD9A}.Release|x64.Build.0 = Release|x64
		{FBD865ED-9086-4272-B208-6FC8A1E8AD9A}.Release|x86.ActiveCfg = Release|Win32
		{FBD865ED-9086-4272-B208-6FC8A1E8AD9A}.Release|x86.Build.0 = Release|Win32
		{3C7170EA-786B-41D8-9DAC-F25141C4E290}.Debug|x64.ActiveCfg = Debug|x64
		{3C7170EA-786B-41D8-9DAC-F25141C4E290}.Debug|x64.Build.0 = Debug|x64
		{3C7170EA-786B-41D8-9DAC-F25141C4E290}.Debug|x86.ActiveCfg = Debug|Win32
		{3C7170EA-786B-41D8-9DAC-F25141C4E290}.Debug|x86.Build.0 = Debug|Win32
		{3C7170EA-786B-41D8-9DAC-F25141C4E290}.Release|x64.ActiveCfg = Release|x64
		{3C7170EA-786B-41D8-9DAC-F25141C4E290}.Release|x64.Build.0 = Release|x64
		{3C7170EA-786B-41D8-9DAC-F25141C4E290}.Release|x86.ActiveCfg = Release|Win32
		{3C7170EA-786B-41D8-9DAC-F25141C4E290}.Release|x86.Build.0 = Release|Win32
		{4313947F-921D-42E6-9221-3EA56CB31B80}.Debug|x64.ActiveCfg = Debug|x64
		{4313947F-921D-42E6-9221-3EA56CB31B80}.Debug|x64.Build.0 = Debug|x64
		{4313947F-921D-42E6-9221-3EA56CB31B80}.Debug|x86.ActiveCfg = Debug|Win32
		{4313947F-921D-42E6-9221-3EA56CB31B80}.Debug|x86.Build.0 = Debug|Win32
		{4313947F-921D-42E6-9221-3EA56CB31B80}.Release|x64.ActiveCfg = Release|x64
		{4313947F-921D-42E6-9221-3EA56CB31B80}.Release|x64.Build.0 = Release|x64
		{4313947F-921D-42E6-9221-3EA56CB31B80}.Release|x86.ActiveCfg = Release|Win32
		{4313947F-921D-42E6-9221-3EA56CB31B80}.Release|x86.Build.0 = Release|Win32
		{96578F49-9A86-427A-ADA9-BD5640E6D3CF}.Debug|x64.ActiveCfg = Debug|x64
		{96578F49-9A86-427A-ADA9-BD5640E6D3CF}.Debug|x64.Build.0 = Debug|x64
		{96578F49-9A86-427A-ADA9-BD5640E6D3CF}.Debug|x86.ActiveCfg = Debug|Win32
		{96578F49-9A86-427A-ADA9-BD5640E6D3CF}.Debug|x86.Build.0 = Debug|Win32
		{96578F49-9A86-427A-ADA9-BD5640E6D3CF}.Release|x64.ActiveCfg = Release|x64
		{96578F49-9A86-427A-ADA9-BD5640E6D3CF}.Release|x64.Build.0 = Release|x64
		{96578F49-9A86-427A-ADA9-BD5640E6D3CF}.Release|x86.ActiveCfg = Release|Win32
		{96578F49-9A86-427A-ADA9-BD5640E6D3CF}.Release|x86.Build.0 = Release|Win32
		{8748D31F-AA3E-4237-A455-43C0FCDD4899}.Debug|x64.ActiveCfg = Debug|x64
		{8748D31F-AA3E-4237-A455-43C0FCDD4899}.Debug|x64.Build.0 = Debug|x64
		{8748D31F-AA3E-4237-A455-43C0FCDD4899}.Debug|x86.ActiveCfg = Debug|Win32
		{8748D31F-AA3E-4237-A455-43C0FCDD4899}.Debug|x86.Build.0 = Debug|Win32
		{8748D31F-AA3E-4237-A455-43C0FCDD4899}.Release|x64.ActiveCfg = Release|x64
		{8748D31F-AA3E-4237-A455-43C0FCDD4899}.Release|x64.Build.0 = Release|x64
		{8748D31F-AA3E-4237-A455-43C0FCDD4899}.Release|x86.ActiveCfg = Release|Win32
		{8748D31F-AA3E-4237-A455-43C0FCDD4899}.Release|x86.Build.0 = Release|Win32
		{E148D233-7042-41A1-9BF6-61A23CA71D2A}.Debug|x64.ActiveCfg = Debug|x64
		{E148D233-7042-41A1-9BF6-61A23CA71D2A}.Debug|x64.Build.0 = Debug|x64
		{E148D233-7042-41A1-9BF6-61A23CA71D2A}.Debug|x86.ActiveCfg = Debug|Win32
		{E148D233-7042-41A1-9BF6-61A23CA71D2A}.Debug|x86.Build.0 = Debug|Win32
		{E148D233-7042-41A1-9BF6-61A23CA71D2A}.Release|x64.ActiveCfg = Release|x64
		{E148D233-7042-41A1-9BF6-61A23CA71D2A}.Release|x64.Build.0 = Release|x64
		{E148D233-7042-41A1-9BF6-61A23CA71D2A}.Release|x86.ActiveCfg = Release|Win32
		{E148D233-7042-41A1-9BF6-61A23CA71D2A}.Release|x86.Build.0 = Release|Win32
		{5E32EF0C-9ADF-459F-9539-521D31185EE4}.Debug|x64.ActiveCfg = Debug|x64
		{5E32EF0C-9ADF-459F-9539-521D31185EE4}.Debug|x64.Build.0 = Debug|x64
		{5E32EF0C-9ADF-459F-9539-521D31185EE4}.Debug|x86.ActiveCfg = Debug|Win32
		{5E32EF0C-9ADF-459F-9539-521D31185EE4}.Debug|x86.Build.0 = Debug|Win32
		{5E32EF0C-9ADF-459F-9539-521D31185EE4}.Release|x64.ActiveCfg = Release|x64
		{5E32EF0C-9ADF-459F-9539-521D31185EE4}.Release|x64.Build.0 = Release|x64
		{5E32EF0C-9ADF-459F-9539-521D31185EE4}.Release|x86.ActiveCfg = Release|Win32
		{5E32EF0C-9ADF-459F-9539-521D31185EE4}.Release|x86.Build.0 = Release|Win32
		{1A23A29E-7696-4A1E-B1CD-63BAD9B5BD53}.Debug|x64.ActiveCfg = Debug|x64
		{1A23A29E-7696-4A1E-B1CD-63BAD9B5BD53}.Debug|x64.Build.0 = Debug|x64
		{1A23A29E-7696-4A1E-B1CD-63BAD9B5BD53}.Debug|x86.ActiveCfg = Debug|Win32
		{1A23A29E-7696-4A1E-B1CD-63BAD9B5BD53}.Debug|x86.Build.0 = Debug|Win32
		{1A23A29E-7696-4A1E-B1CD-63BAD9B5BD53}.Release|x64.ActiveCfg = Release|x64
		{1A23A29E-7696-4A1E-B1CD-63BAD9B5BD53}.Release|x64.Build.0 = Release|x64
		{1A23A29E-7696-4A1E-B1CD-63BAD9B5BD53}.Release|x86.ActiveCfg = Release|Win32
		{1A23A29E-7696-4A1E-B1CD-63BAD9B5BD53}.Release|x86.Build.0 = Release|Win32
		{AE7401EC-7FBC-4429-B519-3734C24EE600}.Debug|x64.ActiveCfg = Debug|x64
		{AE7401EC-7FBC-4429-B519-3734C24EE600}.Debug|x64.Build.0 = Debug|x64
		{AE7401EC-7FBC-4429-B519-3734C24EE600}.Debug|x86.ActiveCfg = Debug|Win32
		{AE7401EC-7FBC-4429-B519-3734C24EE600}.Debug|x86.Build.0 = Debug|Win32
		{AE7401EC-7FBC-4429-B519-3734C24EE600}.Release|x64.ActiveCfg = Release|x64
		{AE7401EC-7FBC-4429-B519-3734C24EE600}.Release|x64.Build.0 = Release|x64
		{AE7401EC-7FBC-4429-B519-3734C24EE600}.Release|x86.ActiveCfg = Release|Win32
		{AE7401EC-7FBC-4429-B519-3734C24EE600}.Release|x86.Build.0 = Release|Win32
		{C2A53179-3061-4834-A955-560047250241}.Debug|x64.ActiveCfg = Debug|x64
		{C2A53179-3061-4834-A955-560047250241}.Debug|x64.Build.0 = Debug|x64
		{C2A53179-3061-4834-A955-560047250241}.Debug|x86.ActiveCfg = Debug|Win32
		{C2A53179-3061-4834-A955-560047250241}.Debug|x86.Build.0 = Debug|Win32
		{C2A53179-3061-4834-A955-560047250241}.Release|x64.ActiveCfg = Release|x64
		{C2A53179-3061-4834-A955-560047250241}.Release|x64.Build.0 = Release|x64
		{C2A53179-3061-4834-A955-560047250241}.Release|x86.ActiveCfg = Release|Win32
		{C2A53179-3061-4834-A955-560047250241}.Release|x86.Build.0 = Release|Win32
		{AD3BFD96-DC53-484D-8F96-830B95F87B34}.Debug|x64.ActiveCfg = Debug|x64
		{AD3BFD96-DC53-484D-8F96-830B95F87B34}.Debug|x64.Build.0 = Debug|x64
		{AD3BFD96-DC53-484D-8F96-830B95F87B34}.Debug|x86.ActiveCfg = Debug|Win32
		{AD3BFD96-DC53-484D-8F96-830B95F87B34}.Debug|x86.Build.0 = Debug|Win32
		{AD3BFD96-DC53-484D-8F96-830B95F87B34}.Release|x64.ActiveCfg = Release|x64
		{AD3BFD96-DC53-484D-8F96-830B95F87B34}.Release|x64.Build.0 = Release|x64
		{AD3BFD96-DC53-484D-8F96-830B95F87B34}.Release|x86.ActiveCfg = Release|Win32
		{AD3BFD96-DC53-484D-8F96-830B95F87B34}.Release|x86.Build.0 = Release|Win32
		{096A42C5-7CB5-4996-A329-43914D50C86C}.Debug|x64.ActiveCfg = Debug|x64
		{096A42C5-7CB5-4996-A329-43914D50C86C}.Debug|x64.Build.0 = Debug|x64
		{096A42C5-7CB5-4996-A329-43914D50C86C}.Debug|x86.ActiveCfg = Debug|Win32
		{096A42C5-7CB5-4996-A329-43914D50C86C}.Debug|x86.Build.0 = Debug|Win32
		{096A42C5-7CB5-4996-A329-43914D50C86C}.Release|x64.ActiveCfg = Release|x64
		{096A42C5-7CB5-4996-A329-43914D50C86C}.Release|x64.Build.0 = Release|x64
		{096A42C5-7CB5-4996-A329-43914D50C86C}.Release|x86.ActiveCfg = Release|Win32
		{096A42C5-7CB5-4996-A329-43914D50C86C}.Release|x86.Build.0 = Release|Win32
		{F077B672-D0AB-4F7D-96E5-2ED4A839573B}.Debug|x64.ActiveCfg = Debug|x64
		{F077B672-D0AB-4F7D-96E5-2ED4A839573B}.Debug|x64.Build.0 = Debug|x64
		{F077B672-D0AB-4F7D-96E5-2ED4A839573B}.Debug|x86.ActiveCfg = Debug|Win32
		{F077B672-D0AB-4F7D-96E5-2ED4A839573B}.Debug|x86.Build.0 = Debug|Win32
		{F077B672-D0AB-4F7D-96E5-2ED4A839573B}.Release|x64.ActiveCfg = Release|x64
		{F077B672-D0AB-4F7D-96E5-2ED4A839573B}.Release|x64.Build.0 = Release|x64
		{F077B672-D0AB-4F7D-96E5-2ED4A839573B}.Release|x86.ActiveCfg = Release|Win32
		{F077B672-D0AB-4F7D-96E5-2ED4A839573B}.Release|x86.Build.0 = Release|Win32
		{08B7B4C9-7D7E-4A95-B566-399960539B46}.Debug|x64.ActiveCfg = Debug|x64
		{08B7B4C9-7D7E-4A95-B566-399960539B46}.Debug|x64.Build.0 = Debug|x64
		{08B7B4C9-7D7E-4A95-B566-399960539B46}.Debug|x86.ActiveCfg = Debug|Win32
		{08B7B4C9-7D7E-4A95-B566-399960539B46}.Debug|x86.Build.0 = Debug|Win32
		{08B7B4C9-7D7E-4A95-B566-399960539B46}.Release|x64.ActiveCfg = Release|x64
		{08B7B4C9-7D7E-4A95-B566-399960539B46}.Release|x64.Build.0 = Release|x64
		{08B7B4C9-7D7E-4A95-B566-399960539B46}.Release|x86.ActiveCfg = Release|Win32
		{08B7B4C9-7D7E-4A95-B566-399960539B46}.Release|x86.Build.0 = Release|Win32
		{BF4C333C-821D-4730-951A-CC2D2E59572C}.Debug|x64.ActiveCfg = Debug|x64
		{BF4C333C-821D-4730-951A-CC2D2E59572C}.Debug|x64.Build.0 = Debug|x64
		{BF4C333C-821D-4730-951A-CC2D2E59572C}.Debug|x86.ActiveCfg = Debug|Win32
		{BF4C333C-821D-4730-951A-CC2D2E59572C}.Debug|x86.Build.0 = Debug|Win32
		{BF4C333C-821D-4730-951A-CC2D2E59572C}.Release|x64.ActiveCfg = Release|x64
		{BF4C333C-821D-4730-951A-CC2D2E59572C}.Release|x64.Build.0 = Release|x64
		{BF4C333C-821D-4730-951A-CC2D2E59572C}.Release|x86.ActiveCfg = Release|Win32
		{BF4C333C-821D-4730-951A-CC2D2E59572C}.Release|x86.Build.0 = Release|Win32
		{C23ABAB7-CC48-41FC-B08A-3F3AD62CA485}.Debug|x64.ActiveCfg = Debug|x64
		{C23ABAB7-CC48-41FC-B08A-3F3AD62CA485}.Debug|x64.Build.0 = Debug|x64
		{C23ABAB7-CC48-41FC-B08A-3F3AD62CA485}.Debug|x86.ActiveCfg = Debug|Win32
		{C23ABAB7-CC48-41FC-B08A-3F3AD62CA485}.Debug|x86.Build.0 = Debug|Win32
		{C23ABAB7-CC48-41FC-B08A-3F3AD62CA485}.Release|x64.ActiveCfg = Release|x64
		{C23ABAB7-CC48-41FC-B08A-3F3AD62CA485}.Release|x64.Build.0 = Release|x64
		{C23ABAB7-CC48-41FC-B08A-3F3AD62CA485}.Release|x86.ActiveCfg = Release|Win32
		{C23ABAB7-CC48-41FC-B08A-3F3AD62CA485}.Release|x86.Build.0 = Release|Win32
		{4B2096B6-F7D6-4525-8F99-576D50D7132E}.Debug|x64.ActiveCfg = Debug|x64
		{4B2096B6-F7D6-4525-8F99-576D50D7132E}.Debug|x64.Build.0 = Debug|x64
		{4B2096B6-F7D6-4525-8F99-576D50D7132E}.Debug|x86.ActiveCfg = Debug|Win32
		{4B2096B6-F7D6-4525-8F99-576D50D7132E}.Debug|x86.Build.0 = Debug|Win32
		{4B2096B6-F7D6-4525-8F99-576D50D7132E}.Release|x64.ActiveCfg = Release|x64
		{4B2096B6-F7D6-4525-8F99-576D50D7132E}.Release|x64.Build.0 = Release|x64
		{4B2096B6-F7D6-4525-8F99-576D50D7132E}.Release|x86.ActiveCfg = Release|Win32
		{4B2096B6-F7D6-4525-8F99-576D50D7132E}.Release|x86.Build.0 = Release|Win32
		{4B5F12B9-9EAE-4BB0-8AE2-CD3328F69139}.Debug|x64.ActiveCfg = Debug|x64
		{4B5F12B9-9EAE-4BB0-8AE2-CD3328F69139}.Debug|x64.Build.0 = Debug|x64
		{4B5F12B9-9EAE-4BB0-8AE2-CD3328F69139}.Debug|x86.ActiveCfg = Debug|Win32
		{4B5F12B9-9EAE-4BB0-8AE2-CD3328F69139}.Debug|x86.Build.0 = Debug|Win32
		{4B5F12B9-9EAE-4BB0-8AE2-CD3328F69139}.Release|x64.ActiveCfg = Release|x64
		{4B5F12B9-9EAE-4BB0-8AE2-CD3328F69139}.Release|x64.Build.0 = Release|x64
		{4B5F12B9-9EAE-4BB0-8AE2-CD3328F69139}.Release|x86.ActiveCfg = Release|Win32
		{4B5F12B9-9EAE-4BB0-8AE2-CD3328F69139}.Release|x86.Build.0 = Release|Win32
		{D9DA6E5B-6071-4598-9E2C-7B3807966D4E}.Debug|x64.ActiveCfg = Debug|x64
		{D9DA6E5B-6071-4598-9E2C-7B3807966D4E}.Debug|x64.Build.0 = Debug|x64
		{D9DA6E5B-6071-4598-9E2C-7B3807966D4E}.Debug|x86.ActiveCfg = Debug|Win32
		{D9DA6E5B-6071-4598-9E2C-7B3807966D4E}.Debug|x86.Build.0 = Debug|Win32
		{D9DA6E5B-6071-4598-9E2C-7B3807966D4E}.Release|x64.ActiveCfg = Release|x64
		{D9DA6E5B-6071-4598-9E2C-7B3807966D4E}.Release|x64.Build.0 = Release|x64
		{D9DA6E5B-6071-4598-9E2C-7B3807966D4E}.Release|x86.ActiveCfg = Release|Win32
		{D9DA6E5B-6071-4598-9E2C-7B3807966D4E}.Release|x86.Build.0 = Release|Win32
	EndGlobalSection
	GlobalSection(SolutionProperties) = preSolution
		HideSolutionNode = FALSE
	EndGlobalSection
	GlobalSection(ExtensibilityGlobals) = postSolution
		SolutionGuid = {E4D5BE26-8793-44E2-9A51-B8D95BC0D4BD}
	EndGlobalSection
EndGlobal
