
Microsoft Visual Studio Solution File, Format Version 12.00
# Visual Studio Version 17
VisualStudioVersion = 17.7.34221.43
MinimumVisualStudioVersion = 10.0.40219.1
Project("{8BC9CEB8-8B4A-11D0-8D11-00A0C91BC942}") = "Bai001", "Bai001\Bai001.vcxproj", "{906C9785-43ED-4907-BBCC-1C6A5B89175E}"
EndProject
Project("{8BC9CEB8-8B4A-11D0-8D11-00A0C91BC942}") = "Bai141", "Bai141\Bai141.vcxproj", "{A3E085A7-7D3D-4C44-B21D-4BE46CDAEC96}"
EndProject
Project("{8BC9CEB8-8B4A-11D0-8D11-00A0C91BC942}") = "Bai142", "Bai142\Bai142.vcxproj", "{8EA031C9-3CE5-4631-A501-3705ACC966B5}"
EndProject
Project("{8BC9CEB8-8B4A-11D0-8D11-00A0C91BC942}") = "Bai143", "Bai143\Bai143.vcxproj", "{60BA7111-1CF8-4EFC-914E-8F6137583E03}"
EndProject
Project("{8BC9CEB8-8B4A-11D0-8D11-00A0C91BC942}") = "Bai144", "Bai144\Bai144.vcxproj", "{900B1657-0212-46A5-AF19-DA0D25643921}"
EndProject
Project("{8BC9CEB8-8B4A-11D0-8D11-00A0C91BC942}") = "Bai145", "Bai145\Bai145.vcxproj", "{352646E4-A93F-4FB3-AE53-CB55C444825C}"
EndProject
Project("{8BC9CEB8-8B4A-11D0-8D11-00A0C91BC942}") = "Bai146", "Bai146\Bai146.vcxproj", "{BDFFAC6C-03A3-4A35-B132-079A456F7381}"
EndProject
Project("{8BC9CEB8-8B4A-11D0-8D11-00A0C91BC942}") = "Bai147", "Bai147\Bai147.vcxproj", "{353ECAB7-8897-4CA0-B8F0-7B310B15A893}"
EndProject
Project("{8BC9CEB8-8B4A-11D0-8D11-00A0C91BC942}") = "Bai148", "Bai148\Bai148.vcxproj", "{A23D9B42-0BAC-457A-87B3-875AAE47CE38}"
EndProject
Project("{8BC9CEB8-8B4A-11D0-8D11-00A0C91BC942}") = "Bai149", "Bai149\Bai149.vcxproj", "{ED9CDCF4-FC6C-48E6-B4B5-CCDB14DDD525}"
EndProject
Project("{8BC9CEB8-8B4A-11D0-8D11-00A0C91BC942}") = "Bai150", "Bai150\Bai150.vcxproj", "{8AA1932B-E78D-47C4-8CB9-9BB89FF762EA}"
EndProject
Project("{8BC9CEB8-8B4A-11D0-8D11-00A0C91BC942}") = "Bai151", "Bai151\Bai151.vcxproj", "{8FC5FF81-1AE3-4A3C-8CCB-677CA2A5B01F}"
EndProject
Project("{8BC9CEB8-8B4A-11D0-8D11-00A0C91BC942}") = "Bai152", "Bai152\Bai152.vcxproj", "{FBD865ED-9086-4272-B208-6FC8A1E8AD9A}"
EndProject
Project("{8BC9CEB8-8B4A-11D0-8D11-00A0C91BC942}") = "Bai153", "Bai153\Bai153.vcxproj", "{3C7170EA-786B-41D8-9DAC-F25141C4E290}"
EndProject
Project("{8BC9CEB8-8B4A-11D0-8D11-00A0C91BC942}") = "Bai154", "Bai154\Bai154.vcxproj", "{4313947F-921D-42E6-9221-3EA56CB31B80}"
EndProject
Project("{8BC9CEB8-8B4A-11D0-8D11-00A0C91BC942}") = "Bai155", "Bai155\Bai155.vcxproj", "{96578F49-9A86-427A-ADA9-BD5640E6D3CF}"
EndProject
Project("{8BC9CEB8-8B4A-11D0-8D11-00A0C91BC942}") = "Bai156", "Bai156\Bai156.vcxproj", "{8748D31F-AA3E-4237-A455-43C0FCDD4899}"
EndProject
Project("{8BC9CEB8-8B4A-11D0-8D11-00A0C91BC942}") = "Bai157", "Bai157\Bai157.vcxproj", "{E148D233-7042-41A1-9BF6-61A23CA71D2A}"
EndProject
Project("{8BC9CEB8-8B4A-11D0-8D11-00A0C91BC942}") = "Bai158", "Bai158\Bai158.vcxproj", "{5E32EF0C-9ADF-459F-9539-521D31185EE4}"
EndProject
Project("{8BC9CEB8-8B4A-11D0-8D11-00A0C91BC942}") = "Bai160", "Bai160\Bai160.vcxproj", "{1A23A29E-7696-4A1E-B1CD-63BAD9B5BD53}"
EndProject
Project("{8BC9CEB8-8B4A-11D0-8D11-00A0C91BC942}") = "Bai161", "Bai161\Bai161.vcxproj", "{AE7401EC-7FBC-4429-B519-3734C24EE600}"
EndProject
Project("{8BC9CEB8-8B4A-11D0-8D11-00A0C91BC942}") = "Bai163", "Bai163\Bai163.vcxproj", "{C2A53179-3061-4834-A955-560047250241}"
EndProject
Project("{8BC9CEB8-8B4A-11D0-8D11-00A0C91BC942}") = "Bai164", "Bai164\Bai164.vcxproj", "{AD3BFD96-DC53-484D-8F96-830B95F87B34}"
EndProject
Project("{8BC9CEB8-8B4A-11D0-8D11-00A0C91BC942}") = "Bai165", "Bai165\Bai165.vcxproj", "{096A42C5-7CB5-4996-A329-43914D50C86C}"
EndProject
Project("{8BC9CEB8-8B4A-11D0-8D11-00A0C91BC942}") = "Bai166", "Bai166\Bai166.vcxproj", "{F077B672-D0AB-4F7D-96E5-2ED4A839573B}"
EndProject
Project("{8BC9CEB8-8B4A-11D0-8D11-00A0C91BC942}") = "Bai167", "Bai167\Bai167.vcxproj", "{08B7B4C9-7D7E-4A95-B566-399960539B46}"
EndProject
Project("{8BC9CEB8-8B4A-11D0-8D11-00A0C91BC942}") = "Bai168", "Bai168\Bai168.vcxproj", "{BF4C333C-821D-4730-951A-CC2D2E59572C}"
EndProject
Project("{8BC9CEB8-8B4A-11D0-8D11-00A0C91BC942}") = "Bai169", "Bai169\Bai169.vcxproj", "{C23ABAB7-CC48-41FC-B08A-3F3AD62CA485}"
EndProject
Project("{8BC9CEB8-8B4A-11D0-8D11-00A0C91BC942}") = "Bai171", "Bai171\Bai171.vcxproj", "{4B2096B6-F7D6-4525-8F99-576D50D7132E}"
EndProject
Project("{8BC9CEB8-8B4A-11D0-8D11-00A0C91BC942}") = "Bai172", "Bai172\Bai172.vcxproj", "{4B5F12B9-9EAE-4BB0-8AE2-CD3328F69139}"
EndProject
Project("{8BC9CEB8-8B4A-11D0-8D11-00A0C91BC942}") = "Bai106", "Bai106\Bai106.vcxproj", "{D9DA6E5B-6071-4598-9E2C-7B3807966D4E}"
EndProject
Project("{8BC9CEB8-8B4A-11D0-8D11-00A0C91BC942}") = "Bai036", "Bai036\Bai036.vcxproj", "{3CBA219B-6DE1-495D-ABED-B6A60D27ADA5}"
EndProject
Project("{8BC9CEB8-8B4A-11D0-8D11-00A0C91BC942}") = "Bai037", "Bai037\Bai037.vcxproj", "{BF4B9C92-6070-4C7E-9E29-F959C66E6614}"
EndProject
Project("{8BC9CEB8-8B4A-11D0-8D11-00A0C91BC942}") = "Bai038", "Bai038\Bai038.vcxproj", "{ACD5EE0C-A80D-4173-A274-6EDD3326B7BE}"
EndProject
Project("{8BC9CEB8-8B4A-11D0-8D11-00A0C91BC942}") = "Bai039", "Bai039\Bai039.vcxproj", "{552BAEA9-9CFA-4ACA-9543-DA602CDC59C5}"
EndProject
Project("{8BC9CEB8-8B4A-11D0-8D11-00A0C91BC942}") = "Bai040", "Bai040\Bai040.vcxproj", "{5AE2DBE3-C4A6-42E0-8FD2-0A06433FBAEF}"
EndProject
Project("{8BC9CEB8-8B4A-11D0-8D11-00A0C91BC942}") = "Bai041remake", "Bai041remake\Bai041remake.vcxproj", "{EDFF2EA7-5B79-4D19-9511-2B773A3AE0E6}"
EndProject
Project("{8BC9CEB8-8B4A-11D0-8D11-00A0C91BC942}") = "Bai042", "Bai042\Bai042.vcxproj", "{DD4B1533-D62E-48CB-9A25-8F1CDF4C8016}"
EndProject
Project("{8BC9CEB8-8B4A-11D0-8D11-00A0C91BC942}") = "Bai043", "Bai043\Bai043.vcxproj", "{509811E6-6894-475D-B08B-871FF2538D42}"
EndProject
Project("{8BC9CEB8-8B4A-11D0-8D11-00A0C91BC942}") = "Bai044", "Bai044\Bai044.vcxproj", "{FDE69555-6A47-4DB9-A7F7-159F06AFFF07}"
EndProject
Project("{8BC9CEB8-8B4A-11D0-8D11-00A0C91BC942}") = "Bai045", "Bai045\Bai045.vcxproj", "{0F7103EE-155B-4172-8C23-677B548BABD7}"
EndProject
Project("{8BC9CEB8-8B4A-11D0-8D11-00A0C91BC942}") = "Bai046", "Bai046\Bai046.vcxproj", "{7DE5C6EB-758B-4510-AC0A-2113D5749151}"
EndProject
Project("{8BC9CEB8-8B4A-11D0-8D11-00A0C91BC942}") = "Bai048", "Bai048\Bai048.vcxproj", "{191000DB-9DB0-43D8-9EAB-321A943F71A2}"
EndProject
Project("{8BC9CEB8-8B4A-11D0-8D11-00A0C91BC942}") = "Bai047", "Bai047\Bai047.vcxproj", "{8256886C-F3D8-471A-B1DA-A4E462CFDD5E}"
EndProject
Project("{8BC9CEB8-8B4A-11D0-8D11-00A0C91BC942}") = "Bai049", "Bai049\Bai049.vcxproj", "{52CCB210-C8FD-44F3-925F-991797CFC7FB}"
EndProject
Project("{8BC9CEB8-8B4A-11D0-8D11-00A0C91BC942}") = "Bai050", "Bai050\Bai050.vcxproj", "{356B9AE7-E49C-4A00-8335-2AAE309B8C6D}"
EndProject
Project("{8BC9CEB8-8B4A-11D0-8D11-00A0C91BC942}") = "Bai051", "Bai051\Bai051.vcxproj", "{D208CE20-AF22-4567-82F5-F473E05C0F20}"
EndProject
Project("{8BC9CEB8-8B4A-11D0-8D11-00A0C91BC942}") = "Bai052", "Bai052\Bai052.vcxproj", "{B3567F2F-0BB6-4AC4-A6DE-FB09458B6AE7}"
EndProject
Project("{8BC9CEB8-8B4A-11D0-8D11-00A0C91BC942}") = "Bai053", "Bai053\Bai053.vcxproj", "{9E83E136-AC36-407C-BA3B-90FACDEB461A}"
EndProject
Project("{8BC9CEB8-8B4A-11D0-8D11-00A0C91BC942}") = "Bai054", "Bai054\Bai054.vcxproj", "{DB58FAF8-0D0B-49FD-9DBD-A6E6D44AA245}"
EndProject
Project("{8BC9CEB8-8B4A-11D0-8D11-00A0C91BC942}") = "Bai055", "Bai055\Bai055.vcxproj", "{214751C3-3A55-4098-8E0E-6888CB99E0CA}"
EndProject
Project("{8BC9CEB8-8B4A-11D0-8D11-00A0C91BC942}") = "Bai056", "Bai056\Bai056.vcxproj", "{F899D4BE-DD9E-4675-BF3A-B5BE810A67B5}"
EndProject
Project("{8BC9CEB8-8B4A-11D0-8D11-00A0C91BC942}") = "Bai057", "Bai057\Bai057.vcxproj", "{39DDD915-F563-4BDB-A7C0-5A76C96C69F0}"
EndProject
Project("{8BC9CEB8-8B4A-11D0-8D11-00A0C91BC942}") = "Bai058", "Bai058\Bai058.vcxproj", "{DBFA9186-D551-4E1B-97BB-C5727BA6ACA5}"
EndProject
Project("{8BC9CEB8-8B4A-11D0-8D11-00A0C91BC942}") = "Bai059", "Bai059\Bai059.vcxproj", "{1F9149FB-7107-4C0F-BB7A-67383E994226}"
EndProject
Project("{8BC9CEB8-8B4A-11D0-8D11-00A0C91BC942}") = "Bai060", "Bai060\Bai060.vcxproj", "{492B33EF-207C-4DC2-B271-D5DF553E3FB5}"
EndProject
Project("{8BC9CEB8-8B4A-11D0-8D11-00A0C91BC942}") = "Bai061", "Bai061\Bai061.vcxproj", "{7252D06A-F318-4E6E-99F7-4CEF5ED291E4}"
EndProject
Project("{8BC9CEB8-8B4A-11D0-8D11-00A0C91BC942}") = "Bai062", "Bai062\Bai062.vcxproj", "{55ABF4A2-924C-4A20-8FB8-810F5F6817D0}"
EndProject
Project("{8BC9CEB8-8B4A-11D0-8D11-00A0C91BC942}") = "Bai063", "Bai063\Bai063.vcxproj", "{1299BE0D-00E5-4AA2-9E28-BDE71A730C91}"
EndProject
Project("{8BC9CEB8-8B4A-11D0-8D11-00A0C91BC942}") = "Bai064", "Bai064\Bai064.vcxproj", "{808B5B36-2BD9-48ED-B30A-EF46FEEC53A1}"
EndProject
Project("{8BC9CEB8-8B4A-11D0-8D11-00A0C91BC942}") = "Bai065", "Bai065\Bai065.vcxproj", "{8E0F2363-8460-41B4-BE64-9659176EA4B4}"
EndProject
Project("{8BC9CEB8-8B4A-11D0-8D11-00A0C91BC942}") = "Bai066", "Bai066\Bai066.vcxproj", "{7762EE41-36A7-4ECA-8EEB-AAFE928E182C}"
EndProject
Project("{8BC9CEB8-8B4A-11D0-8D11-00A0C91BC942}") = "Bai067", "Bai067\Bai067.vcxproj", "{5CFB1F66-B427-4018-9CF2-935C74469001}"
EndProject
Project("{8BC9CEB8-8B4A-11D0-8D11-00A0C91BC942}") = "Bai068", "Bai068\Bai068.vcxproj", "{EF17BA1F-B4E2-4C8B-A8DD-223425ADC05B}"
EndProject
Project("{8BC9CEB8-8B4A-11D0-8D11-00A0C91BC942}") = "Bai069", "Bai069\Bai069.vcxproj", "{E0A95959-1405-4E66-A485-FE1042EC3AE5}"
EndProject
Project("{8BC9CEB8-8B4A-11D0-8D11-00A0C91BC942}") = "Bai070", "Bai070\Bai070.vcxproj", "{FEBEA16A-7855-420E-AB4F-A16460CA01EA}"
EndProject
Project("{8BC9CEB8-8B4A-11D0-8D11-00A0C91BC942}") = "Bai107", "Bai107\Bai107.vcxproj", "{FD4D4DA7-B48A-4D7F-AB3D-B26114ADEB0B}"
EndProject
Project("{8BC9CEB8-8B4A-11D0-8D11-00A0C91BC942}") = "Bai108", "Bai108\Bai108.vcxproj", "{8DD658DD-CB44-42BD-897A-1FA329B1833D}"
EndProject
Project("{8BC9CEB8-8B4A-11D0-8D11-00A0C91BC942}") = "Bai109", "Bai109\Bai109.vcxproj", "{4830DA9F-9BBA-4436-AB4C-62BD2BA5A256}"
EndProject
Project("{8BC9CEB8-8B4A-11D0-8D11-00A0C91BC942}") = "Bai110", "Bai110\Bai110.vcxproj", "{26A126AB-F741-4195-BB14-65CE3347D74C}"
EndProject
Project("{8BC9CEB8-8B4A-11D0-8D11-00A0C91BC942}") = "Bai111", "Bai111\Bai111.vcxproj", "{50622D46-3B3A-45C7-BDE3-22628519E98E}"
EndProject
Project("{8BC9CEB8-8B4A-11D0-8D11-00A0C91BC942}") = "Bai112", "Bai112\Bai112.vcxproj", "{0AAF6319-A977-4A34-9013-FE4540513682}"
EndProject
Project("{8BC9CEB8-8B4A-11D0-8D11-00A0C91BC942}") = "Bai113", "Bai113\Bai113.vcxproj", "{AC30954F-3BB8-4CF1-AC86-81E555090539}"
EndProject
Project("{8BC9CEB8-8B4A-11D0-8D11-00A0C91BC942}") = "Bai114", "Bai114\Bai114.vcxproj", "{E478F3E9-C7D7-4706-8EC5-24FBFFC72214}"
EndProject
Project("{8BC9CEB8-8B4A-11D0-8D11-00A0C91BC942}") = "Bai115", "Bai115\Bai115.vcxproj", "{D0FF3FCC-4E68-41EB-8D7C-2BC8A4D60306}"
EndProject
Project("{8BC9CEB8-8B4A-11D0-8D11-00A0C91BC942}") = "Bai116", "Bai116\Bai116.vcxproj", "{5E4E2CCE-3F6F-414F-8C47-593C0AF90547}"
EndProject
Project("{8BC9CEB8-8B4A-11D0-8D11-00A0C91BC942}") = "Bai117", "Bai117\Bai117.vcxproj", "{E62925CC-8E62-436E-9602-EEF81E4A8415}"
EndProject
Project("{8BC9CEB8-8B4A-11D0-8D11-00A0C91BC942}") = "Bai118", "Bai118\Bai118.vcxproj", "{B9777DC2-4FF5-4E97-B7F9-24D241F74C61}"
EndProject
Project("{8BC9CEB8-8B4A-11D0-8D11-00A0C91BC942}") = "Bai119", "Bai119\Bai119.vcxproj", "{7E08D9B3-6EF9-4FE1-87D9-680D71374CF5}"
EndProject
Project("{8BC9CEB8-8B4A-11D0-8D11-00A0C91BC942}") = "Bai120", "Bai120\Bai120.vcxproj", "{24772F1D-F439-4EF6-B623-C05599A90E67}"
EndProject
Project("{8BC9CEB8-8B4A-11D0-8D11-00A0C91BC942}") = "Bai121", "Bai121\Bai121.vcxproj", "{4231BC8E-7BFD-49D6-94C3-885BFF2CC662}"
EndProject
Project("{8BC9CEB8-8B4A-11D0-8D11-00A0C91BC942}") = "Bai122", "Bai122\Bai122.vcxproj", "{365ED2A3-4B50-47E4-A9F7-EA842C13F7B3}"
EndProject
Project("{8BC9CEB8-8B4A-11D0-8D11-00A0C91BC942}") = "Bai123", "Bai123\Bai123.vcxproj", "{38D520E3-3EBA-403F-BE3F-6FCFB53BD2F1}"
EndProject
Project("{8BC9CEB8-8B4A-11D0-8D11-00A0C91BC942}") = "Bai124", "Bai124\Bai124.vcxproj", "{3D792597-CBC7-418B-9284-26DBCC288EF7}"
EndProject
Project("{8BC9CEB8-8B4A-11D0-8D11-00A0C91BC942}") = "Bai125", "Bai125\Bai125.vcxproj", "{3A506533-773C-4894-9E9E-8C707B38E33C}"
EndProject
Project("{8BC9CEB8-8B4A-11D0-8D11-00A0C91BC942}") = "Bai126", "Bai126\Bai126.vcxproj", "{3974DCC9-7B54-4E4F-BFCF-73C12D796AA6}"
EndProject
Project("{8BC9CEB8-8B4A-11D0-8D11-00A0C91BC942}") = "Bai127", "Bai127\Bai127.vcxproj", "{B7FBDFB3-EF79-4909-8B76-83F5348A40DD}"
EndProject
Project("{8BC9CEB8-8B4A-11D0-8D11-00A0C91BC942}") = "Bai128", "Bai128\Bai128.vcxproj", "{B1CA7FD5-5609-4466-81C1-0D1E3FB2508D}"
EndProject
Project("{8BC9CEB8-8B4A-11D0-8D11-00A0C91BC942}") = "Bai129", "Bai129\Bai129.vcxproj", "{5C8FB0C1-1432-48B4-B034-845E2003E525}"
EndProject
Project("{8BC9CEB8-8B4A-11D0-8D11-00A0C91BC942}") = "Bai130", "Bai130\Bai130.vcxproj", "{F91DE259-8F66-482B-B8DA-E4AE38ABF605}"
EndProject
Project("{8BC9CEB8-8B4A-11D0-8D11-00A0C91BC942}") = "Bai131", "Bai131\Bai131.vcxproj", "{8B8F6D06-4EC0-4A79-B961-59B8A5AD5F9B}"
EndProject
Project("{8BC9CEB8-8B4A-11D0-8D11-00A0C91BC942}") = "Bai132", "Bai132\Bai132.vcxproj", "{60633612-1336-4A8C-AC28-258E08ACC191}"
EndProject
Project("{8BC9CEB8-8B4A-11D0-8D11-00A0C91BC942}") = "Bai133", "Bai133\Bai133.vcxproj", "{F45AE35A-3777-4FA0-9E5B-1FA44F8136FB}"
EndProject
Project("{8BC9CEB8-8B4A-11D0-8D11-00A0C91BC942}") = "Bai134", "Bai134\Bai134.vcxproj", "{2E453B8C-598D-4771-96B8-13FB0C9B75C2}"
EndProject
Project("{8BC9CEB8-8B4A-11D0-8D11-00A0C91BC942}") = "Bai135", "Bai135\Bai135.vcxproj", "{75E9AC10-00C8-4490-B632-057A9276806C}"
EndProject
Project("{8BC9CEB8-8B4A-11D0-8D11-00A0C91BC942}") = "Bai136", "Bai136\Bai136.vcxproj", "{13D201CA-E632-4B6D-B721-699EA24316E5}"
EndProject
Project("{8BC9CEB8-8B4A-11D0-8D11-00A0C91BC942}") = "Bai138", "Bai138\Bai138.vcxproj", "{580A4BA3-6D48-4DC8-868E-2A715BA5E389}"
EndProject
Project("{8BC9CEB8-8B4A-11D0-8D11-00A0C91BC942}") = "Bai139", "Bai139\Bai139.vcxproj", "{5308F1D5-C544-4D6E-980D-610FF1ECB7BC}"
EndProject
Project("{8BC9CEB8-8B4A-11D0-8D11-00A0C91BC942}") = "Bai140", "Bai140\Bai140.vcxproj", "{2699EC3C-9ACA-433E-AA22-6B638B1308B4}"
EndProject
Project("{8BC9CEB8-8B4A-11D0-8D11-00A0C91BC942}") = "Bai137", "Bai137\Bai137.vcxproj", "{5547FFA8-4929-4CE5-800A-0AD4A385B4CE}"
EndProject
Global
	GlobalSection(SolutionConfigurationPlatforms) = preSolution
		Debug|x64 = Debug|x64
		Debug|x86 = Debug|x86
		Release|x64 = Release|x64
		Release|x86 = Release|x86
	EndGlobalSection
	GlobalSection(ProjectConfigurationPlatforms) = postSolution
		{906C9785-43ED-4907-BBCC-1C6A5B89175E}.Debug|x64.ActiveCfg = Debug|x64
		{906C9785-43ED-4907-BBCC-1C6A5B89175E}.Debug|x64.Build.0 = Debug|x64
		{906C9785-43ED-4907-BBCC-1C6A5B89175E}.Debug|x86.ActiveCfg = Debug|Win32
		{906C9785-43ED-4907-BBCC-1C6A5B89175E}.Debug|x86.Build.0 = Debug|Win32
		{906C9785-43ED-4907-BBCC-1C6A5B89175E}.Release|x64.ActiveCfg = Release|x64
		{906C9785-43ED-4907-BBCC-1C6A5B89175E}.Release|x64.Build.0 = Release|x64
		{906C9785-43ED-4907-BBCC-1C6A5B89175E}.Release|x86.ActiveCfg = Release|Win32
		{906C9785-43ED-4907-BBCC-1C6A5B89175E}.Release|x86.Build.0 = Release|Win32
		{A3E085A7-7D3D-4C44-B21D-4BE46CDAEC96}.Debug|x64.ActiveCfg = Debug|x64
		{A3E085A7-7D3D-4C44-B21D-4BE46CDAEC96}.Debug|x64.Build.0 = Debug|x64
		{A3E085A7-7D3D-4C44-B21D-4BE46CDAEC96}.Debug|x86.ActiveCfg = Debug|Win32
		{A3E085A7-7D3D-4C44-B21D-4BE46CDAEC96}.Debug|x86.Build.0 = Debug|Win32
		{A3E085A7-7D3D-4C44-B21D-4BE46CDAEC96}.Release|x64.ActiveCfg = Release|x64
		{A3E085A7-7D3D-4C44-B21D-4BE46CDAEC96}.Release|x64.Build.0 = Release|x64
		{A3E085A7-7D3D-4C44-B21D-4BE46CDAEC96}.Release|x86.ActiveCfg = Release|Win32
		{A3E085A7-7D3D-4C44-B21D-4BE46CDAEC96}.Release|x86.Build.0 = Release|Win32
		{8EA031C9-3CE5-4631-A501-3705ACC966B5}.Debug|x64.ActiveCfg = Debug|x64
		{8EA031C9-3CE5-4631-A501-3705ACC966B5}.Debug|x64.Build.0 = Debug|x64
		{8EA031C9-3CE5-4631-A501-3705ACC966B5}.Debug|x86.ActiveCfg = Debug|Win32
		{8EA031C9-3CE5-4631-A501-3705ACC966B5}.Debug|x86.Build.0 = Debug|Win32
		{8EA031C9-3CE5-4631-A501-3705ACC966B5}.Release|x64.ActiveCfg = Release|x64
		{8EA031C9-3CE5-4631-A501-3705ACC966B5}.Release|x64.Build.0 = Release|x64
		{8EA031C9-3CE5-4631-A501-3705ACC966B5}.Release|x86.ActiveCfg = Release|Win32
		{8EA031C9-3CE5-4631-A501-3705ACC966B5}.Release|x86.Build.0 = Release|Win32
		{60BA7111-1CF8-4EFC-914E-8F6137583E03}.Debug|x64.ActiveCfg = Debug|x64
		{60BA7111-1CF8-4EFC-914E-8F6137583E03}.Debug|x64.Build.0 = Debug|x64
		{60BA7111-1CF8-4EFC-914E-8F6137583E03}.Debug|x86.ActiveCfg = Debug|Win32
		{60BA7111-1CF8-4EFC-914E-8F6137583E03}.Debug|x86.Build.0 = Debug|Win32
		{60BA7111-1CF8-4EFC-914E-8F6137583E03}.Release|x64.ActiveCfg = Release|x64
		{60BA7111-1CF8-4EFC-914E-8F6137583E03}.Release|x64.Build.0 = Release|x64
		{60BA7111-1CF8-4EFC-914E-8F6137583E03}.Release|x86.ActiveCfg = Release|Win32
		{60BA7111-1CF8-4EFC-914E-8F6137583E03}.Release|x86.Build.0 = Release|Win32
		{900B1657-0212-46A5-AF19-DA0D25643921}.Debug|x64.ActiveCfg = Debug|x64
		{900B1657-0212-46A5-AF19-DA0D25643921}.Debug|x64.Build.0 = Debug|x64
		{900B1657-0212-46A5-AF19-DA0D25643921}.Debug|x86.ActiveCfg = Debug|Win32
		{900B1657-0212-46A5-AF19-DA0D25643921}.Debug|x86.Build.0 = Debug|Win32
		{900B1657-0212-46A5-AF19-DA0D25643921}.Release|x64.ActiveCfg = Release|x64
		{900B1657-0212-46A5-AF19-DA0D25643921}.Release|x64.Build.0 = Release|x64
		{900B1657-0212-46A5-AF19-DA0D25643921}.Release|x86.ActiveCfg = Release|Win32
		{900B1657-0212-46A5-AF19-DA0D25643921}.Release|x86.Build.0 = Release|Win32
		{352646E4-A93F-4FB3-AE53-CB55C444825C}.Debug|x64.ActiveCfg = Debug|x64
		{352646E4-A93F-4FB3-AE53-CB55C444825C}.Debug|x64.Build.0 = Debug|x64
		{352646E4-A93F-4FB3-AE53-CB55C444825C}.Debug|x86.ActiveCfg = Debug|Win32
		{352646E4-A93F-4FB3-AE53-CB55C444825C}.Debug|x86.Build.0 = Debug|Win32
		{352646E4-A93F-4FB3-AE53-CB55C444825C}.Release|x64.ActiveCfg = Release|x64
		{352646E4-A93F-4FB3-AE53-CB55C444825C}.Release|x64.Build.0 = Release|x64
		{352646E4-A93F-4FB3-AE53-CB55C444825C}.Release|x86.ActiveCfg = Release|Win32
		{352646E4-A93F-4FB3-AE53-CB55C444825C}.Release|x86.Build.0 = Release|Win32
		{BDFFAC6C-03A3-4A35-B132-079A456F7381}.Debug|x64.ActiveCfg = Debug|x64
		{BDFFAC6C-03A3-4A35-B132-079A456F7381}.Debug|x64.Build.0 = Debug|x64
		{BDFFAC6C-03A3-4A35-B132-079A456F7381}.Debug|x86.ActiveCfg = Debug|Win32
		{BDFFAC6C-03A3-4A35-B132-079A456F7381}.Debug|x86.Build.0 = Debug|Win32
		{BDFFAC6C-03A3-4A35-B132-079A456F7381}.Release|x64.ActiveCfg = Release|x64
		{BDFFAC6C-03A3-4A35-B132-079A456F7381}.Release|x64.Build.0 = Release|x64
		{BDFFAC6C-03A3-4A35-B132-079A456F7381}.Release|x86.ActiveCfg = Release|Win32
		{BDFFAC6C-03A3-4A35-B132-079A456F7381}.Release|x86.Build.0 = Release|Win32
		{353ECAB7-8897-4CA0-B8F0-7B310B15A893}.Debug|x64.ActiveCfg = Debug|x64
		{353ECAB7-8897-4CA0-B8F0-7B310B15A893}.Debug|x64.Build.0 = Debug|x64
		{353ECAB7-8897-4CA0-B8F0-7B310B15A893}.Debug|x86.ActiveCfg = Debug|Win32
		{353ECAB7-8897-4CA0-B8F0-7B310B15A893}.Debug|x86.Build.0 = Debug|Win32
		{353ECAB7-8897-4CA0-B8F0-7B310B15A893}.Release|x64.ActiveCfg = Release|x64
		{353ECAB7-8897-4CA0-B8F0-7B310B15A893}.Release|x64.Build.0 = Release|x64
		{353ECAB7-8897-4CA0-B8F0-7B310B15A893}.Release|x86.ActiveCfg = Release|Win32
		{353ECAB7-8897-4CA0-B8F0-7B310B15A893}.Release|x86.Build.0 = Release|Win32
		{A23D9B42-0BAC-457A-87B3-875AAE47CE38}.Debug|x64.ActiveCfg = Debug|x64
		{A23D9B42-0BAC-457A-87B3-875AAE47CE38}.Debug|x64.Build.0 = Debug|x64
		{A23D9B42-0BAC-457A-87B3-875AAE47CE38}.Debug|x86.ActiveCfg = Debug|Win32
		{A23D9B42-0BAC-457A-87B3-875AAE47CE38}.Debug|x86.Build.0 = Debug|Win32
		{A23D9B42-0BAC-457A-87B3-875AAE47CE38}.Release|x64.ActiveCfg = Release|x64
		{A23D9B42-0BAC-457A-87B3-875AAE47CE38}.Release|x64.Build.0 = Release|x64
		{A23D9B42-0BAC-457A-87B3-875AAE47CE38}.Release|x86.ActiveCfg = Release|Win32
		{A23D9B42-0BAC-457A-87B3-875AAE47CE38}.Release|x86.Build.0 = Release|Win32
		{ED9CDCF4-FC6C-48E6-B4B5-CCDB14DDD525}.Debug|x64.ActiveCfg = Debug|x64
		{ED9CDCF4-FC6C-48E6-B4B5-CCDB14DDD525}.Debug|x64.Build.0 = Debug|x64
		{ED9CDCF4-FC6C-48E6-B4B5-CCDB14DDD525}.Debug|x86.ActiveCfg = Debug|Win32
		{ED9CDCF4-FC6C-48E6-B4B5-CCDB14DDD525}.Debug|x86.Build.0 = Debug|Win32
		{ED9CDCF4-FC6C-48E6-B4B5-CCDB14DDD525}.Release|x64.ActiveCfg = Release|x64
		{ED9CDCF4-FC6C-48E6-B4B5-CCDB14DDD525}.Release|x64.Build.0 = Release|x64
		{ED9CDCF4-FC6C-48E6-B4B5-CCDB14DDD525}.Release|x86.ActiveCfg = Release|Win32
		{ED9CDCF4-FC6C-48E6-B4B5-CCDB14DDD525}.Release|x86.Build.0 = Release|Win32
		{8AA1932B-E78D-47C4-8CB9-9BB89FF762EA}.Debug|x64.ActiveCfg = Debug|x64
		{8AA1932B-E78D-47C4-8CB9-9BB89FF762EA}.Debug|x64.Build.0 = Debug|x64
		{8AA1932B-E78D-47C4-8CB9-9BB89FF762EA}.Debug|x86.ActiveCfg = Debug|Win32
		{8AA1932B-E78D-47C4-8CB9-9BB89FF762EA}.Debug|x86.Build.0 = Debug|Win32
		{8AA1932B-E78D-47C4-8CB9-9BB89FF762EA}.Release|x64.ActiveCfg = Release|x64
		{8AA1932B-E78D-47C4-8CB9-9BB89FF762EA}.Release|x64.Build.0 = Release|x64
		{8AA1932B-E78D-47C4-8CB9-9BB89FF762EA}.Release|x86.ActiveCfg = Release|Win32
		{8AA1932B-E78D-47C4-8CB9-9BB89FF762EA}.Release|x86.Build.0 = Release|Win32
		{8FC5FF81-1AE3-4A3C-8CCB-677CA2A5B01F}.Debug|x64.ActiveCfg = Debug|x64
		{8FC5FF81-1AE3-4A3C-8CCB-677CA2A5B01F}.Debug|x64.Build.0 = Debug|x64
		{8FC5FF81-1AE3-4A3C-8CCB-677CA2A5B01F}.Debug|x86.ActiveCfg = Debug|Win32
		{8FC5FF81-1AE3-4A3C-8CCB-677CA2A5B01F}.Debug|x86.Build.0 = Debug|Win32
		{8FC5FF81-1AE3-4A3C-8CCB-677CA2A5B01F}.Release|x64.ActiveCfg = Release|x64
		{8FC5FF81-1AE3-4A3C-8CCB-677CA2A5B01F}.Release|x64.Build.0 = Release|x64
		{8FC5FF81-1AE3-4A3C-8CCB-677CA2A5B01F}.Release|x86.ActiveCfg = Release|Win32
		{8FC5FF81-1AE3-4A3C-8CCB-677CA2A5B01F}.Release|x86.Build.0 = Release|Win32
		{FBD865ED-9086-4272-B208-6FC8A1E8AD9A}.Debug|x64.ActiveCfg = Debug|x64
		{FBD865ED-9086-4272-B208-6FC8A1E8AD9A}.Debug|x64.Build.0 = Debug|x64
		{FBD865ED-9086-4272-B208-6FC8A1E8AD9A}.Debug|x86.ActiveCfg = Debug|Win32
		{FBD865ED-9086-4272-B208-6FC8A1E8AD9A}.Debug|x86.Build.0 = Debug|Win32
		{FBD865ED-9086-4272-B208-6FC8A1E8AD9A}.Release|x64.ActiveCfg = Release|x64
		{FBD865ED-9086-4272-B208-6FC8A1E8AD9A}.Release|x64.Build.0 = Release|x64
		{FBD865ED-9086-4272-B208-6FC8A1E8AD9A}.Release|x86.ActiveCfg = Release|Win32
		{FBD865ED-9086-4272-B208-6FC8A1E8AD9A}.Release|x86.Build.0 = Release|Win32
		{3C7170EA-786B-41D8-9DAC-F25141C4E290}.Debug|x64.ActiveCfg = Debug|x64
		{3C7170EA-786B-41D8-9DAC-F25141C4E290}.Debug|x64.Build.0 = Debug|x64
		{3C7170EA-786B-41D8-9DAC-F25141C4E290}.Debug|x86.ActiveCfg = Debug|Win32
		{3C7170EA-786B-41D8-9DAC-F25141C4E290}.Debug|x86.Build.0 = Debug|Win32
		{3C7170EA-786B-41D8-9DAC-F25141C4E290}.Release|x64.ActiveCfg = Release|x64
		{3C7170EA-786B-41D8-9DAC-F25141C4E290}.Release|x64.Build.0 = Release|x64
		{3C7170EA-786B-41D8-9DAC-F25141C4E290}.Release|x86.ActiveCfg = Release|Win32
		{3C7170EA-786B-41D8-9DAC-F25141C4E290}.Release|x86.Build.0 = Release|Win32
		{4313947F-921D-42E6-9221-3EA56CB31B80}.Debug|x64.ActiveCfg = Debug|x64
		{4313947F-921D-42E6-9221-3EA56CB31B80}.Debug|x64.Build.0 = Debug|x64
		{4313947F-921D-42E6-9221-3EA56CB31B80}.Debug|x86.ActiveCfg = Debug|Win32
		{4313947F-921D-42E6-9221-3EA56CB31B80}.Debug|x86.Build.0 = Debug|Win32
		{4313947F-921D-42E6-9221-3EA56CB31B80}.Release|x64.ActiveCfg = Release|x64
		{4313947F-921D-42E6-9221-3EA56CB31B80}.Release|x64.Build.0 = Release|x64
		{4313947F-921D-42E6-9221-3EA56CB31B80}.Release|x86.ActiveCfg = Release|Win32
		{4313947F-921D-42E6-9221-3EA56CB31B80}.Release|x86.Build.0 = Release|Win32
		{96578F49-9A86-427A-ADA9-BD5640E6D3CF}.Debug|x64.ActiveCfg = Debug|x64
		{96578F49-9A86-427A-ADA9-BD5640E6D3CF}.Debug|x64.Build.0 = Debug|x64
		{96578F49-9A86-427A-ADA9-BD5640E6D3CF}.Debug|x86.ActiveCfg = Debug|Win32
		{96578F49-9A86-427A-ADA9-BD5640E6D3CF}.Debug|x86.Build.0 = Debug|Win32
		{96578F49-9A86-427A-ADA9-BD5640E6D3CF}.Release|x64.ActiveCfg = Release|x64
		{96578F49-9A86-427A-ADA9-BD5640E6D3CF}.Release|x64.Build.0 = Release|x64
		{96578F49-9A86-427A-ADA9-BD5640E6D3CF}.Release|x86.ActiveCfg = Release|Win32
		{96578F49-9A86-427A-ADA9-BD5640E6D3CF}.Release|x86.Build.0 = Release|Win32
		{8748D31F-AA3E-4237-A455-43C0FCDD4899}.Debug|x64.ActiveCfg = Debug|x64
		{8748D31F-AA3E-4237-A455-43C0FCDD4899}.Debug|x64.Build.0 = Debug|x64
		{8748D31F-AA3E-4237-A455-43C0FCDD4899}.Debug|x86.ActiveCfg = Debug|Win32
		{8748D31F-AA3E-4237-A455-43C0FCDD4899}.Debug|x86.Build.0 = Debug|Win32
		{8748D31F-AA3E-4237-A455-43C0FCDD4899}.Release|x64.ActiveCfg = Release|x64
		{8748D31F-AA3E-4237-A455-43C0FCDD4899}.Release|x64.Build.0 = Release|x64
		{8748D31F-AA3E-4237-A455-43C0FCDD4899}.Release|x86.ActiveCfg = Release|Win32
		{8748D31F-AA3E-4237-A455-43C0FCDD4899}.Release|x86.Build.0 = Release|Win32
		{E148D233-7042-41A1-9BF6-61A23CA71D2A}.Debug|x64.ActiveCfg = Debug|x64
		{E148D233-7042-41A1-9BF6-61A23CA71D2A}.Debug|x64.Build.0 = Debug|x64
		{E148D233-7042-41A1-9BF6-61A23CA71D2A}.Debug|x86.ActiveCfg = Debug|Win32
		{E148D233-7042-41A1-9BF6-61A23CA71D2A}.Debug|x86.Build.0 = Debug|Win32
		{E148D233-7042-41A1-9BF6-61A23CA71D2A}.Release|x64.ActiveCfg = Release|x64
		{E148D233-7042-41A1-9BF6-61A23CA71D2A}.Release|x64.Build.0 = Release|x64
		{E148D233-7042-41A1-9BF6-61A23CA71D2A}.Release|x86.ActiveCfg = Release|Win32
		{E148D233-7042-41A1-9BF6-61A23CA71D2A}.Release|x86.Build.0 = Release|Win32
		{5E32EF0C-9ADF-459F-9539-521D31185EE4}.Debug|x64.ActiveCfg = Debug|x64
		{5E32EF0C-9ADF-459F-9539-521D31185EE4}.Debug|x64.Build.0 = Debug|x64
		{5E32EF0C-9ADF-459F-9539-521D31185EE4}.Debug|x86.ActiveCfg = Debug|Win32
		{5E32EF0C-9ADF-459F-9539-521D31185EE4}.Debug|x86.Build.0 = Debug|Win32
		{5E32EF0C-9ADF-459F-9539-521D31185EE4}.Release|x64.ActiveCfg = Release|x64
		{5E32EF0C-9ADF-459F-9539-521D31185EE4}.Release|x64.Build.0 = Release|x64
		{5E32EF0C-9ADF-459F-9539-521D31185EE4}.Release|x86.ActiveCfg = Release|Win32
		{5E32EF0C-9ADF-459F-9539-521D31185EE4}.Release|x86.Build.0 = Release|Win32
		{1A23A29E-7696-4A1E-B1CD-63BAD9B5BD53}.Debug|x64.ActiveCfg = Debug|x64
		{1A23A29E-7696-4A1E-B1CD-63BAD9B5BD53}.Debug|x64.Build.0 = Debug|x64
		{1A23A29E-7696-4A1E-B1CD-63BAD9B5BD53}.Debug|x86.ActiveCfg = Debug|Win32
		{1A23A29E-7696-4A1E-B1CD-63BAD9B5BD53}.Debug|x86.Build.0 = Debug|Win32
		{1A23A29E-7696-4A1E-B1CD-63BAD9B5BD53}.Release|x64.ActiveCfg = Release|x64
		{1A23A29E-7696-4A1E-B1CD-63BAD9B5BD53}.Release|x64.Build.0 = Release|x64
		{1A23A29E-7696-4A1E-B1CD-63BAD9B5BD53}.Release|x86.ActiveCfg = Release|Win32
		{1A23A29E-7696-4A1E-B1CD-63BAD9B5BD53}.Release|x86.Build.0 = Release|Win32
		{AE7401EC-7FBC-4429-B519-3734C24EE600}.Debug|x64.ActiveCfg = Debug|x64
		{AE7401EC-7FBC-4429-B519-3734C24EE600}.Debug|x64.Build.0 = Debug|x64
		{AE7401EC-7FBC-4429-B519-3734C24EE600}.Debug|x86.ActiveCfg = Debug|Win32
		{AE7401EC-7FBC-4429-B519-3734C24EE600}.Debug|x86.Build.0 = Debug|Win32
		{AE7401EC-7FBC-4429-B519-3734C24EE600}.Release|x64.ActiveCfg = Release|x64
		{AE7401EC-7FBC-4429-B519-3734C24EE600}.Release|x64.Build.0 = Release|x64
		{AE7401EC-7FBC-4429-B519-3734C24EE600}.Release|x86.ActiveCfg = Release|Win32
		{AE7401EC-7FBC-4429-B519-3734C24EE600}.Release|x86.Build.0 = Release|Win32
		{C2A53179-3061-4834-A955-560047250241}.Debug|x64.ActiveCfg = Debug|x64
		{C2A53179-3061-4834-A955-560047250241}.Debug|x64.Build.0 = Debug|x64
		{C2A53179-3061-4834-A955-560047250241}.Debug|x86.ActiveCfg = Debug|Win32
		{C2A53179-3061-4834-A955-560047250241}.Debug|x86.Build.0 = Debug|Win32
		{C2A53179-3061-4834-A955-560047250241}.Release|x64.ActiveCfg = Release|x64
		{C2A53179-3061-4834-A955-560047250241}.Release|x64.Build.0 = Release|x64
		{C2A53179-3061-4834-A955-560047250241}.Release|x86.ActiveCfg = Release|Win32
		{C2A53179-3061-4834-A955-560047250241}.Release|x86.Build.0 = Release|Win32
		{AD3BFD96-DC53-484D-8F96-830B95F87B34}.Debug|x64.ActiveCfg = Debug|x64
		{AD3BFD96-DC53-484D-8F96-830B95F87B34}.Debug|x64.Build.0 = Debug|x64
		{AD3BFD96-DC53-484D-8F96-830B95F87B34}.Debug|x86.ActiveCfg = Debug|Win32
		{AD3BFD96-DC53-484D-8F96-830B95F87B34}.Debug|x86.Build.0 = Debug|Win32
		{AD3BFD96-DC53-484D-8F96-830B95F87B34}.Release|x64.ActiveCfg = Release|x64
		{AD3BFD96-DC53-484D-8F96-830B95F87B34}.Release|x64.Build.0 = Release|x64
		{AD3BFD96-DC53-484D-8F96-830B95F87B34}.Release|x86.ActiveCfg = Release|Win32
		{AD3BFD96-DC53-484D-8F96-830B95F87B34}.Release|x86.Build.0 = Release|Win32
		{096A42C5-7CB5-4996-A329-43914D50C86C}.Debug|x64.ActiveCfg = Debug|x64
		{096A42C5-7CB5-4996-A329-43914D50C86C}.Debug|x64.Build.0 = Debug|x64
		{096A42C5-7CB5-4996-A329-43914D50C86C}.Debug|x86.ActiveCfg = Debug|Win32
		{096A42C5-7CB5-4996-A329-43914D50C86C}.Debug|x86.Build.0 = Debug|Win32
		{096A42C5-7CB5-4996-A329-43914D50C86C}.Release|x64.ActiveCfg = Release|x64
		{096A42C5-7CB5-4996-A329-43914D50C86C}.Release|x64.Build.0 = Release|x64
		{096A42C5-7CB5-4996-A329-43914D50C86C}.Release|x86.ActiveCfg = Release|Win32
		{096A42C5-7CB5-4996-A329-43914D50C86C}.Release|x86.Build.0 = Release|Win32
		{F077B672-D0AB-4F7D-96E5-2ED4A839573B}.Debug|x64.ActiveCfg = Debug|x64
		{F077B672-D0AB-4F7D-96E5-2ED4A839573B}.Debug|x64.Build.0 = Debug|x64
		{F077B672-D0AB-4F7D-96E5-2ED4A839573B}.Debug|x86.ActiveCfg = Debug|Win32
		{F077B672-D0AB-4F7D-96E5-2ED4A839573B}.Debug|x86.Build.0 = Debug|Win32
		{F077B672-D0AB-4F7D-96E5-2ED4A839573B}.Release|x64.ActiveCfg = Release|x64
		{F077B672-D0AB-4F7D-96E5-2ED4A839573B}.Release|x64.Build.0 = Release|x64
		{F077B672-D0AB-4F7D-96E5-2ED4A839573B}.Release|x86.ActiveCfg = Release|Win32
		{F077B672-D0AB-4F7D-96E5-2ED4A839573B}.Release|x86.Build.0 = Release|Win32
		{08B7B4C9-7D7E-4A95-B566-399960539B46}.Debug|x64.ActiveCfg = Debug|x64
		{08B7B4C9-7D7E-4A95-B566-399960539B46}.Debug|x64.Build.0 = Debug|x64
		{08B7B4C9-7D7E-4A95-B566-399960539B46}.Debug|x86.ActiveCfg = Debug|Win32
		{08B7B4C9-7D7E-4A95-B566-399960539B46}.Debug|x86.Build.0 = Debug|Win32
		{08B7B4C9-7D7E-4A95-B566-399960539B46}.Release|x64.ActiveCfg = Release|x64
		{08B7B4C9-7D7E-4A95-B566-399960539B46}.Release|x64.Build.0 = Release|x64
		{08B7B4C9-7D7E-4A95-B566-399960539B46}.Release|x86.ActiveCfg = Release|Win32
		{08B7B4C9-7D7E-4A95-B566-399960539B46}.Release|x86.Build.0 = Release|Win32
		{BF4C333C-821D-4730-951A-CC2D2E59572C}.Debug|x64.ActiveCfg = Debug|x64
		{BF4C333C-821D-4730-951A-CC2D2E59572C}.Debug|x64.Build.0 = Debug|x64
		{BF4C333C-821D-4730-951A-CC2D2E59572C}.Debug|x86.ActiveCfg = Debug|Win32
		{BF4C333C-821D-4730-951A-CC2D2E59572C}.Debug|x86.Build.0 = Debug|Win32
		{BF4C333C-821D-4730-951A-CC2D2E59572C}.Release|x64.ActiveCfg = Release|x64
		{BF4C333C-821D-4730-951A-CC2D2E59572C}.Release|x64.Build.0 = Release|x64
		{BF4C333C-821D-4730-951A-CC2D2E59572C}.Release|x86.ActiveCfg = Release|Win32
		{BF4C333C-821D-4730-951A-CC2D2E59572C}.Release|x86.Build.0 = Release|Win32
		{C23ABAB7-CC48-41FC-B08A-3F3AD62CA485}.Debug|x64.ActiveCfg = Debug|x64
		{C23ABAB7-CC48-41FC-B08A-3F3AD62CA485}.Debug|x64.Build.0 = Debug|x64
		{C23ABAB7-CC48-41FC-B08A-3F3AD62CA485}.Debug|x86.ActiveCfg = Debug|Win32
		{C23ABAB7-CC48-41FC-B08A-3F3AD62CA485}.Debug|x86.Build.0 = Debug|Win32
		{C23ABAB7-CC48-41FC-B08A-3F3AD62CA485}.Release|x64.ActiveCfg = Release|x64
		{C23ABAB7-CC48-41FC-B08A-3F3AD62CA485}.Release|x64.Build.0 = Release|x64
		{C23ABAB7-CC48-41FC-B08A-3F3AD62CA485}.Release|x86.ActiveCfg = Release|Win32
		{C23ABAB7-CC48-41FC-B08A-3F3AD62CA485}.Release|x86.Build.0 = Release|Win32
		{4B2096B6-F7D6-4525-8F99-576D50D7132E}.Debug|x64.ActiveCfg = Debug|x64
		{4B2096B6-F7D6-4525-8F99-576D50D7132E}.Debug|x64.Build.0 = Debug|x64
		{4B2096B6-F7D6-4525-8F99-576D50D7132E}.Debug|x86.ActiveCfg = Debug|Win32
		{4B2096B6-F7D6-4525-8F99-576D50D7132E}.Debug|x86.Build.0 = Debug|Win32
		{4B2096B6-F7D6-4525-8F99-576D50D7132E}.Release|x64.ActiveCfg = Release|x64
		{4B2096B6-F7D6-4525-8F99-576D50D7132E}.Release|x64.Build.0 = Release|x64
		{4B2096B6-F7D6-4525-8F99-576D50D7132E}.Release|x86.ActiveCfg = Release|Win32
		{4B2096B6-F7D6-4525-8F99-576D50D7132E}.Release|x86.Build.0 = Release|Win32
		{4B5F12B9-9EAE-4BB0-8AE2-CD3328F69139}.Debug|x64.ActiveCfg = Debug|x64
		{4B5F12B9-9EAE-4BB0-8AE2-CD3328F69139}.Debug|x64.Build.0 = Debug|x64
		{4B5F12B9-9EAE-4BB0-8AE2-CD3328F69139}.Debug|x86.ActiveCfg = Debug|Win32
		{4B5F12B9-9EAE-4BB0-8AE2-CD3328F69139}.Debug|x86.Build.0 = Debug|Win32
		{4B5F12B9-9EAE-4BB0-8AE2-CD3328F69139}.Release|x64.ActiveCfg = Release|x64
		{4B5F12B9-9EAE-4BB0-8AE2-CD3328F69139}.Release|x64.Build.0 = Release|x64
		{4B5F12B9-9EAE-4BB0-8AE2-CD3328F69139}.Release|x86.ActiveCfg = Release|Win32
		{4B5F12B9-9EAE-4BB0-8AE2-CD3328F69139}.Release|x86.Build.0 = Release|Win32
		{D9DA6E5B-6071-4598-9E2C-7B3807966D4E}.Debug|x64.ActiveCfg = Debug|x64
		{D9DA6E5B-6071-4598-9E2C-7B3807966D4E}.Debug|x64.Build.0 = Debug|x64
		{D9DA6E5B-6071-4598-9E2C-7B3807966D4E}.Debug|x86.ActiveCfg = Debug|Win32
		{D9DA6E5B-6071-4598-9E2C-7B3807966D4E}.Debug|x86.Build.0 = Debug|Win32
		{D9DA6E5B-6071-4598-9E2C-7B3807966D4E}.Release|x64.ActiveCfg = Release|x64
		{D9DA6E5B-6071-4598-9E2C-7B3807966D4E}.Release|x64.Build.0 = Release|x64
		{D9DA6E5B-6071-4598-9E2C-7B3807966D4E}.Release|x86.ActiveCfg = Release|Win32
		{D9DA6E5B-6071-4598-9E2C-7B3807966D4E}.Release|x86.Build.0 = Release|Win32
		{3CBA219B-6DE1-495D-ABED-B6A60D27ADA5}.Debug|x64.ActiveCfg = Debug|x64
		{3CBA219B-6DE1-495D-ABED-B6A60D27ADA5}.Debug|x64.Build.0 = Debug|x64
		{3CBA219B-6DE1-495D-ABED-B6A60D27ADA5}.Debug|x86.ActiveCfg = Debug|Win32
		{3CBA219B-6DE1-495D-ABED-B6A60D27ADA5}.Debug|x86.Build.0 = Debug|Win32
		{3CBA219B-6DE1-495D-ABED-B6A60D27ADA5}.Release|x64.ActiveCfg = Release|x64
		{3CBA219B-6DE1-495D-ABED-B6A60D27ADA5}.Release|x64.Build.0 = Release|x64
		{3CBA219B-6DE1-495D-ABED-B6A60D27ADA5}.Release|x86.ActiveCfg = Release|Win32
		{3CBA219B-6DE1-495D-ABED-B6A60D27ADA5}.Release|x86.Build.0 = Release|Win32
		{BF4B9C92-6070-4C7E-9E29-F959C66E6614}.Debug|x64.ActiveCfg = Debug|x64
		{BF4B9C92-6070-4C7E-9E29-F959C66E6614}.Debug|x64.Build.0 = Debug|x64
		{BF4B9C92-6070-4C7E-9E29-F959C66E6614}.Debug|x86.ActiveCfg = Debug|Win32
		{BF4B9C92-6070-4C7E-9E29-F959C66E6614}.Debug|x86.Build.0 = Debug|Win32
		{BF4B9C92-6070-4C7E-9E29-F959C66E6614}.Release|x64.ActiveCfg = Release|x64
		{BF4B9C92-6070-4C7E-9E29-F959C66E6614}.Release|x64.Build.0 = Release|x64
		{BF4B9C92-6070-4C7E-9E29-F959C66E6614}.Release|x86.ActiveCfg = Release|Win32
		{BF4B9C92-6070-4C7E-9E29-F959C66E6614}.Release|x86.Build.0 = Release|Win32
		{ACD5EE0C-A80D-4173-A274-6EDD3326B7BE}.Debug|x64.ActiveCfg = Debug|x64
		{ACD5EE0C-A80D-4173-A274-6EDD3326B7BE}.Debug|x64.Build.0 = Debug|x64
		{ACD5EE0C-A80D-4173-A274-6EDD3326B7BE}.Debug|x86.ActiveCfg = Debug|Win32
		{ACD5EE0C-A80D-4173-A274-6EDD3326B7BE}.Debug|x86.Build.0 = Debug|Win32
		{ACD5EE0C-A80D-4173-A274-6EDD3326B7BE}.Release|x64.ActiveCfg = Release|x64
		{ACD5EE0C-A80D-4173-A274-6EDD3326B7BE}.Release|x64.Build.0 = Release|x64
		{ACD5EE0C-A80D-4173-A274-6EDD3326B7BE}.Release|x86.ActiveCfg = Release|Win32
		{ACD5EE0C-A80D-4173-A274-6EDD3326B7BE}.Release|x86.Build.0 = Release|Win32
		{552BAEA9-9CFA-4ACA-9543-DA602CDC59C5}.Debug|x64.ActiveCfg = Debug|x64
		{552BAEA9-9CFA-4ACA-9543-DA602CDC59C5}.Debug|x64.Build.0 = Debug|x64
		{552BAEA9-9CFA-4ACA-9543-DA602CDC59C5}.Debug|x86.ActiveCfg = Debug|Win32
		{552BAEA9-9CFA-4ACA-9543-DA602CDC59C5}.Debug|x86.Build.0 = Debug|Win32
		{552BAEA9-9CFA-4ACA-9543-DA602CDC59C5}.Release|x64.ActiveCfg = Release|x64
		{552BAEA9-9CFA-4ACA-9543-DA602CDC59C5}.Release|x64.Build.0 = Release|x64
		{552BAEA9-9CFA-4ACA-9543-DA602CDC59C5}.Release|x86.ActiveCfg = Release|Win32
		{552BAEA9-9CFA-4ACA-9543-DA602CDC59C5}.Release|x86.Build.0 = Release|Win32
		{5AE2DBE3-C4A6-42E0-8FD2-0A06433FBAEF}.Debug|x64.ActiveCfg = Debug|x64
		{5AE2DBE3-C4A6-42E0-8FD2-0A06433FBAEF}.Debug|x64.Build.0 = Debug|x64
		{5AE2DBE3-C4A6-42E0-8FD2-0A06433FBAEF}.Debug|x86.ActiveCfg = Debug|Win32
		{5AE2DBE3-C4A6-42E0-8FD2-0A06433FBAEF}.Debug|x86.Build.0 = Debug|Win32
		{5AE2DBE3-C4A6-42E0-8FD2-0A06433FBAEF}.Release|x64.ActiveCfg = Release|x64
		{5AE2DBE3-C4A6-42E0-8FD2-0A06433FBAEF}.Release|x64.Build.0 = Release|x64
		{5AE2DBE3-C4A6-42E0-8FD2-0A06433FBAEF}.Release|x86.ActiveCfg = Release|Win32
		{5AE2DBE3-C4A6-42E0-8FD2-0A06433FBAEF}.Release|x86.Build.0 = Release|Win32
		{EDFF2EA7-5B79-4D19-9511-2B773A3AE0E6}.Debug|x64.ActiveCfg = Debug|x64
		{EDFF2EA7-5B79-4D19-9511-2B773A3AE0E6}.Debug|x64.Build.0 = Debug|x64
		{EDFF2EA7-5B79-4D19-9511-2B773A3AE0E6}.Debug|x86.ActiveCfg = Debug|Win32
		{EDFF2EA7-5B79-4D19-9511-2B773A3AE0E6}.Debug|x86.Build.0 = Debug|Win32
		{EDFF2EA7-5B79-4D19-9511-2B773A3AE0E6}.Release|x64.ActiveCfg = Release|x64
		{EDFF2EA7-5B79-4D19-9511-2B773A3AE0E6}.Release|x64.Build.0 = Release|x64
		{EDFF2EA7-5B79-4D19-9511-2B773A3AE0E6}.Release|x86.ActiveCfg = Release|Win32
		{EDFF2EA7-5B79-4D19-9511-2B773A3AE0E6}.Release|x86.Build.0 = Release|Win32
		{DD4B1533-D62E-48CB-9A25-8F1CDF4C8016}.Debug|x64.ActiveCfg = Debug|x64
		{DD4B1533-D62E-48CB-9A25-8F1CDF4C8016}.Debug|x64.Build.0 = Debug|x64
		{DD4B1533-D62E-48CB-9A25-8F1CDF4C8016}.Debug|x86.ActiveCfg = Debug|Win32
		{DD4B1533-D62E-48CB-9A25-8F1CDF4C8016}.Debug|x86.Build.0 = Debug|Win32
		{DD4B1533-D62E-48CB-9A25-8F1CDF4C8016}.Release|x64.ActiveCfg = Release|x64
		{DD4B1533-D62E-48CB-9A25-8F1CDF4C8016}.Release|x64.Build.0 = Release|x64
		{DD4B1533-D62E-48CB-9A25-8F1CDF4C8016}.Release|x86.ActiveCfg = Release|Win32
		{DD4B1533-D62E-48CB-9A25-8F1CDF4C8016}.Release|x86.Build.0 = Release|Win32
		{509811E6-6894-475D-B08B-871FF2538D42}.Debug|x64.ActiveCfg = Debug|x64
		{509811E6-6894-475D-B08B-871FF2538D42}.Debug|x64.Build.0 = Debug|x64
		{509811E6-6894-475D-B08B-871FF2538D42}.Debug|x86.ActiveCfg = Debug|Win32
		{509811E6-6894-475D-B08B-871FF2538D42}.Debug|x86.Build.0 = Debug|Win32
		{509811E6-6894-475D-B08B-871FF2538D42}.Release|x64.ActiveCfg = Release|x64
		{509811E6-6894-475D-B08B-871FF2538D42}.Release|x64.Build.0 = Release|x64
		{509811E6-6894-475D-B08B-871FF2538D42}.Release|x86.ActiveCfg = Release|Win32
		{509811E6-6894-475D-B08B-871FF2538D42}.Release|x86.Build.0 = Release|Win32
		{FDE69555-6A47-4DB9-A7F7-159F06AFFF07}.Debug|x64.ActiveCfg = Debug|x64
		{FDE69555-6A47-4DB9-A7F7-159F06AFFF07}.Debug|x64.Build.0 = Debug|x64
		{FDE69555-6A47-4DB9-A7F7-159F06AFFF07}.Debug|x86.ActiveCfg = Debug|Win32
		{FDE69555-6A47-4DB9-A7F7-159F06AFFF07}.Debug|x86.Build.0 = Debug|Win32
		{FDE69555-6A47-4DB9-A7F7-159F06AFFF07}.Release|x64.ActiveCfg = Release|x64
		{FDE69555-6A47-4DB9-A7F7-159F06AFFF07}.Release|x64.Build.0 = Release|x64
		{FDE69555-6A47-4DB9-A7F7-159F06AFFF07}.Release|x86.ActiveCfg = Release|Win32
		{FDE69555-6A47-4DB9-A7F7-159F06AFFF07}.Release|x86.Build.0 = Release|Win32
		{0F7103EE-155B-4172-8C23-677B548BABD7}.Debug|x64.ActiveCfg = Debug|x64
		{0F7103EE-155B-4172-8C23-677B548BABD7}.Debug|x64.Build.0 = Debug|x64
		{0F7103EE-155B-4172-8C23-677B548BABD7}.Debug|x86.ActiveCfg = Debug|Win32
		{0F7103EE-155B-4172-8C23-677B548BABD7}.Debug|x86.Build.0 = Debug|Win32
		{0F7103EE-155B-4172-8C23-677B548BABD7}.Release|x64.ActiveCfg = Release|x64
		{0F7103EE-155B-4172-8C23-677B548BABD7}.Release|x64.Build.0 = Release|x64
		{0F7103EE-155B-4172-8C23-677B548BABD7}.Release|x86.ActiveCfg = Release|Win32
		{0F7103EE-155B-4172-8C23-677B548BABD7}.Release|x86.Build.0 = Release|Win32
		{7DE5C6EB-758B-4510-AC0A-2113D5749151}.Debug|x64.ActiveCfg = Debug|x64
		{7DE5C6EB-758B-4510-AC0A-2113D5749151}.Debug|x64.Build.0 = Debug|x64
		{7DE5C6EB-758B-4510-AC0A-2113D5749151}.Debug|x86.ActiveCfg = Debug|Win32
		{7DE5C6EB-758B-4510-AC0A-2113D5749151}.Debug|x86.Build.0 = Debug|Win32
		{7DE5C6EB-758B-4510-AC0A-2113D5749151}.Release|x64.ActiveCfg = Release|x64
		{7DE5C6EB-758B-4510-AC0A-2113D5749151}.Release|x64.Build.0 = Release|x64
		{7DE5C6EB-758B-4510-AC0A-2113D5749151}.Release|x86.ActiveCfg = Release|Win32
		{7DE5C6EB-758B-4510-AC0A-2113D5749151}.Release|x86.Build.0 = Release|Win32
		{191000DB-9DB0-43D8-9EAB-321A943F71A2}.Debug|x64.ActiveCfg = Debug|x64
		{191000DB-9DB0-43D8-9EAB-321A943F71A2}.Debug|x64.Build.0 = Debug|x64
		{191000DB-9DB0-43D8-9EAB-321A943F71A2}.Debug|x86.ActiveCfg = Debug|Win32
		{191000DB-9DB0-43D8-9EAB-321A943F71A2}.Debug|x86.Build.0 = Debug|Win32
		{191000DB-9DB0-43D8-9EAB-321A943F71A2}.Release|x64.ActiveCfg = Release|x64
		{191000DB-9DB0-43D8-9EAB-321A943F71A2}.Release|x64.Build.0 = Release|x64
		{191000DB-9DB0-43D8-9EAB-321A943F71A2}.Release|x86.ActiveCfg = Release|Win32
		{191000DB-9DB0-43D8-9EAB-321A943F71A2}.Release|x86.Build.0 = Release|Win32
		{8256886C-F3D8-471A-B1DA-A4E462CFDD5E}.Debug|x64.ActiveCfg = Debug|x64
		{8256886C-F3D8-471A-B1DA-A4E462CFDD5E}.Debug|x64.Build.0 = Debug|x64
		{8256886C-F3D8-471A-B1DA-A4E462CFDD5E}.Debug|x86.ActiveCfg = Debug|Win32
		{8256886C-F3D8-471A-B1DA-A4E462CFDD5E}.Debug|x86.Build.0 = Debug|Win32
		{8256886C-F3D8-471A-B1DA-A4E462CFDD5E}.Release|x64.ActiveCfg = Release|x64
		{8256886C-F3D8-471A-B1DA-A4E462CFDD5E}.Release|x64.Build.0 = Release|x64
		{8256886C-F3D8-471A-B1DA-A4E462CFDD5E}.Release|x86.ActiveCfg = Release|Win32
		{8256886C-F3D8-471A-B1DA-A4E462CFDD5E}.Release|x86.Build.0 = Release|Win32
		{52CCB210-C8FD-44F3-925F-991797CFC7FB}.Debug|x64.ActiveCfg = Debug|x64
		{52CCB210-C8FD-44F3-925F-991797CFC7FB}.Debug|x64.Build.0 = Debug|x64
		{52CCB210-C8FD-44F3-925F-991797CFC7FB}.Debug|x86.ActiveCfg = Debug|Win32
		{52CCB210-C8FD-44F3-925F-991797CFC7FB}.Debug|x86.Build.0 = Debug|Win32
		{52CCB210-C8FD-44F3-925F-991797CFC7FB}.Release|x64.ActiveCfg = Release|x64
		{52CCB210-C8FD-44F3-925F-991797CFC7FB}.Release|x64.Build.0 = Release|x64
		{52CCB210-C8FD-44F3-925F-991797CFC7FB}.Release|x86.ActiveCfg = Release|Win32
		{52CCB210-C8FD-44F3-925F-991797CFC7FB}.Release|x86.Build.0 = Release|Win32
		{356B9AE7-E49C-4A00-8335-2AAE309B8C6D}.Debug|x64.ActiveCfg = Debug|x64
		{356B9AE7-E49C-4A00-8335-2AAE309B8C6D}.Debug|x64.Build.0 = Debug|x64
		{356B9AE7-E49C-4A00-8335-2AAE309B8C6D}.Debug|x86.ActiveCfg = Debug|Win32
		{356B9AE7-E49C-4A00-8335-2AAE309B8C6D}.Debug|x86.Build.0 = Debug|Win32
		{356B9AE7-E49C-4A00-8335-2AAE309B8C6D}.Release|x64.ActiveCfg = Release|x64
		{356B9AE7-E49C-4A00-8335-2AAE309B8C6D}.Release|x64.Build.0 = Release|x64
		{356B9AE7-E49C-4A00-8335-2AAE309B8C6D}.Release|x86.ActiveCfg = Release|Win32
		{356B9AE7-E49C-4A00-8335-2AAE309B8C6D}.Release|x86.Build.0 = Release|Win32
		{D208CE20-AF22-4567-82F5-F473E05C0F20}.Debug|x64.ActiveCfg = Debug|x64
		{D208CE20-AF22-4567-82F5-F473E05C0F20}.Debug|x64.Build.0 = Debug|x64
		{D208CE20-AF22-4567-82F5-F473E05C0F20}.Debug|x86.ActiveCfg = Debug|Win32
		{D208CE20-AF22-4567-82F5-F473E05C0F20}.Debug|x86.Build.0 = Debug|Win32
		{D208CE20-AF22-4567-82F5-F473E05C0F20}.Release|x64.ActiveCfg = Release|x64
		{D208CE20-AF22-4567-82F5-F473E05C0F20}.Release|x64.Build.0 = Release|x64
		{D208CE20-AF22-4567-82F5-F473E05C0F20}.Release|x86.ActiveCfg = Release|Win32
		{D208CE20-AF22-4567-82F5-F473E05C0F20}.Release|x86.Build.0 = Release|Win32
		{B3567F2F-0BB6-4AC4-A6DE-FB09458B6AE7}.Debug|x64.ActiveCfg = Debug|x64
		{B3567F2F-0BB6-4AC4-A6DE-FB09458B6AE7}.Debug|x64.Build.0 = Debug|x64
		{B3567F2F-0BB6-4AC4-A6DE-FB09458B6AE7}.Debug|x86.ActiveCfg = Debug|Win32
		{B3567F2F-0BB6-4AC4-A6DE-FB09458B6AE7}.Debug|x86.Build.0 = Debug|Win32
		{B3567F2F-0BB6-4AC4-A6DE-FB09458B6AE7}.Release|x64.ActiveCfg = Release|x64
		{B3567F2F-0BB6-4AC4-A6DE-FB09458B6AE7}.Release|x64.Build.0 = Release|x64
		{B3567F2F-0BB6-4AC4-A6DE-FB09458B6AE7}.Release|x86.ActiveCfg = Release|Win32
		{B3567F2F-0BB6-4AC4-A6DE-FB09458B6AE7}.Release|x86.Build.0 = Release|Win32
		{9E83E136-AC36-407C-BA3B-90FACDEB461A}.Debug|x64.ActiveCfg = Debug|x64
		{9E83E136-AC36-407C-BA3B-90FACDEB461A}.Debug|x64.Build.0 = Debug|x64
		{9E83E136-AC36-407C-BA3B-90FACDEB461A}.Debug|x86.ActiveCfg = Debug|Win32
		{9E83E136-AC36-407C-BA3B-90FACDEB461A}.Debug|x86.Build.0 = Debug|Win32
		{9E83E136-AC36-407C-BA3B-90FACDEB461A}.Release|x64.ActiveCfg = Release|x64
		{9E83E136-AC36-407C-BA3B-90FACDEB461A}.Release|x64.Build.0 = Release|x64
		{9E83E136-AC36-407C-BA3B-90FACDEB461A}.Release|x86.ActiveCfg = Release|Win32
		{9E83E136-AC36-407C-BA3B-90FACDEB461A}.Release|x86.Build.0 = Release|Win32
		{DB58FAF8-0D0B-49FD-9DBD-A6E6D44AA245}.Debug|x64.ActiveCfg = Debug|x64
		{DB58FAF8-0D0B-49FD-9DBD-A6E6D44AA245}.Debug|x64.Build.0 = Debug|x64
		{DB58FAF8-0D0B-49FD-9DBD-A6E6D44AA245}.Debug|x86.ActiveCfg = Debug|Win32
		{DB58FAF8-0D0B-49FD-9DBD-A6E6D44AA245}.Debug|x86.Build.0 = Debug|Win32
		{DB58FAF8-0D0B-49FD-9DBD-A6E6D44AA245}.Release|x64.ActiveCfg = Release|x64
		{DB58FAF8-0D0B-49FD-9DBD-A6E6D44AA245}.Release|x64.Build.0 = Release|x64
		{DB58FAF8-0D0B-49FD-9DBD-A6E6D44AA245}.Release|x86.ActiveCfg = Release|Win32
		{DB58FAF8-0D0B-49FD-9DBD-A6E6D44AA245}.Release|x86.Build.0 = Release|Win32
		{214751C3-3A55-4098-8E0E-6888CB99E0CA}.Debug|x64.ActiveCfg = Debug|x64
		{214751C3-3A55-4098-8E0E-6888CB99E0CA}.Debug|x64.Build.0 = Debug|x64
		{214751C3-3A55-4098-8E0E-6888CB99E0CA}.Debug|x86.ActiveCfg = Debug|Win32
		{214751C3-3A55-4098-8E0E-6888CB99E0CA}.Debug|x86.Build.0 = Debug|Win32
		{214751C3-3A55-4098-8E0E-6888CB99E0CA}.Release|x64.ActiveCfg = Release|x64
		{214751C3-3A55-4098-8E0E-6888CB99E0CA}.Release|x64.Build.0 = Release|x64
		{214751C3-3A55-4098-8E0E-6888CB99E0CA}.Release|x86.ActiveCfg = Release|Win32
		{214751C3-3A55-4098-8E0E-6888CB99E0CA}.Release|x86.Build.0 = Release|Win32
		{F899D4BE-DD9E-4675-BF3A-B5BE810A67B5}.Debug|x64.ActiveCfg = Debug|x64
		{F899D4BE-DD9E-4675-BF3A-B5BE810A67B5}.Debug|x64.Build.0 = Debug|x64
		{F899D4BE-DD9E-4675-BF3A-B5BE810A67B5}.Debug|x86.ActiveCfg = Debug|Win32
		{F899D4BE-DD9E-4675-BF3A-B5BE810A67B5}.Debug|x86.Build.0 = Debug|Win32
		{F899D4BE-DD9E-4675-BF3A-B5BE810A67B5}.Release|x64.ActiveCfg = Release|x64
		{F899D4BE-DD9E-4675-BF3A-B5BE810A67B5}.Release|x64.Build.0 = Release|x64
		{F899D4BE-DD9E-4675-BF3A-B5BE810A67B5}.Release|x86.ActiveCfg = Release|Win32
		{F899D4BE-DD9E-4675-BF3A-B5BE810A67B5}.Release|x86.Build.0 = Release|Win32
		{39DDD915-F563-4BDB-A7C0-5A76C96C69F0}.Debug|x64.ActiveCfg = Debug|x64
		{39DDD915-F563-4BDB-A7C0-5A76C96C69F0}.Debug|x64.Build.0 = Debug|x64
		{39DDD915-F563-4BDB-A7C0-5A76C96C69F0}.Debug|x86.ActiveCfg = Debug|Win32
		{39DDD915-F563-4BDB-A7C0-5A76C96C69F0}.Debug|x86.Build.0 = Debug|Win32
		{39DDD915-F563-4BDB-A7C0-5A76C96C69F0}.Release|x64.ActiveCfg = Release|x64
		{39DDD915-F563-4BDB-A7C0-5A76C96C69F0}.Release|x64.Build.0 = Release|x64
		{39DDD915-F563-4BDB-A7C0-5A76C96C69F0}.Release|x86.ActiveCfg = Release|Win32
		{39DDD915-F563-4BDB-A7C0-5A76C96C69F0}.Release|x86.Build.0 = Release|Win32
		{DBFA9186-D551-4E1B-97BB-C5727BA6ACA5}.Debug|x64.ActiveCfg = Debug|x64
		{DBFA9186-D551-4E1B-97BB-C5727BA6ACA5}.Debug|x64.Build.0 = Debug|x64
		{DBFA9186-D551-4E1B-97BB-C5727BA6ACA5}.Debug|x86.ActiveCfg = Debug|Win32
		{DBFA9186-D551-4E1B-97BB-C5727BA6ACA5}.Debug|x86.Build.0 = Debug|Win32
		{DBFA9186-D551-4E1B-97BB-C5727BA6ACA5}.Release|x64.ActiveCfg = Release|x64
		{DBFA9186-D551-4E1B-97BB-C5727BA6ACA5}.Release|x64.Build.0 = Release|x64
		{DBFA9186-D551-4E1B-97BB-C5727BA6ACA5}.Release|x86.ActiveCfg = Release|Win32
		{DBFA9186-D551-4E1B-97BB-C5727BA6ACA5}.Release|x86.Build.0 = Release|Win32
		{1F9149FB-7107-4C0F-BB7A-67383E994226}.Debug|x64.ActiveCfg = Debug|x64
		{1F9149FB-7107-4C0F-BB7A-67383E994226}.Debug|x64.Build.0 = Debug|x64
		{1F9149FB-7107-4C0F-BB7A-67383E994226}.Debug|x86.ActiveCfg = Debug|Win32
		{1F9149FB-7107-4C0F-BB7A-67383E994226}.Debug|x86.Build.0 = Debug|Win32
		{1F9149FB-7107-4C0F-BB7A-67383E994226}.Release|x64.ActiveCfg = Release|x64
		{1F9149FB-7107-4C0F-BB7A-67383E994226}.Release|x64.Build.0 = Release|x64
		{1F9149FB-7107-4C0F-BB7A-67383E994226}.Release|x86.ActiveCfg = Release|Win32
		{1F9149FB-7107-4C0F-BB7A-67383E994226}.Release|x86.Build.0 = Release|Win32
		{492B33EF-207C-4DC2-B271-D5DF553E3FB5}.Debug|x64.ActiveCfg = Debug|x64
		{492B33EF-207C-4DC2-B271-D5DF553E3FB5}.Debug|x64.Build.0 = Debug|x64
		{492B33EF-207C-4DC2-B271-D5DF553E3FB5}.Debug|x86.ActiveCfg = Debug|Win32
		{492B33EF-207C-4DC2-B271-D5DF553E3FB5}.Debug|x86.Build.0 = Debug|Win32
		{492B33EF-207C-4DC2-B271-D5DF553E3FB5}.Release|x64.ActiveCfg = Release|x64
		{492B33EF-207C-4DC2-B271-D5DF553E3FB5}.Release|x64.Build.0 = Release|x64
		{492B33EF-207C-4DC2-B271-D5DF553E3FB5}.Release|x86.ActiveCfg = Release|Win32
		{492B33EF-207C-4DC2-B271-D5DF553E3FB5}.Release|x86.Build.0 = Release|Win32
		{7252D06A-F318-4E6E-99F7-4CEF5ED291E4}.Debug|x64.ActiveCfg = Debug|x64
		{7252D06A-F318-4E6E-99F7-4CEF5ED291E4}.Debug|x64.Build.0 = Debug|x64
		{7252D06A-F318-4E6E-99F7-4CEF5ED291E4}.Debug|x86.ActiveCfg = Debug|Win32
		{7252D06A-F318-4E6E-99F7-4CEF5ED291E4}.Debug|x86.Build.0 = Debug|Win32
		{7252D06A-F318-4E6E-99F7-4CEF5ED291E4}.Release|x64.ActiveCfg = Release|x64
		{7252D06A-F318-4E6E-99F7-4CEF5ED291E4}.Release|x64.Build.0 = Release|x64
		{7252D06A-F318-4E6E-99F7-4CEF5ED291E4}.Release|x86.ActiveCfg = Release|Win32
		{7252D06A-F318-4E6E-99F7-4CEF5ED291E4}.Release|x86.Build.0 = Release|Win32
		{55ABF4A2-924C-4A20-8FB8-810F5F6817D0}.Debug|x64.ActiveCfg = Debug|x64
		{55ABF4A2-924C-4A20-8FB8-810F5F6817D0}.Debug|x64.Build.0 = Debug|x64
		{55ABF4A2-924C-4A20-8FB8-810F5F6817D0}.Debug|x86.ActiveCfg = Debug|Win32
		{55ABF4A2-924C-4A20-8FB8-810F5F6817D0}.Debug|x86.Build.0 = Debug|Win32
		{55ABF4A2-924C-4A20-8FB8-810F5F6817D0}.Release|x64.ActiveCfg = Release|x64
		{55ABF4A2-924C-4A20-8FB8-810F5F6817D0}.Release|x64.Build.0 = Release|x64
		{55ABF4A2-924C-4A20-8FB8-810F5F6817D0}.Release|x86.ActiveCfg = Release|Win32
		{55ABF4A2-924C-4A20-8FB8-810F5F6817D0}.Release|x86.Build.0 = Release|Win32
		{1299BE0D-00E5-4AA2-9E28-BDE71A730C91}.Debug|x64.ActiveCfg = Debug|x64
		{1299BE0D-00E5-4AA2-9E28-BDE71A730C91}.Debug|x64.Build.0 = Debug|x64
		{1299BE0D-00E5-4AA2-9E28-BDE71A730C91}.Debug|x86.ActiveCfg = Debug|Win32
		{1299BE0D-00E5-4AA2-9E28-BDE71A730C91}.Debug|x86.Build.0 = Debug|Win32
		{1299BE0D-00E5-4AA2-9E28-BDE71A730C91}.Release|x64.ActiveCfg = Release|x64
		{1299BE0D-00E5-4AA2-9E28-BDE71A730C91}.Release|x64.Build.0 = Release|x64
		{1299BE0D-00E5-4AA2-9E28-BDE71A730C91}.Release|x86.ActiveCfg = Release|Win32
		{1299BE0D-00E5-4AA2-9E28-BDE71A730C91}.Release|x86.Build.0 = Release|Win32
		{808B5B36-2BD9-48ED-B30A-EF46FEEC53A1}.Debug|x64.ActiveCfg = Debug|x64
		{808B5B36-2BD9-48ED-B30A-EF46FEEC53A1}.Debug|x64.Build.0 = Debug|x64
		{808B5B36-2BD9-48ED-B30A-EF46FEEC53A1}.Debug|x86.ActiveCfg = Debug|Win32
		{808B5B36-2BD9-48ED-B30A-EF46FEEC53A1}.Debug|x86.Build.0 = Debug|Win32
		{808B5B36-2BD9-48ED-B30A-EF46FEEC53A1}.Release|x64.ActiveCfg = Release|x64
		{808B5B36-2BD9-48ED-B30A-EF46FEEC53A1}.Release|x64.Build.0 = Release|x64
		{808B5B36-2BD9-48ED-B30A-EF46FEEC53A1}.Release|x86.ActiveCfg = Release|Win32
		{808B5B36-2BD9-48ED-B30A-EF46FEEC53A1}.Release|x86.Build.0 = Release|Win32
		{8E0F2363-8460-41B4-BE64-9659176EA4B4}.Debug|x64.ActiveCfg = Debug|x64
		{8E0F2363-8460-41B4-BE64-9659176EA4B4}.Debug|x64.Build.0 = Debug|x64
		{8E0F2363-8460-41B4-BE64-9659176EA4B4}.Debug|x86.ActiveCfg = Debug|Win32
		{8E0F2363-8460-41B4-BE64-9659176EA4B4}.Debug|x86.Build.0 = Debug|Win32
		{8E0F2363-8460-41B4-BE64-9659176EA4B4}.Release|x64.ActiveCfg = Release|x64
		{8E0F2363-8460-41B4-BE64-9659176EA4B4}.Release|x64.Build.0 = Release|x64
		{8E0F2363-8460-41B4-BE64-9659176EA4B4}.Release|x86.ActiveCfg = Release|Win32
		{8E0F2363-8460-41B4-BE64-9659176EA4B4}.Release|x86.Build.0 = Release|Win32
		{7762EE41-36A7-4ECA-8EEB-AAFE928E182C}.Debug|x64.ActiveCfg = Debug|x64
		{7762EE41-36A7-4ECA-8EEB-AAFE928E182C}.Debug|x64.Build.0 = Debug|x64
		{7762EE41-36A7-4ECA-8EEB-AAFE928E182C}.Debug|x86.ActiveCfg = Debug|Win32
		{7762EE41-36A7-4ECA-8EEB-AAFE928E182C}.Debug|x86.Build.0 = Debug|Win32
		{7762EE41-36A7-4ECA-8EEB-AAFE928E182C}.Release|x64.ActiveCfg = Release|x64
		{7762EE41-36A7-4ECA-8EEB-AAFE928E182C}.Release|x64.Build.0 = Release|x64
		{7762EE41-36A7-4ECA-8EEB-AAFE928E182C}.Release|x86.ActiveCfg = Release|Win32
		{7762EE41-36A7-4ECA-8EEB-AAFE928E182C}.Release|x86.Build.0 = Release|Win32
		{5CFB1F66-B427-4018-9CF2-935C74469001}.Debug|x64.ActiveCfg = Debug|x64
		{5CFB1F66-B427-4018-9CF2-935C74469001}.Debug|x64.Build.0 = Debug|x64
		{5CFB1F66-B427-4018-9CF2-935C74469001}.Debug|x86.ActiveCfg = Debug|Win32
		{5CFB1F66-B427-4018-9CF2-935C74469001}.Debug|x86.Build.0 = Debug|Win32
		{5CFB1F66-B427-4018-9CF2-935C74469001}.Release|x64.ActiveCfg = Release|x64
		{5CFB1F66-B427-4018-9CF2-935C74469001}.Release|x64.Build.0 = Release|x64
		{5CFB1F66-B427-4018-9CF2-935C74469001}.Release|x86.ActiveCfg = Release|Win32
		{5CFB1F66-B427-4018-9CF2-935C74469001}.Release|x86.Build.0 = Release|Win32
		{EF17BA1F-B4E2-4C8B-A8DD-223425ADC05B}.Debug|x64.ActiveCfg = Debug|x64
		{EF17BA1F-B4E2-4C8B-A8DD-223425ADC05B}.Debug|x64.Build.0 = Debug|x64
		{EF17BA1F-B4E2-4C8B-A8DD-223425ADC05B}.Debug|x86.ActiveCfg = Debug|Win32
		{EF17BA1F-B4E2-4C8B-A8DD-223425ADC05B}.Debug|x86.Build.0 = Debug|Win32
		{EF17BA1F-B4E2-4C8B-A8DD-223425ADC05B}.Release|x64.ActiveCfg = Release|x64
		{EF17BA1F-B4E2-4C8B-A8DD-223425ADC05B}.Release|x64.Build.0 = Release|x64
		{EF17BA1F-B4E2-4C8B-A8DD-223425ADC05B}.Release|x86.ActiveCfg = Release|Win32
		{EF17BA1F-B4E2-4C8B-A8DD-223425ADC05B}.Release|x86.Build.0 = Release|Win32
		{E0A95959-1405-4E66-A485-FE1042EC3AE5}.Debug|x64.ActiveCfg = Debug|x64
		{E0A95959-1405-4E66-A485-FE1042EC3AE5}.Debug|x64.Build.0 = Debug|x64
		{E0A95959-1405-4E66-A485-FE1042EC3AE5}.Debug|x86.ActiveCfg = Debug|Win32
		{E0A95959-1405-4E66-A485-FE1042EC3AE5}.Debug|x86.Build.0 = Debug|Win32
		{E0A95959-1405-4E66-A485-FE1042EC3AE5}.Release|x64.ActiveCfg = Release|x64
		{E0A95959-1405-4E66-A485-FE1042EC3AE5}.Release|x64.Build.0 = Release|x64
		{E0A95959-1405-4E66-A485-FE1042EC3AE5}.Release|x86.ActiveCfg = Release|Win32
		{E0A95959-1405-4E66-A485-FE1042EC3AE5}.Release|x86.Build.0 = Release|Win32
		{FEBEA16A-7855-420E-AB4F-A16460CA01EA}.Debug|x64.ActiveCfg = Debug|x64
		{FEBEA16A-7855-420E-AB4F-A16460CA01EA}.Debug|x64.Build.0 = Debug|x64
		{FEBEA16A-7855-420E-AB4F-A16460CA01EA}.Debug|x86.ActiveCfg = Debug|Win32
		{FEBEA16A-7855-420E-AB4F-A16460CA01EA}.Debug|x86.Build.0 = Debug|Win32
		{FEBEA16A-7855-420E-AB4F-A16460CA01EA}.Release|x64.ActiveCfg = Release|x64
		{FEBEA16A-7855-420E-AB4F-A16460CA01EA}.Release|x64.Build.0 = Release|x64
		{FEBEA16A-7855-420E-AB4F-A16460CA01EA}.Release|x86.ActiveCfg = Release|Win32
		{FEBEA16A-7855-420E-AB4F-A16460CA01EA}.Release|x86.Build.0 = Release|Win32
		{FD4D4DA7-B48A-4D7F-AB3D-B26114ADEB0B}.Debug|x64.ActiveCfg = Debug|x64
		{FD4D4DA7-B48A-4D7F-AB3D-B26114ADEB0B}.Debug|x64.Build.0 = Debug|x64
		{FD4D4DA7-B48A-4D7F-AB3D-B26114ADEB0B}.Debug|x86.ActiveCfg = Debug|Win32
		{FD4D4DA7-B48A-4D7F-AB3D-B26114ADEB0B}.Debug|x86.Build.0 = Debug|Win32
		{FD4D4DA7-B48A-4D7F-AB3D-B26114ADEB0B}.Release|x64.ActiveCfg = Release|x64
		{FD4D4DA7-B48A-4D7F-AB3D-B26114ADEB0B}.Release|x64.Build.0 = Release|x64
		{FD4D4DA7-B48A-4D7F-AB3D-B26114ADEB0B}.Release|x86.ActiveCfg = Release|Win32
		{FD4D4DA7-B48A-4D7F-AB3D-B26114ADEB0B}.Release|x86.Build.0 = Release|Win32
		{8DD658DD-CB44-42BD-897A-1FA329B1833D}.Debug|x64.ActiveCfg = Debug|x64
		{8DD658DD-CB44-42BD-897A-1FA329B1833D}.Debug|x64.Build.0 = Debug|x64
		{8DD658DD-CB44-42BD-897A-1FA329B1833D}.Debug|x86.ActiveCfg = Debug|Win32
		{8DD658DD-CB44-42BD-897A-1FA329B1833D}.Debug|x86.Build.0 = Debug|Win32
		{8DD658DD-CB44-42BD-897A-1FA329B1833D}.Release|x64.ActiveCfg = Release|x64
		{8DD658DD-CB44-42BD-897A-1FA329B1833D}.Release|x64.Build.0 = Release|x64
		{8DD658DD-CB44-42BD-897A-1FA329B1833D}.Release|x86.ActiveCfg = Release|Win32
		{8DD658DD-CB44-42BD-897A-1FA329B1833D}.Release|x86.Build.0 = Release|Win32
		{4830DA9F-9BBA-4436-AB4C-62BD2BA5A256}.Debug|x64.ActiveCfg = Debug|x64
		{4830DA9F-9BBA-4436-AB4C-62BD2BA5A256}.Debug|x64.Build.0 = Debug|x64
		{4830DA9F-9BBA-4436-AB4C-62BD2BA5A256}.Debug|x86.ActiveCfg = Debug|Win32
		{4830DA9F-9BBA-4436-AB4C-62BD2BA5A256}.Debug|x86.Build.0 = Debug|Win32
		{4830DA9F-9BBA-4436-AB4C-62BD2BA5A256}.Release|x64.ActiveCfg = Release|x64
		{4830DA9F-9BBA-4436-AB4C-62BD2BA5A256}.Release|x64.Build.0 = Release|x64
		{4830DA9F-9BBA-4436-AB4C-62BD2BA5A256}.Release|x86.ActiveCfg = Release|Win32
		{4830DA9F-9BBA-4436-AB4C-62BD2BA5A256}.Release|x86.Build.0 = Release|Win32
		{26A126AB-F741-4195-BB14-65CE3347D74C}.Debug|x64.ActiveCfg = Debug|x64
		{26A126AB-F741-4195-BB14-65CE3347D74C}.Debug|x64.Build.0 = Debug|x64
		{26A126AB-F741-4195-BB14-65CE3347D74C}.Debug|x86.ActiveCfg = Debug|Win32
		{26A126AB-F741-4195-BB14-65CE3347D74C}.Debug|x86.Build.0 = Debug|Win32
		{26A126AB-F741-4195-BB14-65CE3347D74C}.Release|x64.ActiveCfg = Release|x64
		{26A126AB-F741-4195-BB14-65CE3347D74C}.Release|x64.Build.0 = Release|x64
		{26A126AB-F741-4195-BB14-65CE3347D74C}.Release|x86.ActiveCfg = Release|Win32
		{26A126AB-F741-4195-BB14-65CE3347D74C}.Release|x86.Build.0 = Release|Win32
		{50622D46-3B3A-45C7-BDE3-22628519E98E}.Debug|x64.ActiveCfg = Debug|x64
		{50622D46-3B3A-45C7-BDE3-22628519E98E}.Debug|x64.Build.0 = Debug|x64
		{50622D46-3B3A-45C7-BDE3-22628519E98E}.Debug|x86.ActiveCfg = Debug|Win32
		{50622D46-3B3A-45C7-BDE3-22628519E98E}.Debug|x86.Build.0 = Debug|Win32
		{50622D46-3B3A-45C7-BDE3-22628519E98E}.Release|x64.ActiveCfg = Release|x64
		{50622D46-3B3A-45C7-BDE3-22628519E98E}.Release|x64.Build.0 = Release|x64
		{50622D46-3B3A-45C7-BDE3-22628519E98E}.Release|x86.ActiveCfg = Release|Win32
		{50622D46-3B3A-45C7-BDE3-22628519E98E}.Release|x86.Build.0 = Release|Win32
		{0AAF6319-A977-4A34-9013-FE4540513682}.Debug|x64.ActiveCfg = Debug|x64
		{0AAF6319-A977-4A34-9013-FE4540513682}.Debug|x64.Build.0 = Debug|x64
		{0AAF6319-A977-4A34-9013-FE4540513682}.Debug|x86.ActiveCfg = Debug|Win32
		{0AAF6319-A977-4A34-9013-FE4540513682}.Debug|x86.Build.0 = Debug|Win32
		{0AAF6319-A977-4A34-9013-FE4540513682}.Release|x64.ActiveCfg = Release|x64
		{0AAF6319-A977-4A34-9013-FE4540513682}.Release|x64.Build.0 = Release|x64
		{0AAF6319-A977-4A34-9013-FE4540513682}.Release|x86.ActiveCfg = Release|Win32
		{0AAF6319-A977-4A34-9013-FE4540513682}.Release|x86.Build.0 = Release|Win32
		{AC30954F-3BB8-4CF1-AC86-81E555090539}.Debug|x64.ActiveCfg = Debug|x64
		{AC30954F-3BB8-4CF1-AC86-81E555090539}.Debug|x64.Build.0 = Debug|x64
		{AC30954F-3BB8-4CF1-AC86-81E555090539}.Debug|x86.ActiveCfg = Debug|Win32
		{AC30954F-3BB8-4CF1-AC86-81E555090539}.Debug|x86.Build.0 = Debug|Win32
		{AC30954F-3BB8-4CF1-AC86-81E555090539}.Release|x64.ActiveCfg = Release|x64
		{AC30954F-3BB8-4CF1-AC86-81E555090539}.Release|x64.Build.0 = Release|x64
		{AC30954F-3BB8-4CF1-AC86-81E555090539}.Release|x86.ActiveCfg = Release|Win32
		{AC30954F-3BB8-4CF1-AC86-81E555090539}.Release|x86.Build.0 = Release|Win32
		{E478F3E9-C7D7-4706-8EC5-24FBFFC72214}.Debug|x64.ActiveCfg = Debug|x64
		{E478F3E9-C7D7-4706-8EC5-24FBFFC72214}.Debug|x64.Build.0 = Debug|x64
		{E478F3E9-C7D7-4706-8EC5-24FBFFC72214}.Debug|x86.ActiveCfg = Debug|Win32
		{E478F3E9-C7D7-4706-8EC5-24FBFFC72214}.Debug|x86.Build.0 = Debug|Win32
		{E478F3E9-C7D7-4706-8EC5-24FBFFC72214}.Release|x64.ActiveCfg = Release|x64
		{E478F3E9-C7D7-4706-8EC5-24FBFFC72214}.Release|x64.Build.0 = Release|x64
		{E478F3E9-C7D7-4706-8EC5-24FBFFC72214}.Release|x86.ActiveCfg = Release|Win32
		{E478F3E9-C7D7-4706-8EC5-24FBFFC72214}.Release|x86.Build.0 = Release|Win32
		{D0FF3FCC-4E68-41EB-8D7C-2BC8A4D60306}.Debug|x64.ActiveCfg = Debug|x64
		{D0FF3FCC-4E68-41EB-8D7C-2BC8A4D60306}.Debug|x64.Build.0 = Debug|x64
		{D0FF3FCC-4E68-41EB-8D7C-2BC8A4D60306}.Debug|x86.ActiveCfg = Debug|Win32
		{D0FF3FCC-4E68-41EB-8D7C-2BC8A4D60306}.Debug|x86.Build.0 = Debug|Win32
		{D0FF3FCC-4E68-41EB-8D7C-2BC8A4D60306}.Release|x64.ActiveCfg = Release|x64
		{D0FF3FCC-4E68-41EB-8D7C-2BC8A4D60306}.Release|x64.Build.0 = Release|x64
		{D0FF3FCC-4E68-41EB-8D7C-2BC8A4D60306}.Release|x86.ActiveCfg = Release|Win32
		{D0FF3FCC-4E68-41EB-8D7C-2BC8A4D60306}.Release|x86.Build.0 = Release|Win32
		{5E4E2CCE-3F6F-414F-8C47-593C0AF90547}.Debug|x64.ActiveCfg = Debug|x64
		{5E4E2CCE-3F6F-414F-8C47-593C0AF90547}.Debug|x64.Build.0 = Debug|x64
		{5E4E2CCE-3F6F-414F-8C47-593C0AF90547}.Debug|x86.ActiveCfg = Debug|Win32
		{5E4E2CCE-3F6F-414F-8C47-593C0AF90547}.Debug|x86.Build.0 = Debug|Win32
		{5E4E2CCE-3F6F-414F-8C47-593C0AF90547}.Release|x64.ActiveCfg = Release|x64
		{5E4E2CCE-3F6F-414F-8C47-593C0AF90547}.Release|x64.Build.0 = Release|x64
		{5E4E2CCE-3F6F-414F-8C47-593C0AF90547}.Release|x86.ActiveCfg = Release|Win32
		{5E4E2CCE-3F6F-414F-8C47-593C0AF90547}.Release|x86.Build.0 = Release|Win32
		{E62925CC-8E62-436E-9602-EEF81E4A8415}.Debug|x64.ActiveCfg = Debug|x64
		{E62925CC-8E62-436E-9602-EEF81E4A8415}.Debug|x64.Build.0 = Debug|x64
		{E62925CC-8E62-436E-9602-EEF81E4A8415}.Debug|x86.ActiveCfg = Debug|Win32
		{E62925CC-8E62-436E-9602-EEF81E4A8415}.Debug|x86.Build.0 = Debug|Win32
		{E62925CC-8E62-436E-9602-EEF81E4A8415}.Release|x64.ActiveCfg = Release|x64
		{E62925CC-8E62-436E-9602-EEF81E4A8415}.Release|x64.Build.0 = Release|x64
		{E62925CC-8E62-436E-9602-EEF81E4A8415}.Release|x86.ActiveCfg = Release|Win32
		{E62925CC-8E62-436E-9602-EEF81E4A8415}.Release|x86.Build.0 = Release|Win32
		{B9777DC2-4FF5-4E97-B7F9-24D241F74C61}.Debug|x64.ActiveCfg = Debug|x64
		{B9777DC2-4FF5-4E97-B7F9-24D241F74C61}.Debug|x64.Build.0 = Debug|x64
		{B9777DC2-4FF5-4E97-B7F9-24D241F74C61}.Debug|x86.ActiveCfg = Debug|Win32
		{B9777DC2-4FF5-4E97-B7F9-24D241F74C61}.Debug|x86.Build.0 = Debug|Win32
		{B9777DC2-4FF5-4E97-B7F9-24D241F74C61}.Release|x64.ActiveCfg = Release|x64
		{B9777DC2-4FF5-4E97-B7F9-24D241F74C61}.Release|x64.Build.0 = Release|x64
		{B9777DC2-4FF5-4E97-B7F9-24D241F74C61}.Release|x86.ActiveCfg = Release|Win32
		{B9777DC2-4FF5-4E97-B7F9-24D241F74C61}.Release|x86.Build.0 = Release|Win32
		{7E08D9B3-6EF9-4FE1-87D9-680D71374CF5}.Debug|x64.ActiveCfg = Debug|x64
		{7E08D9B3-6EF9-4FE1-87D9-680D71374CF5}.Debug|x64.Build.0 = Debug|x64
		{7E08D9B3-6EF9-4FE1-87D9-680D71374CF5}.Debug|x86.ActiveCfg = Debug|Win32
		{7E08D9B3-6EF9-4FE1-87D9-680D71374CF5}.Debug|x86.Build.0 = Debug|Win32
		{7E08D9B3-6EF9-4FE1-87D9-680D71374CF5}.Release|x64.ActiveCfg = Release|x64
		{7E08D9B3-6EF9-4FE1-87D9-680D71374CF5}.Release|x64.Build.0 = Release|x64
		{7E08D9B3-6EF9-4FE1-87D9-680D71374CF5}.Release|x86.ActiveCfg = Release|Win32
		{7E08D9B3-6EF9-4FE1-87D9-680D71374CF5}.Release|x86.Build.0 = Release|Win32
		{24772F1D-F439-4EF6-B623-C05599A90E67}.Debug|x64.ActiveCfg = Debug|x64
		{24772F1D-F439-4EF6-B623-C05599A90E67}.Debug|x64.Build.0 = Debug|x64
		{24772F1D-F439-4EF6-B623-C05599A90E67}.Debug|x86.ActiveCfg = Debug|Win32
		{24772F1D-F439-4EF6-B623-C05599A90E67}.Debug|x86.Build.0 = Debug|Win32
		{24772F1D-F439-4EF6-B623-C05599A90E67}.Release|x64.ActiveCfg = Release|x64
		{24772F1D-F439-4EF6-B623-C05599A90E67}.Release|x64.Build.0 = Release|x64
		{24772F1D-F439-4EF6-B623-C05599A90E67}.Release|x86.ActiveCfg = Release|Win32
		{24772F1D-F439-4EF6-B623-C05599A90E67}.Release|x86.Build.0 = Release|Win32
		{4231BC8E-7BFD-49D6-94C3-885BFF2CC662}.Debug|x64.ActiveCfg = Debug|x64
		{4231BC8E-7BFD-49D6-94C3-885BFF2CC662}.Debug|x64.Build.0 = Debug|x64
		{4231BC8E-7BFD-49D6-94C3-885BFF2CC662}.Debug|x86.ActiveCfg = Debug|Win32
		{4231BC8E-7BFD-49D6-94C3-885BFF2CC662}.Debug|x86.Build.0 = Debug|Win32
		{4231BC8E-7BFD-49D6-94C3-885BFF2CC662}.Release|x64.ActiveCfg = Release|x64
		{4231BC8E-7BFD-49D6-94C3-885BFF2CC662}.Release|x64.Build.0 = Release|x64
		{4231BC8E-7BFD-49D6-94C3-885BFF2CC662}.Release|x86.ActiveCfg = Release|Win32
		{4231BC8E-7BFD-49D6-94C3-885BFF2CC662}.Release|x86.Build.0 = Release|Win32
		{365ED2A3-4B50-47E4-A9F7-EA842C13F7B3}.Debug|x64.ActiveCfg = Debug|x64
		{365ED2A3-4B50-47E4-A9F7-EA842C13F7B3}.Debug|x64.Build.0 = Debug|x64
		{365ED2A3-4B50-47E4-A9F7-EA842C13F7B3}.Debug|x86.ActiveCfg = Debug|Win32
		{365ED2A3-4B50-47E4-A9F7-EA842C13F7B3}.Debug|x86.Build.0 = Debug|Win32
		{365ED2A3-4B50-47E4-A9F7-EA842C13F7B3}.Release|x64.ActiveCfg = Release|x64
		{365ED2A3-4B50-47E4-A9F7-EA842C13F7B3}.Release|x64.Build.0 = Release|x64
		{365ED2A3-4B50-47E4-A9F7-EA842C13F7B3}.Release|x86.ActiveCfg = Release|Win32
		{365ED2A3-4B50-47E4-A9F7-EA842C13F7B3}.Release|x86.Build.0 = Release|Win32
		{38D520E3-3EBA-403F-BE3F-6FCFB53BD2F1}.Debug|x64.ActiveCfg = Debug|x64
		{38D520E3-3EBA-403F-BE3F-6FCFB53BD2F1}.Debug|x64.Build.0 = Debug|x64
		{38D520E3-3EBA-403F-BE3F-6FCFB53BD2F1}.Debug|x86.ActiveCfg = Debug|Win32
		{38D520E3-3EBA-403F-BE3F-6FCFB53BD2F1}.Debug|x86.Build.0 = Debug|Win32
		{38D520E3-3EBA-403F-BE3F-6FCFB53BD2F1}.Release|x64.ActiveCfg = Release|x64
		{38D520E3-3EBA-403F-BE3F-6FCFB53BD2F1}.Release|x64.Build.0 = Release|x64
		{38D520E3-3EBA-403F-BE3F-6FCFB53BD2F1}.Release|x86.ActiveCfg = Release|Win32
		{38D520E3-3EBA-403F-BE3F-6FCFB53BD2F1}.Release|x86.Build.0 = Release|Win32
		{3D792597-CBC7-418B-9284-26DBCC288EF7}.Debug|x64.ActiveCfg = Debug|x64
		{3D792597-CBC7-418B-9284-26DBCC288EF7}.Debug|x64.Build.0 = Debug|x64
		{3D792597-CBC7-418B-9284-26DBCC288EF7}.Debug|x86.ActiveCfg = Debug|Win32
		{3D792597-CBC7-418B-9284-26DBCC288EF7}.Debug|x86.Build.0 = Debug|Win32
		{3D792597-CBC7-418B-9284-26DBCC288EF7}.Release|x64.ActiveCfg = Release|x64
		{3D792597-CBC7-418B-9284-26DBCC288EF7}.Release|x64.Build.0 = Release|x64
		{3D792597-CBC7-418B-9284-26DBCC288EF7}.Release|x86.ActiveCfg = Release|Win32
		{3D792597-CBC7-418B-9284-26DBCC288EF7}.Release|x86.Build.0 = Release|Win32
		{3A506533-773C-4894-9E9E-8C707B38E33C}.Debug|x64.ActiveCfg = Debug|x64
		{3A506533-773C-4894-9E9E-8C707B38E33C}.Debug|x64.Build.0 = Debug|x64
		{3A506533-773C-4894-9E9E-8C707B38E33C}.Debug|x86.ActiveCfg = Debug|Win32
		{3A506533-773C-4894-9E9E-8C707B38E33C}.Debug|x86.Build.0 = Debug|Win32
		{3A506533-773C-4894-9E9E-8C707B38E33C}.Release|x64.ActiveCfg = Release|x64
		{3A506533-773C-4894-9E9E-8C707B38E33C}.Release|x64.Build.0 = Release|x64
		{3A506533-773C-4894-9E9E-8C707B38E33C}.Release|x86.ActiveCfg = Release|Win32
		{3A506533-773C-4894-9E9E-8C707B38E33C}.Release|x86.Build.0 = Release|Win32
		{3974DCC9-7B54-4E4F-BFCF-73C12D796AA6}.Debug|x64.ActiveCfg = Debug|x64
		{3974DCC9-7B54-4E4F-BFCF-73C12D796AA6}.Debug|x64.Build.0 = Debug|x64
		{3974DCC9-7B54-4E4F-BFCF-73C12D796AA6}.Debug|x86.ActiveCfg = Debug|Win32
		{3974DCC9-7B54-4E4F-BFCF-73C12D796AA6}.Debug|x86.Build.0 = Debug|Win32
		{3974DCC9-7B54-4E4F-BFCF-73C12D796AA6}.Release|x64.ActiveCfg = Release|x64
		{3974DCC9-7B54-4E4F-BFCF-73C12D796AA6}.Release|x64.Build.0 = Release|x64
		{3974DCC9-7B54-4E4F-BFCF-73C12D796AA6}.Release|x86.ActiveCfg = Release|Win32
		{3974DCC9-7B54-4E4F-BFCF-73C12D796AA6}.Release|x86.Build.0 = Release|Win32
		{B7FBDFB3-EF79-4909-8B76-83F5348A40DD}.Debug|x64.ActiveCfg = Debug|x64
		{B7FBDFB3-EF79-4909-8B76-83F5348A40DD}.Debug|x64.Build.0 = Debug|x64
		{B7FBDFB3-EF79-4909-8B76-83F5348A40DD}.Debug|x86.ActiveCfg = Debug|Win32
		{B7FBDFB3-EF79-4909-8B76-83F5348A40DD}.Debug|x86.Build.0 = Debug|Win32
		{B7FBDFB3-EF79-4909-8B76-83F5348A40DD}.Release|x64.ActiveCfg = Release|x64
		{B7FBDFB3-EF79-4909-8B76-83F5348A40DD}.Release|x64.Build.0 = Release|x64
		{B7FBDFB3-EF79-4909-8B76-83F5348A40DD}.Release|x86.ActiveCfg = Release|Win32
		{B7FBDFB3-EF79-4909-8B76-83F5348A40DD}.Release|x86.Build.0 = Release|Win32
		{B1CA7FD5-5609-4466-81C1-0D1E3FB2508D}.Debug|x64.ActiveCfg = Debug|x64
		{B1CA7FD5-5609-4466-81C1-0D1E3FB2508D}.Debug|x64.Build.0 = Debug|x64
		{B1CA7FD5-5609-4466-81C1-0D1E3FB2508D}.Debug|x86.ActiveCfg = Debug|Win32
		{B1CA7FD5-5609-4466-81C1-0D1E3FB2508D}.Debug|x86.Build.0 = Debug|Win32
		{B1CA7FD5-5609-4466-81C1-0D1E3FB2508D}.Release|x64.ActiveCfg = Release|x64
		{B1CA7FD5-5609-4466-81C1-0D1E3FB2508D}.Release|x64.Build.0 = Release|x64
		{B1CA7FD5-5609-4466-81C1-0D1E3FB2508D}.Release|x86.ActiveCfg = Release|Win32
		{B1CA7FD5-5609-4466-81C1-0D1E3FB2508D}.Release|x86.Build.0 = Release|Win32
		{5C8FB0C1-1432-48B4-B034-845E2003E525}.Debug|x64.ActiveCfg = Debug|x64
		{5C8FB0C1-1432-48B4-B034-845E2003E525}.Debug|x64.Build.0 = Debug|x64
		{5C8FB0C1-1432-48B4-B034-845E2003E525}.Debug|x86.ActiveCfg = Debug|Win32
		{5C8FB0C1-1432-48B4-B034-845E2003E525}.Debug|x86.Build.0 = Debug|Win32
		{5C8FB0C1-1432-48B4-B034-845E2003E525}.Release|x64.ActiveCfg = Release|x64
		{5C8FB0C1-1432-48B4-B034-845E2003E525}.Release|x64.Build.0 = Release|x64
		{5C8FB0C1-1432-48B4-B034-845E2003E525}.Release|x86.ActiveCfg = Release|Win32
		{5C8FB0C1-1432-48B4-B034-845E2003E525}.Release|x86.Build.0 = Release|Win32
		{F91DE259-8F66-482B-B8DA-E4AE38ABF605}.Debug|x64.ActiveCfg = Debug|x64
		{F91DE259-8F66-482B-B8DA-E4AE38ABF605}.Debug|x64.Build.0 = Debug|x64
		{F91DE259-8F66-482B-B8DA-E4AE38ABF605}.Debug|x86.ActiveCfg = Debug|Win32
		{F91DE259-8F66-482B-B8DA-E4AE38ABF605}.Debug|x86.Build.0 = Debug|Win32
		{F91DE259-8F66-482B-B8DA-E4AE38ABF605}.Release|x64.ActiveCfg = Release|x64
		{F91DE259-8F66-482B-B8DA-E4AE38ABF605}.Release|x64.Build.0 = Release|x64
		{F91DE259-8F66-482B-B8DA-E4AE38ABF605}.Release|x86.ActiveCfg = Release|Win32
		{F91DE259-8F66-482B-B8DA-E4AE38ABF605}.Release|x86.Build.0 = Release|Win32
		{8B8F6D06-4EC0-4A79-B961-59B8A5AD5F9B}.Debug|x64.ActiveCfg = Debug|x64
		{8B8F6D06-4EC0-4A79-B961-59B8A5AD5F9B}.Debug|x64.Build.0 = Debug|x64
		{8B8F6D06-4EC0-4A79-B961-59B8A5AD5F9B}.Debug|x86.ActiveCfg = Debug|Win32
		{8B8F6D06-4EC0-4A79-B961-59B8A5AD5F9B}.Debug|x86.Build.0 = Debug|Win32
		{8B8F6D06-4EC0-4A79-B961-59B8A5AD5F9B}.Release|x64.ActiveCfg = Release|x64
		{8B8F6D06-4EC0-4A79-B961-59B8A5AD5F9B}.Release|x64.Build.0 = Release|x64
		{8B8F6D06-4EC0-4A79-B961-59B8A5AD5F9B}.Release|x86.ActiveCfg = Release|Win32
		{8B8F6D06-4EC0-4A79-B961-59B8A5AD5F9B}.Release|x86.Build.0 = Release|Win32
		{60633612-1336-4A8C-AC28-258E08ACC191}.Debug|x64.ActiveCfg = Debug|x64
		{60633612-1336-4A8C-AC28-258E08ACC191}.Debug|x64.Build.0 = Debug|x64
		{60633612-1336-4A8C-AC28-258E08ACC191}.Debug|x86.ActiveCfg = Debug|Win32
		{60633612-1336-4A8C-AC28-258E08ACC191}.Debug|x86.Build.0 = Debug|Win32
		{60633612-1336-4A8C-AC28-258E08ACC191}.Release|x64.ActiveCfg = Release|x64
		{60633612-1336-4A8C-AC28-258E08ACC191}.Release|x64.Build.0 = Release|x64
		{60633612-1336-4A8C-AC28-258E08ACC191}.Release|x86.ActiveCfg = Release|Win32
		{60633612-1336-4A8C-AC28-258E08ACC191}.Release|x86.Build.0 = Release|Win32
		{F45AE35A-3777-4FA0-9E5B-1FA44F8136FB}.Debug|x64.ActiveCfg = Debug|x64
		{F45AE35A-3777-4FA0-9E5B-1FA44F8136FB}.Debug|x64.Build.0 = Debug|x64
		{F45AE35A-3777-4FA0-9E5B-1FA44F8136FB}.Debug|x86.ActiveCfg = Debug|Win32
		{F45AE35A-3777-4FA0-9E5B-1FA44F8136FB}.Debug|x86.Build.0 = Debug|Win32
		{F45AE35A-3777-4FA0-9E5B-1FA44F8136FB}.Release|x64.ActiveCfg = Release|x64
		{F45AE35A-3777-4FA0-9E5B-1FA44F8136FB}.Release|x64.Build.0 = Release|x64
		{F45AE35A-3777-4FA0-9E5B-1FA44F8136FB}.Release|x86.ActiveCfg = Release|Win32
		{F45AE35A-3777-4FA0-9E5B-1FA44F8136FB}.Release|x86.Build.0 = Release|Win32
		{2E453B8C-598D-4771-96B8-13FB0C9B75C2}.Debug|x64.ActiveCfg = Debug|x64
		{2E453B8C-598D-4771-96B8-13FB0C9B75C2}.Debug|x64.Build.0 = Debug|x64
		{2E453B8C-598D-4771-96B8-13FB0C9B75C2}.Debug|x86.ActiveCfg = Debug|Win32
		{2E453B8C-598D-4771-96B8-13FB0C9B75C2}.Debug|x86.Build.0 = Debug|Win32
		{2E453B8C-598D-4771-96B8-13FB0C9B75C2}.Release|x64.ActiveCfg = Release|x64
		{2E453B8C-598D-4771-96B8-13FB0C9B75C2}.Release|x64.Build.0 = Release|x64
		{2E453B8C-598D-4771-96B8-13FB0C9B75C2}.Release|x86.ActiveCfg = Release|Win32
		{2E453B8C-598D-4771-96B8-13FB0C9B75C2}.Release|x86.Build.0 = Release|Win32
		{75E9AC10-00C8-4490-B632-057A9276806C}.Debug|x64.ActiveCfg = Debug|x64
		{75E9AC10-00C8-4490-B632-057A9276806C}.Debug|x64.Build.0 = Debug|x64
		{75E9AC10-00C8-4490-B632-057A9276806C}.Debug|x86.ActiveCfg = Debug|Win32
		{75E9AC10-00C8-4490-B632-057A9276806C}.Debug|x86.Build.0 = Debug|Win32
		{75E9AC10-00C8-4490-B632-057A9276806C}.Release|x64.ActiveCfg = Release|x64
		{75E9AC10-00C8-4490-B632-057A9276806C}.Release|x64.Build.0 = Release|x64
		{75E9AC10-00C8-4490-B632-057A9276806C}.Release|x86.ActiveCfg = Release|Win32
		{75E9AC10-00C8-4490-B632-057A9276806C}.Release|x86.Build.0 = Release|Win32
		{13D201CA-E632-4B6D-B721-699EA24316E5}.Debug|x64.ActiveCfg = Debug|x64
		{13D201CA-E632-4B6D-B721-699EA24316E5}.Debug|x64.Build.0 = Debug|x64
		{13D201CA-E632-4B6D-B721-699EA24316E5}.Debug|x86.ActiveCfg = Debug|Win32
		{13D201CA-E632-4B6D-B721-699EA24316E5}.Debug|x86.Build.0 = Debug|Win32
		{13D201CA-E632-4B6D-B721-699EA24316E5}.Release|x64.ActiveCfg = Release|x64
		{13D201CA-E632-4B6D-B721-699EA24316E5}.Release|x64.Build.0 = Release|x64
		{13D201CA-E632-4B6D-B721-699EA24316E5}.Release|x86.ActiveCfg = Release|Win32
		{13D201CA-E632-4B6D-B721-699EA24316E5}.Release|x86.Build.0 = Release|Win32
		{580A4BA3-6D48-4DC8-868E-2A715BA5E389}.Debug|x64.ActiveCfg = Debug|x64
		{580A4BA3-6D48-4DC8-868E-2A715BA5E389}.Debug|x64.Build.0 = Debug|x64
		{580A4BA3-6D48-4DC8-868E-2A715BA5E389}.Debug|x86.ActiveCfg = Debug|Win32
		{580A4BA3-6D48-4DC8-868E-2A715BA5E389}.Debug|x86.Build.0 = Debug|Win32
		{580A4BA3-6D48-4DC8-868E-2A715BA5E389}.Release|x64.ActiveCfg = Release|x64
		{580A4BA3-6D48-4DC8-868E-2A715BA5E389}.Release|x64.Build.0 = Release|x64
		{580A4BA3-6D48-4DC8-868E-2A715BA5E389}.Release|x86.ActiveCfg = Release|Win32
		{580A4BA3-6D48-4DC8-868E-2A715BA5E389}.Release|x86.Build.0 = Release|Win32
		{5308F1D5-C544-4D6E-980D-610FF1ECB7BC}.Debug|x64.ActiveCfg = Debug|x64
		{5308F1D5-C544-4D6E-980D-610FF1ECB7BC}.Debug|x64.Build.0 = Debug|x64
		{5308F1D5-C544-4D6E-980D-610FF1ECB7BC}.Debug|x86.ActiveCfg = Debug|Win32
		{5308F1D5-C544-4D6E-980D-610FF1ECB7BC}.Debug|x86.Build.0 = Debug|Win32
		{5308F1D5-C544-4D6E-980D-610FF1ECB7BC}.Release|x64.ActiveCfg = Release|x64
		{5308F1D5-C544-4D6E-980D-610FF1ECB7BC}.Release|x64.Build.0 = Release|x64
		{5308F1D5-C544-4D6E-980D-610FF1ECB7BC}.Release|x86.ActiveCfg = Release|Win32
		{5308F1D5-C544-4D6E-980D-610FF1ECB7BC}.Release|x86.Build.0 = Release|Win32
		{2699EC3C-9ACA-433E-AA22-6B638B1308B4}.Debug|x64.ActiveCfg = Debug|x64
		{2699EC3C-9ACA-433E-AA22-6B638B1308B4}.Debug|x64.Build.0 = Debug|x64
		{2699EC3C-9ACA-433E-AA22-6B638B1308B4}.Debug|x86.ActiveCfg = Debug|Win32
		{2699EC3C-9ACA-433E-AA22-6B638B1308B4}.Debug|x86.Build.0 = Debug|Win32
		{2699EC3C-9ACA-433E-AA22-6B638B1308B4}.Release|x64.ActiveCfg = Release|x64
		{2699EC3C-9ACA-433E-AA22-6B638B1308B4}.Release|x64.Build.0 = Release|x64
		{2699EC3C-9ACA-433E-AA22-6B638B1308B4}.Release|x86.ActiveCfg = Release|Win32
		{2699EC3C-9ACA-433E-AA22-6B638B1308B4}.Release|x86.Build.0 = Release|Win32
		{5547FFA8-4929-4CE5-800A-0AD4A385B4CE}.Debug|x64.ActiveCfg = Debug|x64
		{5547FFA8-4929-4CE5-800A-0AD4A385B4CE}.Debug|x64.Build.0 = Debug|x64
		{5547FFA8-4929-4CE5-800A-0AD4A385B4CE}.Debug|x86.ActiveCfg = Debug|Win32
		{5547FFA8-4929-4CE5-800A-0AD4A385B4CE}.Debug|x86.Build.0 = Debug|Win32
		{5547FFA8-4929-4CE5-800A-0AD4A385B4CE}.Release|x64.ActiveCfg = Release|x64
		{5547FFA8-4929-4CE5-800A-0AD4A385B4CE}.Release|x64.Build.0 = Release|x64
		{5547FFA8-4929-4CE5-800A-0AD4A385B4CE}.Release|x86.ActiveCfg = Release|Win32
		{5547FFA8-4929-4CE5-800A-0AD4A385B4CE}.Release|x86.Build.0 = Release|Win32
	EndGlobalSection
	GlobalSection(SolutionProperties) = preSolution
		HideSolutionNode = FALSE
	EndGlobalSection
	GlobalSection(ExtensibilityGlobals) = postSolution
		SolutionGuid = {E4D5BE26-8793-44E2-9A51-B8D95BC0D4BD}
	EndGlobalSection
EndGlobal
